// !$*UTF8*$!
{
	archiveVersion = 1;
	classes = {
	};
	objectVersion = 46;
	objects = {

/* Begin PBXBuildFile section */
		496C0B371B5C4B9C6670E14E /* libPods-Convolution.a in Frameworks */ = {isa = PBXBuildFile; fileRef = 55DF4488B51BDF50A4745D49 /* libPods-Convolution.a */; };
		E462C9011A8EDC7F00BA9D20 /* ConvolutionInstrument.swift in Sources */ = {isa = PBXBuildFile; fileRef = E462C9001A8EDC7F00BA9D20 /* ConvolutionInstrument.swift */; };
		E4E1CC6B1A8EDB9D00161D6F /* AppDelegate.swift in Sources */ = {isa = PBXBuildFile; fileRef = E4E1CC6A1A8EDB9D00161D6F /* AppDelegate.swift */; };
		E4E1CC6D1A8EDB9D00161D6F /* ViewController.swift in Sources */ = {isa = PBXBuildFile; fileRef = E4E1CC6C1A8EDB9D00161D6F /* ViewController.swift */; };
		E4E1CC701A8EDB9D00161D6F /* Main.storyboard in Resources */ = {isa = PBXBuildFile; fileRef = E4E1CC6E1A8EDB9D00161D6F /* Main.storyboard */; };
		E4E1CC721A8EDB9D00161D6F /* Images.xcassets in Resources */ = {isa = PBXBuildFile; fileRef = E4E1CC711A8EDB9D00161D6F /* Images.xcassets */; };
		E4E1CC751A8EDB9D00161D6F /* LaunchScreen.xib in Resources */ = {isa = PBXBuildFile; fileRef = E4E1CC731A8EDB9D00161D6F /* LaunchScreen.xib */; };
/* End PBXBuildFile section */

/* Begin PBXFileReference section */
		0E7A1EEE32488B80E92B5D45 /* Pods-Convolution.debug.xcconfig */ = {isa = PBXFileReference; includeInIndex = 1; lastKnownFileType = text.xcconfig; name = "Pods-Convolution.debug.xcconfig"; path = "Pods/Target Support Files/Pods-Convolution/Pods-Convolution.debug.xcconfig"; sourceTree = "<group>"; };
		55DF4488B51BDF50A4745D49 /* libPods-Convolution.a */ = {isa = PBXFileReference; explicitFileType = archive.ar; includeInIndex = 0; path = "libPods-Convolution.a"; sourceTree = BUILT_PRODUCTS_DIR; };
		648166FBC4E453E163026D4B /* Pods-Convolution.release.xcconfig */ = {isa = PBXFileReference; includeInIndex = 1; lastKnownFileType = text.xcconfig; name = "Pods-Convolution.release.xcconfig"; path = "Pods/Target Support Files/Pods-Convolution/Pods-Convolution.release.xcconfig"; sourceTree = "<group>"; };
		E462C8FF1A8EDC0900BA9D20 /* Bridging-Header.h */ = {isa = PBXFileReference; lastKnownFileType = sourcecode.c.h; path = "Bridging-Header.h"; sourceTree = "<group>"; };
		E462C9001A8EDC7F00BA9D20 /* ConvolutionInstrument.swift */ = {isa = PBXFileReference; fileEncoding = 4; lastKnownFileType = sourcecode.swift; path = ConvolutionInstrument.swift; sourceTree = "<group>"; };
		E4E1CC651A8EDB9D00161D6F /* Convolution.app */ = {isa = PBXFileReference; explicitFileType = wrapper.application; includeInIndex = 0; path = Convolution.app; sourceTree = BUILT_PRODUCTS_DIR; };
		E4E1CC691A8EDB9D00161D6F /* Info.plist */ = {isa = PBXFileReference; lastKnownFileType = text.plist.xml; path = Info.plist; sourceTree = "<group>"; };
		E4E1CC6A1A8EDB9D00161D6F /* AppDelegate.swift */ = {isa = PBXFileReference; lastKnownFileType = sourcecode.swift; path = AppDelegate.swift; sourceTree = "<group>"; };
		E4E1CC6C1A8EDB9D00161D6F /* ViewController.swift */ = {isa = PBXFileReference; lastKnownFileType = sourcecode.swift; path = ViewController.swift; sourceTree = "<group>"; };
		E4E1CC6F1A8EDB9D00161D6F /* Base */ = {isa = PBXFileReference; lastKnownFileType = file.storyboard; name = Base; path = Base.lproj/Main.storyboard; sourceTree = "<group>"; };
		E4E1CC711A8EDB9D00161D6F /* Images.xcassets */ = {isa = PBXFileReference; lastKnownFileType = folder.assetcatalog; path = Images.xcassets; sourceTree = "<group>"; };
		E4E1CC741A8EDB9D00161D6F /* Base */ = {isa = PBXFileReference; lastKnownFileType = file.xib; name = Base; path = Base.lproj/LaunchScreen.xib; sourceTree = "<group>"; };
/* End PBXFileReference section */

/* Begin PBXFrameworksBuildPhase section */
		E4E1CC621A8EDB9D00161D6F /* Frameworks */ = {
			isa = PBXFrameworksBuildPhase;
			buildActionMask = 2147483647;
			files = (
				496C0B371B5C4B9C6670E14E /* libPods-Convolution.a in Frameworks */,
			);
			runOnlyForDeploymentPostprocessing = 0;
		};
/* End PBXFrameworksBuildPhase section */

/* Begin PBXGroup section */
		6678927196878B0A5606199A /* Frameworks */ = {
			isa = PBXGroup;
			children = (
				55DF4488B51BDF50A4745D49 /* libPods-Convolution.a */,
			);
			name = Frameworks;
			sourceTree = "<group>";
		};
		73ED7706BBBD3C7291669179 /* Pods */ = {
			isa = PBXGroup;
			children = (
				0E7A1EEE32488B80E92B5D45 /* Pods-Convolution.debug.xcconfig */,
				648166FBC4E453E163026D4B /* Pods-Convolution.release.xcconfig */,
			);
			name = Pods;
			sourceTree = "<group>";
		};
		E4E1CC5C1A8EDB9D00161D6F = {
			isa = PBXGroup;
			children = (
				E4E1CC671A8EDB9D00161D6F /* Convolution */,
				E4E1CC661A8EDB9D00161D6F /* Products */,
				73ED7706BBBD3C7291669179 /* Pods */,
				6678927196878B0A5606199A /* Frameworks */,
			);
			sourceTree = "<group>";
		};
		E4E1CC661A8EDB9D00161D6F /* Products */ = {
			isa = PBXGroup;
			children = (
				E4E1CC651A8EDB9D00161D6F /* Convolution.app */,
			);
			name = Products;
			sourceTree = "<group>";
		};
		E4E1CC671A8EDB9D00161D6F /* Convolution */ = {
			isa = PBXGroup;
			children = (
				E462C9001A8EDC7F00BA9D20 /* ConvolutionInstrument.swift */,
				E4E1CC6C1A8EDB9D00161D6F /* ViewController.swift */,
				E4E1CC6E1A8EDB9D00161D6F /* Main.storyboard */,
				E4E1CC681A8EDB9D00161D6F /* Supporting Files */,
			);
			path = Convolution;
			sourceTree = "<group>";
		};
		E4E1CC681A8EDB9D00161D6F /* Supporting Files */ = {
			isa = PBXGroup;
			children = (
				E462C8FF1A8EDC0900BA9D20 /* Bridging-Header.h */,
				E4E1CC711A8EDB9D00161D6F /* Images.xcassets */,
				E4E1CC731A8EDB9D00161D6F /* LaunchScreen.xib */,
				E4E1CC6A1A8EDB9D00161D6F /* AppDelegate.swift */,
				E4E1CC691A8EDB9D00161D6F /* Info.plist */,
			);
			name = "Supporting Files";
			sourceTree = "<group>";
		};
/* End PBXGroup section */

/* Begin PBXNativeTarget section */
		E4E1CC641A8EDB9D00161D6F /* Convolution */ = {
			isa = PBXNativeTarget;
			buildConfigurationList = E4E1CC841A8EDB9D00161D6F /* Build configuration list for PBXNativeTarget "Convolution" */;
			buildPhases = (
				E27409A587C69C1BEC71028F /* Check Pods Manifest.lock */,
				E4E1CC611A8EDB9D00161D6F /* Sources */,
				E4E1CC621A8EDB9D00161D6F /* Frameworks */,
				E4E1CC631A8EDB9D00161D6F /* Resources */,
				4F3173004BD818E91C43B3D1 /* Copy Pods Resources */,
			);
			buildRules = (
			);
			dependencies = (
			);
			name = Convolution;
			productName = Convolution;
			productReference = E4E1CC651A8EDB9D00161D6F /* Convolution.app */;
			productType = "com.apple.product-type.application";
		};
/* End PBXNativeTarget section */

/* Begin PBXProject section */
		E4E1CC5D1A8EDB9D00161D6F /* Project object */ = {
			isa = PBXProject;
			attributes = {
				LastUpgradeCheck = 0620;
				ORGANIZATIONNAME = AudioKit;
				TargetAttributes = {
					E4E1CC641A8EDB9D00161D6F = {
						CreatedOnToolsVersion = 6.2;
					};
				};
			};
			buildConfigurationList = E4E1CC601A8EDB9D00161D6F /* Build configuration list for PBXProject "Convolution" */;
			compatibilityVersion = "Xcode 3.2";
			developmentRegion = English;
			hasScannedForEncodings = 0;
			knownRegions = (
				en,
				Base,
			);
			mainGroup = E4E1CC5C1A8EDB9D00161D6F;
			productRefGroup = E4E1CC661A8EDB9D00161D6F /* Products */;
			projectDirPath = "";
			projectRoot = "";
			targets = (
				E4E1CC641A8EDB9D00161D6F /* Convolution */,
			);
		};
/* End PBXProject section */

/* Begin PBXResourcesBuildPhase section */
		E4E1CC631A8EDB9D00161D6F /* Resources */ = {
			isa = PBXResourcesBuildPhase;
			buildActionMask = 2147483647;
			files = (
				E4E1CC701A8EDB9D00161D6F /* Main.storyboard in Resources */,
				E4E1CC751A8EDB9D00161D6F /* LaunchScreen.xib in Resources */,
				E4E1CC721A8EDB9D00161D6F /* Images.xcassets in Resources */,
			);
			runOnlyForDeploymentPostprocessing = 0;
		};
/* End PBXResourcesBuildPhase section */

/* Begin PBXShellScriptBuildPhase section */
		4F3173004BD818E91C43B3D1 /* Copy Pods Resources */ = {
			isa = PBXShellScriptBuildPhase;
			buildActionMask = 2147483647;
			files = (
			);
			inputPaths = (
			);
			name = "Copy Pods Resources";
			outputPaths = (
			);
			runOnlyForDeploymentPostprocessing = 0;
			shellPath = /bin/sh;
			shellScript = "\"${SRCROOT}/Pods/Target Support Files/Pods-Convolution/Pods-Convolution-resources.sh\"\n";
			showEnvVarsInLog = 0;
		};
		E27409A587C69C1BEC71028F /* Check Pods Manifest.lock */ = {
			isa = PBXShellScriptBuildPhase;
			buildActionMask = 2147483647;
			files = (
			);
			inputPaths = (
			);
			name = "Check Pods Manifest.lock";
			outputPaths = (
			);
			runOnlyForDeploymentPostprocessing = 0;
			shellPath = /bin/sh;
			shellScript = "diff \"${PODS_ROOT}/../Podfile.lock\" \"${PODS_ROOT}/Manifest.lock\" > /dev/null\nif [[ $? != 0 ]] ; then\n    cat << EOM\nerror: The sandbox is not in sync with the Podfile.lock. Run 'pod install' or update your CocoaPods installation.\nEOM\n    exit 1\nfi\n";
			showEnvVarsInLog = 0;
		};
/* End PBXShellScriptBuildPhase section */

/* Begin PBXSourcesBuildPhase section */
		E4E1CC611A8EDB9D00161D6F /* Sources */ = {
			isa = PBXSourcesBuildPhase;
			buildActionMask = 2147483647;
			files = (
				E4E1CC6D1A8EDB9D00161D6F /* ViewController.swift in Sources */,
				E462C9011A8EDC7F00BA9D20 /* ConvolutionInstrument.swift in Sources */,
				E4E1CC6B1A8EDB9D00161D6F /* AppDelegate.swift in Sources */,
			);
			runOnlyForDeploymentPostprocessing = 0;
		};
/* End PBXSourcesBuildPhase section */

/* Begin PBXVariantGroup section */
		E4E1CC6E1A8EDB9D00161D6F /* Main.storyboard */ = {
			isa = PBXVariantGroup;
			children = (
				E4E1CC6F1A8EDB9D00161D6F /* Base */,
			);
			name = Main.storyboard;
			sourceTree = "<group>";
		};
		E4E1CC731A8EDB9D00161D6F /* LaunchScreen.xib */ = {
			isa = PBXVariantGroup;
			children = (
				E4E1CC741A8EDB9D00161D6F /* Base */,
			);
			name = LaunchScreen.xib;
			sourceTree = "<group>";
		};
/* End PBXVariantGroup section */

/* Begin XCBuildConfiguration section */
		E4E1CC821A8EDB9D00161D6F /* Debug */ = {
			isa = XCBuildConfiguration;
			buildSettings = {
				ALWAYS_SEARCH_USER_PATHS = NO;
				CLANG_CXX_LANGUAGE_STANDARD = "gnu++0x";
				CLANG_CXX_LIBRARY = "libc++";
				CLANG_ENABLE_MODULES = YES;
				CLANG_ENABLE_OBJC_ARC = YES;
				CLANG_WARN_BOOL_CONVERSION = YES;
				CLANG_WARN_CONSTANT_CONVERSION = YES;
				CLANG_WARN_DIRECT_OBJC_ISA_USAGE = YES_ERROR;
				CLANG_WARN_EMPTY_BODY = YES;
				CLANG_WARN_ENUM_CONVERSION = YES;
				CLANG_WARN_INT_CONVERSION = YES;
				CLANG_WARN_OBJC_ROOT_CLASS = YES_ERROR;
				CLANG_WARN_UNREACHABLE_CODE = YES;
				CLANG_WARN__DUPLICATE_METHOD_MATCH = YES;
				"CODE_SIGN_IDENTITY[sdk=iphoneos*]" = "iPhone Developer";
				COPY_PHASE_STRIP = NO;
				ENABLE_STRICT_OBJC_MSGSEND = YES;
				GCC_C_LANGUAGE_STANDARD = gnu99;
				GCC_DYNAMIC_NO_PIC = NO;
				GCC_OPTIMIZATION_LEVEL = 0;
				GCC_PREPROCESSOR_DEFINITIONS = (
					"DEBUG=1",
					"$(inherited)",
				);
				GCC_SYMBOLS_PRIVATE_EXTERN = NO;
				GCC_WARN_64_TO_32_BIT_CONVERSION = YES;
				GCC_WARN_ABOUT_RETURN_TYPE = YES_ERROR;
				GCC_WARN_UNDECLARED_SELECTOR = YES;
				GCC_WARN_UNINITIALIZED_AUTOS = YES_AGGRESSIVE;
				GCC_WARN_UNUSED_FUNCTION = YES;
				GCC_WARN_UNUSED_VARIABLE = YES;
				IPHONEOS_DEPLOYMENT_TARGET = 8.2;
				MTL_ENABLE_DEBUG_INFO = YES;
				ONLY_ACTIVE_ARCH = YES;
				SDKROOT = iphoneos;
				SWIFT_OBJC_BRIDGING_HEADER = "Bridging-Header.h";
				SWIFT_OPTIMIZATION_LEVEL = "-Onone";
				TARGETED_DEVICE_FAMILY = "1,2";
			};
			name = Debug;
		};
		E4E1CC831A8EDB9D00161D6F /* Release */ = {
			isa = XCBuildConfiguration;
			buildSettings = {
				ALWAYS_SEARCH_USER_PATHS = NO;
				CLANG_CXX_LANGUAGE_STANDARD = "gnu++0x";
				CLANG_CXX_LIBRARY = "libc++";
				CLANG_ENABLE_MODULES = YES;
				CLANG_ENABLE_OBJC_ARC = YES;
				CLANG_WARN_BOOL_CONVERSION = YES;
				CLANG_WARN_CONSTANT_CONVERSION = YES;
				CLANG_WARN_DIRECT_OBJC_ISA_USAGE = YES_ERROR;
				CLANG_WARN_EMPTY_BODY = YES;
				CLANG_WARN_ENUM_CONVERSION = YES;
				CLANG_WARN_INT_CONVERSION = YES;
				CLANG_WARN_OBJC_ROOT_CLASS = YES_ERROR;
				CLANG_WARN_UNREACHABLE_CODE = YES;
				CLANG_WARN__DUPLICATE_METHOD_MATCH = YES;
				"CODE_SIGN_IDENTITY[sdk=iphoneos*]" = "iPhone Developer";
				COPY_PHASE_STRIP = YES;
				ENABLE_NS_ASSERTIONS = NO;
				ENABLE_STRICT_OBJC_MSGSEND = YES;
				GCC_C_LANGUAGE_STANDARD = gnu99;
				GCC_WARN_64_TO_32_BIT_CONVERSION = YES;
				GCC_WARN_ABOUT_RETURN_TYPE = YES_ERROR;
				GCC_WARN_UNDECLARED_SELECTOR = YES;
				GCC_WARN_UNINITIALIZED_AUTOS = YES_AGGRESSIVE;
				GCC_WARN_UNUSED_FUNCTION = YES;
				GCC_WARN_UNUSED_VARIABLE = YES;
				IPHONEOS_DEPLOYMENT_TARGET = 8.2;
				MTL_ENABLE_DEBUG_INFO = NO;
				SDKROOT = iphoneos;
				SWIFT_OBJC_BRIDGING_HEADER = "Bridging-Header.h";
				TARGETED_DEVICE_FAMILY = "1,2";
				VALIDATE_PRODUCT = YES;
			};
			name = Release;
		};
		E4E1CC851A8EDB9D00161D6F /* Debug */ = {
			isa = XCBuildConfiguration;
			baseConfigurationReference = 0E7A1EEE32488B80E92B5D45 /* Pods-Convolution.debug.xcconfig */;
			buildSettings = {
				ASSETCATALOG_COMPILER_APPICON_NAME = AppIcon;
				INFOPLIST_FILE = Convolution/Info.plist;
				IPHONEOS_DEPLOYMENT_TARGET = 8.1;
				LD_RUNPATH_SEARCH_PATHS = "$(inherited) @executable_path/Frameworks";
				PRODUCT_NAME = "$(TARGET_NAME)";
				SWIFT_OBJC_BRIDGING_HEADER = "Convolution/Bridging-Header.h";
			};
			name = Debug;
		};
		E4E1CC861A8EDB9D00161D6F /* Release */ = {
			isa = XCBuildConfiguration;
			baseConfigurationReference = 648166FBC4E453E163026D4B /* Pods-Convolution.release.xcconfig */;
			buildSettings = {
				ASSETCATALOG_COMPILER_APPICON_NAME = AppIcon;
				INFOPLIST_FILE = Convolution/Info.plist;
				IPHONEOS_DEPLOYMENT_TARGET = 8.1;
				LD_RUNPATH_SEARCH_PATHS = "$(inherited) @executable_path/Frameworks";
				PRODUCT_NAME = "$(TARGET_NAME)";
				SWIFT_OBJC_BRIDGING_HEADER = "Convolution/Bridging-Header.h";
			};
			name = Release;
		};
/* End XCBuildConfiguration section */

/* Begin XCConfigurationList section */
		E4E1CC601A8EDB9D00161D6F /* Build configuration list for PBXProject "Convolution" */ = {
			isa = XCConfigurationList;
			buildConfigurations = (
				E4E1CC821A8EDB9D00161D6F /* Debug */,
				E4E1CC831A8EDB9D00161D6F /* Release */,
			);
			defaultConfigurationIsVisible = 0;
			defaultConfigurationName = Release;
		};
		E4E1CC841A8EDB9D00161D6F /* Build configuration list for PBXNativeTarget "Convolution" */ = {
			isa = XCConfigurationList;
			buildConfigurations = (
				E4E1CC851A8EDB9D00161D6F /* Debug */,
				E4E1CC861A8EDB9D00161D6F /* Release */,
			);
			defaultConfigurationIsVisible = 0;
			defaultConfigurationName = Release;
		};
/* End XCConfigurationList section */
	};
	rootObject = E4E1CC5D1A8EDB9D00161D6F /* Project object */;
}
