// !$*UTF8*$!
{
	archiveVersion = 1;
	classes = {
	};
	objectVersion = 46;
	objects = {

/* Begin PBXBuildFile section */
		94FB4F1A1B090A3600CF7DA0 /* ContinuousControlConductor.swift in Sources */ = {isa = PBXBuildFile; fileRef = 94FB4F191B090A3600CF7DA0 /* ContinuousControlConductor.swift */; };
		94FC79EE1B09026B00DFF593 /* AppDelegate.swift in Sources */ = {isa = PBXBuildFile; fileRef = 94FC79ED1B09026B00DFF593 /* AppDelegate.swift */; };
		94FC79F01B09026B00DFF593 /* ViewController.swift in Sources */ = {isa = PBXBuildFile; fileRef = 94FC79EF1B09026B00DFF593 /* ViewController.swift */; };
		94FC79F31B09026B00DFF593 /* Main.storyboard in Resources */ = {isa = PBXBuildFile; fileRef = 94FC79F11B09026B00DFF593 /* Main.storyboard */; };
		94FC79F51B09026B00DFF593 /* Images.xcassets in Resources */ = {isa = PBXBuildFile; fileRef = 94FC79F41B09026B00DFF593 /* Images.xcassets */; };
		94FC79F81B09026B00DFF593 /* LaunchScreen.xib in Resources */ = {isa = PBXBuildFile; fileRef = 94FC79F61B09026B00DFF593 /* LaunchScreen.xib */; };
		94FC7A1B1B0902C800DFF593 /* libAudioKit iOS Static.a in Frameworks */ = {isa = PBXBuildFile; fileRef = 94FC7A141B09029400DFF593 /* libAudioKit iOS Static.a */; };
		94FC7A1E1B09032B00DFF593 /* AudioKit.swift in Sources */ = {isa = PBXBuildFile; fileRef = 94FC7A1D1B09032B00DFF593 /* AudioKit.swift */; };
		94FC7A231B0903C400DFF593 /* TweakableInstrument.swift in Sources */ = {isa = PBXBuildFile; fileRef = 94FC7A221B0903C400DFF593 /* TweakableInstrument.swift */; };
/* End PBXBuildFile section */

/* Begin PBXContainerItemProxy section */
		94FC7A131B09029400DFF593 /* PBXContainerItemProxy */ = {
			isa = PBXContainerItemProxy;
			containerPortal = 94FC7A0D1B09029400DFF593 /* AudioKit.xcodeproj */;
			proxyType = 2;
			remoteGlobalIDString = EA8E93D81AD3C5240057E979;
			remoteInfo = "AudioKit iOS Static";
		};
		94FC7A151B09029400DFF593 /* PBXContainerItemProxy */ = {
			isa = PBXContainerItemProxy;
			containerPortal = 94FC7A0D1B09029400DFF593 /* AudioKit.xcodeproj */;
			proxyType = 2;
			remoteGlobalIDString = EAA0F5941AE71C8F007CD7C9;
			remoteInfo = "AudioKit iOS Dynamic";
		};
		94FC7A171B09029400DFF593 /* PBXContainerItemProxy */ = {
			isa = PBXContainerItemProxy;
			containerPortal = 94FC7A0D1B09029400DFF593 /* AudioKit.xcodeproj */;
			proxyType = 2;
			remoteGlobalIDString = EA8E96591AD3C6FC0057E979;
			remoteInfo = "AudioKit OS X";
		};
		94FC7A191B0902C100DFF593 /* PBXContainerItemProxy */ = {
			isa = PBXContainerItemProxy;
			containerPortal = 94FC7A0D1B09029400DFF593 /* AudioKit.xcodeproj */;
			proxyType = 1;
			remoteGlobalIDString = EA8E93D71AD3C5240057E979;
			remoteInfo = "AudioKit iOS Static";
		};
/* End PBXContainerItemProxy section */

/* Begin PBXFileReference section */
		94FB4F191B090A3600CF7DA0 /* ContinuousControlConductor.swift */ = {isa = PBXFileReference; fileEncoding = 4; lastKnownFileType = sourcecode.swift; path = ContinuousControlConductor.swift; sourceTree = "<group>"; };
		94FC79E81B09026B00DFF593 /* ContinuousControl.app */ = {isa = PBXFileReference; explicitFileType = wrapper.application; includeInIndex = 0; path = ContinuousControl.app; sourceTree = BUILT_PRODUCTS_DIR; };
		94FC79EC1B09026B00DFF593 /* Info.plist */ = {isa = PBXFileReference; lastKnownFileType = text.plist.xml; path = Info.plist; sourceTree = "<group>"; };
		94FC79ED1B09026B00DFF593 /* AppDelegate.swift */ = {isa = PBXFileReference; lastKnownFileType = sourcecode.swift; path = AppDelegate.swift; sourceTree = "<group>"; };
		94FC79EF1B09026B00DFF593 /* ViewController.swift */ = {isa = PBXFileReference; lastKnownFileType = sourcecode.swift; path = ViewController.swift; sourceTree = "<group>"; };
		94FC79F21B09026B00DFF593 /* Base */ = {isa = PBXFileReference; lastKnownFileType = file.storyboard; name = Base; path = Base.lproj/Main.storyboard; sourceTree = "<group>"; };
		94FC79F41B09026B00DFF593 /* Images.xcassets */ = {isa = PBXFileReference; lastKnownFileType = folder.assetcatalog; path = Images.xcassets; sourceTree = "<group>"; };
		94FC79F71B09026B00DFF593 /* Base */ = {isa = PBXFileReference; lastKnownFileType = file.xib; name = Base; path = Base.lproj/LaunchScreen.xib; sourceTree = "<group>"; };
		94FC7A0D1B09029400DFF593 /* AudioKit.xcodeproj */ = {isa = PBXFileReference; lastKnownFileType = "wrapper.pb-project"; name = AudioKit.xcodeproj; path = ../../../AudioKitV2.1/AudioKit.xcodeproj; sourceTree = "<group>"; };
		94FC7A1D1B09032B00DFF593 /* AudioKit.swift */ = {isa = PBXFileReference; fileEncoding = 4; lastKnownFileType = sourcecode.swift; name = AudioKit.swift; path = ../../../../AudioKitV2.1/AudioKit/Platforms/Swift/AudioKit.swift; sourceTree = "<group>"; };
		94FC7A1F1B09034B00DFF593 /* ContinuousControl-Bridging-Header.h */ = {isa = PBXFileReference; lastKnownFileType = sourcecode.c.h; path = "ContinuousControl-Bridging-Header.h"; sourceTree = "<group>"; };
		94FC7A221B0903C400DFF593 /* TweakableInstrument.swift */ = {isa = PBXFileReference; fileEncoding = 4; lastKnownFileType = sourcecode.swift; path = TweakableInstrument.swift; sourceTree = "<group>"; };
/* End PBXFileReference section */

/* Begin PBXFrameworksBuildPhase section */
		94FC79E51B09026B00DFF593 /* Frameworks */ = {
			isa = PBXFrameworksBuildPhase;
			buildActionMask = 2147483647;
			files = (
				94FC7A1B1B0902C800DFF593 /* libAudioKit iOS Static.a in Frameworks */,
			);
			runOnlyForDeploymentPostprocessing = 0;
		};
/* End PBXFrameworksBuildPhase section */

/* Begin PBXGroup section */
		94FB4F211B0921AF00CF7DA0 /* Instruments */ = {
			isa = PBXGroup;
			children = (
				94FC7A221B0903C400DFF593 /* TweakableInstrument.swift */,
			);
			name = Instruments;
			sourceTree = "<group>";
		};
		94FC79DF1B09026B00DFF593 = {
			isa = PBXGroup;
			children = (
				94FC7A0D1B09029400DFF593 /* AudioKit.xcodeproj */,
				94FC79EA1B09026B00DFF593 /* ContinuousControl */,
				94FC79E91B09026B00DFF593 /* Products */,
			);
			sourceTree = "<group>";
		};
		94FC79E91B09026B00DFF593 /* Products */ = {
			isa = PBXGroup;
			children = (
				94FC79E81B09026B00DFF593 /* ContinuousControl.app */,
			);
			name = Products;
			sourceTree = "<group>";
		};
		94FC79EA1B09026B00DFF593 /* ContinuousControl */ = {
			isa = PBXGroup;
			children = (
				94FB4F211B0921AF00CF7DA0 /* Instruments */,
				94FC79ED1B09026B00DFF593 /* AppDelegate.swift */,
				94FB4F191B090A3600CF7DA0 /* ContinuousControlConductor.swift */,
				94FC79EF1B09026B00DFF593 /* ViewController.swift */,
				94FC79F11B09026B00DFF593 /* Main.storyboard */,
				94FC79F41B09026B00DFF593 /* Images.xcassets */,
				94FC79F61B09026B00DFF593 /* LaunchScreen.xib */,
				94FC79EB1B09026B00DFF593 /* Supporting Files */,
			);
			path = ContinuousControl;
			sourceTree = "<group>";
		};
		94FC79EB1B09026B00DFF593 /* Supporting Files */ = {
			isa = PBXGroup;
			children = (
				94FC7A1F1B09034B00DFF593 /* ContinuousControl-Bridging-Header.h */,
				94FC7A1D1B09032B00DFF593 /* AudioKit.swift */,
				94FC79EC1B09026B00DFF593 /* Info.plist */,
			);
			name = "Supporting Files";
			sourceTree = "<group>";
		};
		94FC7A0E1B09029400DFF593 /* Products */ = {
			isa = PBXGroup;
			children = (
				94FC7A141B09029400DFF593 /* libAudioKit iOS Static.a */,
				94FC7A161B09029400DFF593 /* libAudioKit iOS Dynamic.a */,
				94FC7A181B09029400DFF593 /* libAudioKit OS X.a */,
			);
			name = Products;
			sourceTree = "<group>";
		};
/* End PBXGroup section */

/* Begin PBXNativeTarget section */
		94FC79E71B09026B00DFF593 /* ContinuousControl */ = {
			isa = PBXNativeTarget;
			buildConfigurationList = 94FC7A071B09026B00DFF593 /* Build configuration list for PBXNativeTarget "ContinuousControl" */;
			buildPhases = (
				94FC79E41B09026B00DFF593 /* Sources */,
				94FC79E51B09026B00DFF593 /* Frameworks */,
				94FC79E61B09026B00DFF593 /* Resources */,
			);
			buildRules = (
			);
			dependencies = (
				94FC7A1A1B0902C100DFF593 /* PBXTargetDependency */,
			);
			name = ContinuousControl;
			productName = ContinuousControl;
			productReference = 94FC79E81B09026B00DFF593 /* ContinuousControl.app */;
			productType = "com.apple.product-type.application";
		};
/* End PBXNativeTarget section */

/* Begin PBXProject section */
		94FC79E01B09026B00DFF593 /* Project object */ = {
			isa = PBXProject;
			attributes = {
				LastUpgradeCheck = 0630;
				ORGANIZATIONNAME = audiokit.io;
				TargetAttributes = {
					94FC79E71B09026B00DFF593 = {
						CreatedOnToolsVersion = 6.3.1;
					};
				};
			};
			buildConfigurationList = 94FC79E31B09026B00DFF593 /* Build configuration list for PBXProject "ContinuousControl" */;
			compatibilityVersion = "Xcode 3.2";
			developmentRegion = English;
			hasScannedForEncodings = 0;
			knownRegions = (
				en,
				Base,
			);
			mainGroup = 94FC79DF1B09026B00DFF593;
			productRefGroup = 94FC79E91B09026B00DFF593 /* Products */;
			projectDirPath = "";
			projectReferences = (
				{
					ProductGroup = 94FC7A0E1B09029400DFF593 /* Products */;
					ProjectRef = 94FC7A0D1B09029400DFF593 /* AudioKit.xcodeproj */;
				},
			);
			projectRoot = "";
			targets = (
				94FC79E71B09026B00DFF593 /* ContinuousControl */,
			);
		};
/* End PBXProject section */

/* Begin PBXReferenceProxy section */
		94FC7A141B09029400DFF593 /* libAudioKit iOS Static.a */ = {
			isa = PBXReferenceProxy;
			fileType = archive.ar;
			path = "libAudioKit iOS Static.a";
			remoteRef = 94FC7A131B09029400DFF593 /* PBXContainerItemProxy */;
			sourceTree = BUILT_PRODUCTS_DIR;
		};
		94FC7A161B09029400DFF593 /* libAudioKit iOS Dynamic.a */ = {
			isa = PBXReferenceProxy;
			fileType = archive.ar;
			path = "libAudioKit iOS Dynamic.a";
			remoteRef = 94FC7A151B09029400DFF593 /* PBXContainerItemProxy */;
			sourceTree = BUILT_PRODUCTS_DIR;
		};
		94FC7A181B09029400DFF593 /* libAudioKit OS X.a */ = {
			isa = PBXReferenceProxy;
			fileType = archive.ar;
			path = "libAudioKit OS X.a";
			remoteRef = 94FC7A171B09029400DFF593 /* PBXContainerItemProxy */;
			sourceTree = BUILT_PRODUCTS_DIR;
		};
/* End PBXReferenceProxy section */

/* Begin PBXResourcesBuildPhase section */
		94FC79E61B09026B00DFF593 /* Resources */ = {
			isa = PBXResourcesBuildPhase;
			buildActionMask = 2147483647;
			files = (
				94FC79F31B09026B00DFF593 /* Main.storyboard in Resources */,
				94FC79F81B09026B00DFF593 /* LaunchScreen.xib in Resources */,
				94FC79F51B09026B00DFF593 /* Images.xcassets in Resources */,
			);
			runOnlyForDeploymentPostprocessing = 0;
		};
/* End PBXResourcesBuildPhase section */

/* Begin PBXSourcesBuildPhase section */
		94FC79E41B09026B00DFF593 /* Sources */ = {
			isa = PBXSourcesBuildPhase;
			buildActionMask = 2147483647;
			files = (
				94FC7A1E1B09032B00DFF593 /* AudioKit.swift in Sources */,
				94FB4F1A1B090A3600CF7DA0 /* ContinuousControlConductor.swift in Sources */,
				94FC7A231B0903C400DFF593 /* TweakableInstrument.swift in Sources */,
				94FC79F01B09026B00DFF593 /* ViewController.swift in Sources */,
				94FC79EE1B09026B00DFF593 /* AppDelegate.swift in Sources */,
			);
			runOnlyForDeploymentPostprocessing = 0;
		};
/* End PBXSourcesBuildPhase section */

/* Begin PBXTargetDependency section */
		94FC7A1A1B0902C100DFF593 /* PBXTargetDependency */ = {
			isa = PBXTargetDependency;
			name = "AudioKit iOS Static";
			targetProxy = 94FC7A191B0902C100DFF593 /* PBXContainerItemProxy */;
		};
/* End PBXTargetDependency section */

/* Begin PBXVariantGroup section */
		94FC79F11B09026B00DFF593 /* Main.storyboard */ = {
			isa = PBXVariantGroup;
			children = (
				94FC79F21B09026B00DFF593 /* Base */,
			);
			name = Main.storyboard;
			sourceTree = "<group>";
		};
		94FC79F61B09026B00DFF593 /* LaunchScreen.xib */ = {
			isa = PBXVariantGroup;
			children = (
				94FC79F71B09026B00DFF593 /* Base */,
			);
			name = LaunchScreen.xib;
			sourceTree = "<group>";
		};
/* End PBXVariantGroup section */

/* Begin XCBuildConfiguration section */
		94FC7A051B09026B00DFF593 /* Debug */ = {
			isa = XCBuildConfiguration;
			buildSettings = {
				ALWAYS_SEARCH_USER_PATHS = NO;
				CLANG_CXX_LANGUAGE_STANDARD = "gnu++0x";
				CLANG_CXX_LIBRARY = "libc++";
				CLANG_ENABLE_MODULES = YES;
				CLANG_ENABLE_OBJC_ARC = YES;
				CLANG_WARN_BOOL_CONVERSION = YES;
				CLANG_WARN_CONSTANT_CONVERSION = YES;
				CLANG_WARN_DIRECT_OBJC_ISA_USAGE = YES_ERROR;
				CLANG_WARN_EMPTY_BODY = YES;
				CLANG_WARN_ENUM_CONVERSION = YES;
				CLANG_WARN_INT_CONVERSION = YES;
				CLANG_WARN_OBJC_ROOT_CLASS = YES_ERROR;
				CLANG_WARN_UNREACHABLE_CODE = YES;
				CLANG_WARN__DUPLICATE_METHOD_MATCH = YES;
				"CODE_SIGN_IDENTITY[sdk=iphoneos*]" = "iPhone Developer";
				COPY_PHASE_STRIP = NO;
				DEBUG_INFORMATION_FORMAT = "dwarf-with-dsym";
				ENABLE_STRICT_OBJC_MSGSEND = YES;
				GCC_C_LANGUAGE_STANDARD = gnu99;
				GCC_DYNAMIC_NO_PIC = NO;
				GCC_NO_COMMON_BLOCKS = YES;
				GCC_OPTIMIZATION_LEVEL = 0;
				GCC_PREPROCESSOR_DEFINITIONS = (
					"DEBUG=1",
					"$(inherited)",
				);
				GCC_SYMBOLS_PRIVATE_EXTERN = NO;
				GCC_WARN_64_TO_32_BIT_CONVERSION = YES;
				GCC_WARN_ABOUT_RETURN_TYPE = YES_ERROR;
				GCC_WARN_UNDECLARED_SELECTOR = YES;
				GCC_WARN_UNINITIALIZED_AUTOS = YES_AGGRESSIVE;
				GCC_WARN_UNUSED_FUNCTION = YES;
				GCC_WARN_UNUSED_VARIABLE = YES;
				IPHONEOS_DEPLOYMENT_TARGET = 8.3;
				MTL_ENABLE_DEBUG_INFO = YES;
				ONLY_ACTIVE_ARCH = YES;
				SDKROOT = iphoneos;
				SWIFT_OPTIMIZATION_LEVEL = "-Onone";
				TARGETED_DEVICE_FAMILY = "1,2";
			};
			name = Debug;
		};
		94FC7A061B09026B00DFF593 /* Release */ = {
			isa = XCBuildConfiguration;
			buildSettings = {
				ALWAYS_SEARCH_USER_PATHS = NO;
				CLANG_CXX_LANGUAGE_STANDARD = "gnu++0x";
				CLANG_CXX_LIBRARY = "libc++";
				CLANG_ENABLE_MODULES = YES;
				CLANG_ENABLE_OBJC_ARC = YES;
				CLANG_WARN_BOOL_CONVERSION = YES;
				CLANG_WARN_CONSTANT_CONVERSION = YES;
				CLANG_WARN_DIRECT_OBJC_ISA_USAGE = YES_ERROR;
				CLANG_WARN_EMPTY_BODY = YES;
				CLANG_WARN_ENUM_CONVERSION = YES;
				CLANG_WARN_INT_CONVERSION = YES;
				CLANG_WARN_OBJC_ROOT_CLASS = YES_ERROR;
				CLANG_WARN_UNREACHABLE_CODE = YES;
				CLANG_WARN__DUPLICATE_METHOD_MATCH = YES;
				"CODE_SIGN_IDENTITY[sdk=iphoneos*]" = "iPhone Developer";
				COPY_PHASE_STRIP = NO;
				DEBUG_INFORMATION_FORMAT = "dwarf-with-dsym";
				ENABLE_NS_ASSERTIONS = NO;
				ENABLE_STRICT_OBJC_MSGSEND = YES;
				GCC_C_LANGUAGE_STANDARD = gnu99;
				GCC_NO_COMMON_BLOCKS = YES;
				GCC_WARN_64_TO_32_BIT_CONVERSION = YES;
				GCC_WARN_ABOUT_RETURN_TYPE = YES_ERROR;
				GCC_WARN_UNDECLARED_SELECTOR = YES;
				GCC_WARN_UNINITIALIZED_AUTOS = YES_AGGRESSIVE;
				GCC_WARN_UNUSED_FUNCTION = YES;
				GCC_WARN_UNUSED_VARIABLE = YES;
				IPHONEOS_DEPLOYMENT_TARGET = 8.3;
				MTL_ENABLE_DEBUG_INFO = NO;
				SDKROOT = iphoneos;
				TARGETED_DEVICE_FAMILY = "1,2";
				VALIDATE_PRODUCT = YES;
			};
			name = Release;
		};
		94FC7A081B09026B00DFF593 /* Debug */ = {
			isa = XCBuildConfiguration;
			buildSettings = {
				ASSETCATALOG_COMPILER_APPICON_NAME = AppIcon;
				CLANG_ENABLE_MODULES = YES;
				INFOPLIST_FILE = ContinuousControl/Info.plist;
				LD_RUNPATH_SEARCH_PATHS = "$(inherited) @executable_path/Frameworks";
				OTHER_LDFLAGS = "-ObjC";
				PRODUCT_NAME = "$(TARGET_NAME)";
				SWIFT_OBJC_BRIDGING_HEADER = "ContinuousControl/ContinuousControl-Bridging-Header.h";
				SWIFT_OPTIMIZATION_LEVEL = "-Onone";
				USER_HEADER_SEARCH_PATHS = "../../../AudioKItV2.1/AudioKit/**";
			};
			name = Debug;
		};
		94FC7A091B09026B00DFF593 /* Release */ = {
			isa = XCBuildConfiguration;
			buildSettings = {
				ASSETCATALOG_COMPILER_APPICON_NAME = AppIcon;
				CLANG_ENABLE_MODULES = YES;
				INFOPLIST_FILE = ContinuousControl/Info.plist;
				LD_RUNPATH_SEARCH_PATHS = "$(inherited) @executable_path/Frameworks";
				OTHER_LDFLAGS = "-ObjC";
				PRODUCT_NAME = "$(TARGET_NAME)";
				SWIFT_OBJC_BRIDGING_HEADER = "ContinuousControl/ContinuousControl-Bridging-Header.h";
				USER_HEADER_SEARCH_PATHS = "../../../AudioKItV2.1/AudioKit/**";
			};
			name = Release;
		};
/* End XCBuildConfiguration section */

/* Begin XCConfigurationList section */
		94FC79E31B09026B00DFF593 /* Build configuration list for PBXProject "ContinuousControl" */ = {
			isa = XCConfigurationList;
			buildConfigurations = (
				94FC7A051B09026B00DFF593 /* Debug */,
				94FC7A061B09026B00DFF593 /* Release */,
			);
			defaultConfigurationIsVisible = 0;
			defaultConfigurationName = Release;
		};
		94FC7A071B09026B00DFF593 /* Build configuration list for PBXNativeTarget "ContinuousControl" */ = {
			isa = XCConfigurationList;
			buildConfigurations = (
				94FC7A081B09026B00DFF593 /* Debug */,
				94FC7A091B09026B00DFF593 /* Release */,
			);
			defaultConfigurationIsVisible = 0;
			defaultConfigurationName = Release;
		};
/* End XCConfigurationList section */
	};
	rootObject = 94FC79E01B09026B00DFF593 /* Project object */;
}
