// !$*UTF8*$!
{
	archiveVersion = 1;
	classes = {
	};
	objectVersion = 46;
	objects = {

/* Begin PBXBuildFile section */
		C4398C8919628CBC0076F005 /* InfoPlist.strings in Resources */ = {isa = PBXBuildFile; fileRef = C4398C8719628CBC0076F005 /* InfoPlist.strings */; };
		C4398C8B19628CBC0076F005 /* main.m in Sources */ = {isa = PBXBuildFile; fileRef = C4398C8A19628CBC0076F005 /* main.m */; };
		C4398C8F19628CBC0076F005 /* AppDelegate.m in Sources */ = {isa = PBXBuildFile; fileRef = C4398C8E19628CBC0076F005 /* AppDelegate.m */; };
		C4398C9219628CBC0076F005 /* Main.storyboard in Resources */ = {isa = PBXBuildFile; fileRef = C4398C9019628CBC0076F005 /* Main.storyboard */; };
		C4398C9819628CBC0076F005 /* ViewController.m in Sources */ = {isa = PBXBuildFile; fileRef = C4398C9719628CBC0076F005 /* ViewController.m */; };
		C4398C9A19628CBC0076F005 /* Images.xcassets in Resources */ = {isa = PBXBuildFile; fileRef = C4398C9919628CBC0076F005 /* Images.xcassets */; };
		C4398ED219628D6E0076F005 /* dish.wav in Resources */ = {isa = PBXBuildFile; fileRef = C4398ECF19628D6E0076F005 /* dish.wav */; };
		C4398ED319628D6E0076F005 /* Stairwell.wav in Resources */ = {isa = PBXBuildFile; fileRef = C4398ED019628D6E0076F005 /* Stairwell.wav */; };
		C4398ED719628D760076F005 /* ConvolutionInstrument.m in Sources */ = {isa = PBXBuildFile; fileRef = C4398ED619628D760076F005 /* ConvolutionInstrument.m */; };
		C4FAE3DC1AEA4E2100FD71E2 /* libAudioKit iOS Static.a in Frameworks */ = {isa = PBXBuildFile; fileRef = C4FAE3D51AEA4E1000FD71E2 /* libAudioKit iOS Static.a */; };
		C4FAE4071AEA532200FD71E2 /* AKSoundFiles.bundle in Resources */ = {isa = PBXBuildFile; fileRef = C4FAE4061AEA532200FD71E2 /* AKSoundFiles.bundle */; };
/* End PBXBuildFile section */

/* Begin PBXContainerItemProxy section */
		C4FAE3D41AEA4E1000FD71E2 /* PBXContainerItemProxy */ = {
			isa = PBXContainerItemProxy;
			containerPortal = C4FAE3CE1AEA4E1000FD71E2 /* AudioKit.xcodeproj */;
			proxyType = 2;
			remoteGlobalIDString = EA8E93D81AD3C5240057E979;
			remoteInfo = "AudioKit iOS Static";
		};
		C4FAE3D61AEA4E1000FD71E2 /* PBXContainerItemProxy */ = {
			isa = PBXContainerItemProxy;
			containerPortal = C4FAE3CE1AEA4E1000FD71E2 /* AudioKit.xcodeproj */;
			proxyType = 2;
			remoteGlobalIDString = EAA0F5941AE71C8F007CD7C9;
			remoteInfo = "AudioKit iOS Dynamic";
		};
		C4FAE3D81AEA4E1000FD71E2 /* PBXContainerItemProxy */ = {
			isa = PBXContainerItemProxy;
			containerPortal = C4FAE3CE1AEA4E1000FD71E2 /* AudioKit.xcodeproj */;
			proxyType = 2;
			remoteGlobalIDString = EA8E96591AD3C6FC0057E979;
			remoteInfo = "AudioKit OS X";
		};
		C4FAE3DA1AEA4E1C00FD71E2 /* PBXContainerItemProxy */ = {
			isa = PBXContainerItemProxy;
			containerPortal = C4FAE3CE1AEA4E1000FD71E2 /* AudioKit.xcodeproj */;
			proxyType = 1;
			remoteGlobalIDString = EA8E93D71AD3C5240057E979;
			remoteInfo = "AudioKit iOS Static";
		};
/* End PBXContainerItemProxy section */

/* Begin PBXFileReference section */
		C4398C7B19628CBC0076F005 /* Convolution.app */ = {isa = PBXFileReference; explicitFileType = wrapper.application; includeInIndex = 0; path = Convolution.app; sourceTree = BUILT_PRODUCTS_DIR; };
		C4398C8619628CBC0076F005 /* Convolution-Info.plist */ = {isa = PBXFileReference; lastKnownFileType = text.plist.xml; path = "Convolution-Info.plist"; sourceTree = "<group>"; };
		C4398C8819628CBC0076F005 /* en */ = {isa = PBXFileReference; lastKnownFileType = text.plist.strings; name = en; path = en.lproj/InfoPlist.strings; sourceTree = "<group>"; };
		C4398C8A19628CBC0076F005 /* main.m */ = {isa = PBXFileReference; lastKnownFileType = sourcecode.c.objc; path = main.m; sourceTree = "<group>"; };
		C4398C8C19628CBC0076F005 /* Convolution-Prefix.pch */ = {isa = PBXFileReference; lastKnownFileType = sourcecode.c.h; path = "Convolution-Prefix.pch"; sourceTree = "<group>"; };
		C4398C8D19628CBC0076F005 /* AppDelegate.h */ = {isa = PBXFileReference; lastKnownFileType = sourcecode.c.h; path = AppDelegate.h; sourceTree = "<group>"; };
		C4398C8E19628CBC0076F005 /* AppDelegate.m */ = {isa = PBXFileReference; lastKnownFileType = sourcecode.c.objc; path = AppDelegate.m; sourceTree = "<group>"; };
		C4398C9119628CBC0076F005 /* Base */ = {isa = PBXFileReference; lastKnownFileType = file.storyboard; name = Base; path = Base.lproj/Main.storyboard; sourceTree = "<group>"; };
		C4398C9619628CBC0076F005 /* ViewController.h */ = {isa = PBXFileReference; lastKnownFileType = sourcecode.c.h; path = ViewController.h; sourceTree = "<group>"; };
		C4398C9719628CBC0076F005 /* ViewController.m */ = {isa = PBXFileReference; lastKnownFileType = sourcecode.c.objc; path = ViewController.m; sourceTree = "<group>"; };
		C4398C9919628CBC0076F005 /* Images.xcassets */ = {isa = PBXFileReference; lastKnownFileType = folder.assetcatalog; path = Images.xcassets; sourceTree = "<group>"; };
		C4398ECF19628D6E0076F005 /* dish.wav */ = {isa = PBXFileReference; lastKnownFileType = audio.wav; path = dish.wav; sourceTree = "<group>"; };
		C4398ED019628D6E0076F005 /* Stairwell.wav */ = {isa = PBXFileReference; lastKnownFileType = audio.wav; path = Stairwell.wav; sourceTree = "<group>"; };
		C4398ED519628D760076F005 /* ConvolutionInstrument.h */ = {isa = PBXFileReference; fileEncoding = 4; lastKnownFileType = sourcecode.c.h; path = ConvolutionInstrument.h; sourceTree = "<group>"; };
		C4398ED619628D760076F005 /* ConvolutionInstrument.m */ = {isa = PBXFileReference; fileEncoding = 4; lastKnownFileType = sourcecode.c.objc; path = ConvolutionInstrument.m; sourceTree = "<group>"; };
		C4FAE3CE1AEA4E1000FD71E2 /* AudioKit.xcodeproj */ = {isa = PBXFileReference; lastKnownFileType = "wrapper.pb-project"; name = AudioKit.xcodeproj; path = ../../../AudioKitV2.2/AudioKit.xcodeproj; sourceTree = "<group>"; };
		C4FAE4061AEA532200FD71E2 /* AKSoundFiles.bundle */ = {isa = PBXFileReference; lastKnownFileType = "wrapper.plug-in"; name = AKSoundFiles.bundle; path = ../../../../../AudioKitV2.2/AudioKit/Resources/AKSoundFiles.bundle; sourceTree = "<group>"; };
/* End PBXFileReference section */

/* Begin PBXFrameworksBuildPhase section */
		C4398C7819628CBC0076F005 /* Frameworks */ = {
			isa = PBXFrameworksBuildPhase;
			buildActionMask = 2147483647;
			files = (
				C4FAE3DC1AEA4E2100FD71E2 /* libAudioKit iOS Static.a in Frameworks */,
			);
			runOnlyForDeploymentPostprocessing = 0;
		};
/* End PBXFrameworksBuildPhase section */

/* Begin PBXGroup section */
		C4398C7219628CBC0076F005 = {
			isa = PBXGroup;
			children = (
				C4FAE3CE1AEA4E1000FD71E2 /* AudioKit.xcodeproj */,
				C4398C8419628CBC0076F005 /* Convolution */,
				C4398C7C19628CBC0076F005 /* Products */,
			);
			sourceTree = "<group>";
		};
		C4398C7C19628CBC0076F005 /* Products */ = {
			isa = PBXGroup;
			children = (
				C4398C7B19628CBC0076F005 /* Convolution.app */,
			);
			name = Products;
			sourceTree = "<group>";
		};
		C4398C8419628CBC0076F005 /* Convolution */ = {
			isa = PBXGroup;
			children = (
				C4398ECD19628D6E0076F005 /* Audio Files */,
				C4398ED419628D760076F005 /* Instruments */,
				C4398C9619628CBC0076F005 /* ViewController.h */,
				C4398C9719628CBC0076F005 /* ViewController.m */,
				C4398C9019628CBC0076F005 /* Main.storyboard */,
				C4398C9919628CBC0076F005 /* Images.xcassets */,
				C4398C8519628CBC0076F005 /* Supporting Files */,
			);
			path = Convolution;
			sourceTree = "<group>";
		};
		C4398C8519628CBC0076F005 /* Supporting Files */ = {
			isa = PBXGroup;
			children = (
				C4398C8D19628CBC0076F005 /* AppDelegate.h */,
				C4398C8E19628CBC0076F005 /* AppDelegate.m */,
				C4398C8619628CBC0076F005 /* Convolution-Info.plist */,
				C4398C8719628CBC0076F005 /* InfoPlist.strings */,
				C4398C8A19628CBC0076F005 /* main.m */,
				C4398C8C19628CBC0076F005 /* Convolution-Prefix.pch */,
			);
			name = "Supporting Files";
			sourceTree = "<group>";
		};
		C4398ECD19628D6E0076F005 /* Audio Files */ = {
			isa = PBXGroup;
			children = (
				C4398ECF19628D6E0076F005 /* dish.wav */,
				C4398ED019628D6E0076F005 /* Stairwell.wav */,
			);
			path = "Audio Files";
			sourceTree = "<group>";
		};
		C4398ED419628D760076F005 /* Instruments */ = {
			isa = PBXGroup;
			children = (
				C4FAE4061AEA532200FD71E2 /* AKSoundFiles.bundle */,
				C4398ED519628D760076F005 /* ConvolutionInstrument.h */,
				C4398ED619628D760076F005 /* ConvolutionInstrument.m */,
			);
			path = Instruments;
			sourceTree = "<group>";
		};
		C4FAE3CF1AEA4E1000FD71E2 /* Products */ = {
			isa = PBXGroup;
			children = (
				C4FAE3D51AEA4E1000FD71E2 /* libAudioKit iOS Static.a */,
				C4FAE3D71AEA4E1000FD71E2 /* libAudioKit iOS Dynamic.a */,
				C4FAE3D91AEA4E1000FD71E2 /* libAudioKit OS X.a */,
			);
			name = Products;
			sourceTree = "<group>";
		};
/* End PBXGroup section */

/* Begin PBXNativeTarget section */
		C4398C7A19628CBC0076F005 /* Convolution */ = {
			isa = PBXNativeTarget;
			buildConfigurationList = C4398CB019628CBC0076F005 /* Build configuration list for PBXNativeTarget "Convolution" */;
			buildPhases = (
				C4398C7719628CBC0076F005 /* Sources */,
				C4398C7819628CBC0076F005 /* Frameworks */,
				C4398C7919628CBC0076F005 /* Resources */,
			);
			buildRules = (
			);
			dependencies = (
				C4FAE3DB1AEA4E1C00FD71E2 /* PBXTargetDependency */,
			);
			name = Convolution;
			productName = Convolution;
			productReference = C4398C7B19628CBC0076F005 /* Convolution.app */;
			productType = "com.apple.product-type.application";
		};
/* End PBXNativeTarget section */

/* Begin PBXProject section */
		C4398C7319628CBC0076F005 /* Project object */ = {
			isa = PBXProject;
			attributes = {
				LastUpgradeCheck = 0510;
				ORGANIZATIONNAME = AudioKit;
			};
			buildConfigurationList = C4398C7619628CBC0076F005 /* Build configuration list for PBXProject "Convolution" */;
			compatibilityVersion = "Xcode 3.2";
			developmentRegion = English;
			hasScannedForEncodings = 0;
			knownRegions = (
				en,
				Base,
			);
			mainGroup = C4398C7219628CBC0076F005;
			productRefGroup = C4398C7C19628CBC0076F005 /* Products */;
			projectDirPath = "";
			projectReferences = (
				{
					ProductGroup = C4FAE3CF1AEA4E1000FD71E2 /* Products */;
					ProjectRef = C4FAE3CE1AEA4E1000FD71E2 /* AudioKit.xcodeproj */;
				},
			);
			projectRoot = "";
			targets = (
				C4398C7A19628CBC0076F005 /* Convolution */,
			);
		};
/* End PBXProject section */

/* Begin PBXReferenceProxy section */
		C4FAE3D51AEA4E1000FD71E2 /* libAudioKit iOS Static.a */ = {
			isa = PBXReferenceProxy;
			fileType = archive.ar;
			path = "libAudioKit iOS Static.a";
			remoteRef = C4FAE3D41AEA4E1000FD71E2 /* PBXContainerItemProxy */;
			sourceTree = BUILT_PRODUCTS_DIR;
		};
		C4FAE3D71AEA4E1000FD71E2 /* libAudioKit iOS Dynamic.a */ = {
			isa = PBXReferenceProxy;
			fileType = archive.ar;
			path = "libAudioKit iOS Dynamic.a";
			remoteRef = C4FAE3D61AEA4E1000FD71E2 /* PBXContainerItemProxy */;
			sourceTree = BUILT_PRODUCTS_DIR;
		};
		C4FAE3D91AEA4E1000FD71E2 /* libAudioKit OS X.a */ = {
			isa = PBXReferenceProxy;
			fileType = archive.ar;
			path = "libAudioKit OS X.a";
			remoteRef = C4FAE3D81AEA4E1000FD71E2 /* PBXContainerItemProxy */;
			sourceTree = BUILT_PRODUCTS_DIR;
		};
/* End PBXReferenceProxy section */

/* Begin PBXResourcesBuildPhase section */
		C4398C7919628CBC0076F005 /* Resources */ = {
			isa = PBXResourcesBuildPhase;
			buildActionMask = 2147483647;
			files = (
				C4398ED319628D6E0076F005 /* Stairwell.wav in Resources */,
				C4398ED219628D6E0076F005 /* dish.wav in Resources */,
				C4398C9A19628CBC0076F005 /* Images.xcassets in Resources */,
				C4FAE4071AEA532200FD71E2 /* AKSoundFiles.bundle in Resources */,
				C4398C9219628CBC0076F005 /* Main.storyboard in Resources */,
				C4398C8919628CBC0076F005 /* InfoPlist.strings in Resources */,
			);
			runOnlyForDeploymentPostprocessing = 0;
		};
/* End PBXResourcesBuildPhase section */

/* Begin PBXSourcesBuildPhase section */
		C4398C7719628CBC0076F005 /* Sources */ = {
			isa = PBXSourcesBuildPhase;
			buildActionMask = 2147483647;
			files = (
				C4398C9819628CBC0076F005 /* ViewController.m in Sources */,
				C4398ED719628D760076F005 /* ConvolutionInstrument.m in Sources */,
				C4398C8F19628CBC0076F005 /* AppDelegate.m in Sources */,
				C4398C8B19628CBC0076F005 /* main.m in Sources */,
			);
			runOnlyForDeploymentPostprocessing = 0;
		};
/* End PBXSourcesBuildPhase section */

/* Begin PBXTargetDependency section */
		C4FAE3DB1AEA4E1C00FD71E2 /* PBXTargetDependency */ = {
			isa = PBXTargetDependency;
			name = "AudioKit iOS Static";
			targetProxy = C4FAE3DA1AEA4E1C00FD71E2 /* PBXContainerItemProxy */;
		};
/* End PBXTargetDependency section */

/* Begin PBXVariantGroup section */
		C4398C8719628CBC0076F005 /* InfoPlist.strings */ = {
			isa = PBXVariantGroup;
			children = (
				C4398C8819628CBC0076F005 /* en */,
			);
			name = InfoPlist.strings;
			sourceTree = "<group>";
		};
		C4398C9019628CBC0076F005 /* Main.storyboard */ = {
			isa = PBXVariantGroup;
			children = (
				C4398C9119628CBC0076F005 /* Base */,
			);
			name = Main.storyboard;
			sourceTree = "<group>";
		};
/* End PBXVariantGroup section */

/* Begin XCBuildConfiguration section */
		C4398CAE19628CBC0076F005 /* Debug */ = {
			isa = XCBuildConfiguration;
			buildSettings = {
				ALWAYS_SEARCH_USER_PATHS = NO;
				CLANG_CXX_LANGUAGE_STANDARD = "gnu++0x";
				CLANG_CXX_LIBRARY = "libc++";
				CLANG_ENABLE_MODULES = YES;
				CLANG_ENABLE_OBJC_ARC = YES;
				CLANG_WARN_BOOL_CONVERSION = YES;
				CLANG_WARN_CONSTANT_CONVERSION = YES;
				CLANG_WARN_DIRECT_OBJC_ISA_USAGE = YES_ERROR;
				CLANG_WARN_DOCUMENTATION_COMMENTS = YES;
				CLANG_WARN_EMPTY_BODY = YES;
				CLANG_WARN_ENUM_CONVERSION = YES;
				CLANG_WARN_INT_CONVERSION = YES;
				CLANG_WARN_OBJC_ROOT_CLASS = YES_ERROR;
				CLANG_WARN__DUPLICATE_METHOD_MATCH = YES;
				"CODE_SIGN_IDENTITY[sdk=iphoneos*]" = "iPhone Developer";
				COPY_PHASE_STRIP = NO;
				GCC_C_LANGUAGE_STANDARD = gnu99;
				GCC_DYNAMIC_NO_PIC = NO;
				GCC_OPTIMIZATION_LEVEL = 0;
				GCC_PREPROCESSOR_DEFINITIONS = (
					"DEBUG=1",
					"$(inherited)",
				);
				GCC_SYMBOLS_PRIVATE_EXTERN = NO;
				GCC_WARN_64_TO_32_BIT_CONVERSION = YES;
				GCC_WARN_ABOUT_RETURN_TYPE = YES_ERROR;
				GCC_WARN_UNDECLARED_SELECTOR = YES;
				GCC_WARN_UNINITIALIZED_AUTOS = YES_AGGRESSIVE;
				GCC_WARN_UNUSED_FUNCTION = YES;
				GCC_WARN_UNUSED_VARIABLE = YES;
				IPHONEOS_DEPLOYMENT_TARGET = 7.1;
				ONLY_ACTIVE_ARCH = YES;
				SDKROOT = iphoneos;
				TARGETED_DEVICE_FAMILY = "1,2";
			};
			name = Debug;
		};
		C4398CAF19628CBC0076F005 /* Release */ = {
			isa = XCBuildConfiguration;
			buildSettings = {
				ALWAYS_SEARCH_USER_PATHS = NO;
				CLANG_CXX_LANGUAGE_STANDARD = "gnu++0x";
				CLANG_CXX_LIBRARY = "libc++";
				CLANG_ENABLE_MODULES = YES;
				CLANG_ENABLE_OBJC_ARC = YES;
				CLANG_WARN_BOOL_CONVERSION = YES;
				CLANG_WARN_CONSTANT_CONVERSION = YES;
				CLANG_WARN_DIRECT_OBJC_ISA_USAGE = YES_ERROR;
				CLANG_WARN_DOCUMENTATION_COMMENTS = YES;
				CLANG_WARN_EMPTY_BODY = YES;
				CLANG_WARN_ENUM_CONVERSION = YES;
				CLANG_WARN_INT_CONVERSION = YES;
				CLANG_WARN_OBJC_ROOT_CLASS = YES_ERROR;
				CLANG_WARN__DUPLICATE_METHOD_MATCH = YES;
				"CODE_SIGN_IDENTITY[sdk=iphoneos*]" = "iPhone Developer";
				COPY_PHASE_STRIP = YES;
				ENABLE_NS_ASSERTIONS = NO;
				GCC_C_LANGUAGE_STANDARD = gnu99;
				GCC_WARN_64_TO_32_BIT_CONVERSION = YES;
				GCC_WARN_ABOUT_RETURN_TYPE = YES_ERROR;
				GCC_WARN_UNDECLARED_SELECTOR = YES;
				GCC_WARN_UNINITIALIZED_AUTOS = YES_AGGRESSIVE;
				GCC_WARN_UNUSED_FUNCTION = YES;
				GCC_WARN_UNUSED_VARIABLE = YES;
				IPHONEOS_DEPLOYMENT_TARGET = 7.1;
				SDKROOT = iphoneos;
				TARGETED_DEVICE_FAMILY = "1,2";
				VALIDATE_PRODUCT = YES;
			};
			name = Release;
		};
		C4398CB119628CBC0076F005 /* Debug */ = {
			isa = XCBuildConfiguration;
			buildSettings = {
				ASSETCATALOG_COMPILER_APPICON_NAME = AppIcon;
				ASSETCATALOG_COMPILER_LAUNCHIMAGE_NAME = LaunchImage;
				GCC_PRECOMPILE_PREFIX_HEADER = YES;
				GCC_PREFIX_HEADER = "Convolution/Convolution-Prefix.pch";
				INFOPLIST_FILE = "Convolution/Convolution-Info.plist";
				IPHONEOS_DEPLOYMENT_TARGET = 8.0;
				LIBRARY_SEARCH_PATHS = "";
				OTHER_LDFLAGS = "-ObjC";
				PRODUCT_NAME = "$(TARGET_NAME)";
				TARGETED_DEVICE_FAMILY = "1,2";
				USER_HEADER_SEARCH_PATHS = "../../../AudioKitV2.2/AudioKit/**";
				WRAPPER_EXTENSION = app;
			};
			name = Debug;
		};
		C4398CB219628CBC0076F005 /* Release */ = {
			isa = XCBuildConfiguration;
			buildSettings = {
				ASSETCATALOG_COMPILER_APPICON_NAME = AppIcon;
				ASSETCATALOG_COMPILER_LAUNCHIMAGE_NAME = LaunchImage;
				GCC_PRECOMPILE_PREFIX_HEADER = YES;
				GCC_PREFIX_HEADER = "Convolution/Convolution-Prefix.pch";
				INFOPLIST_FILE = "Convolution/Convolution-Info.plist";
				IPHONEOS_DEPLOYMENT_TARGET = 8.0;
				LIBRARY_SEARCH_PATHS = "";
				OTHER_LDFLAGS = "-ObjC";
				PRODUCT_NAME = "$(TARGET_NAME)";
				TARGETED_DEVICE_FAMILY = "1,2";
				USER_HEADER_SEARCH_PATHS = "../../../AudioKitV2.2/AudioKit/**";
				WRAPPER_EXTENSION = app;
			};
			name = Release;
		};
/* End XCBuildConfiguration section */

/* Begin XCConfigurationList section */
		C4398C7619628CBC0076F005 /* Build configuration list for PBXProject "Convolution" */ = {
			isa = XCConfigurationList;
			buildConfigurations = (
				C4398CAE19628CBC0076F005 /* Debug */,
				C4398CAF19628CBC0076F005 /* Release */,
			);
			defaultConfigurationIsVisible = 0;
			defaultConfigurationName = Release;
		};
		C4398CB019628CBC0076F005 /* Build configuration list for PBXNativeTarget "Convolution" */ = {
			isa = XCConfigurationList;
			buildConfigurations = (
				C4398CB119628CBC0076F005 /* Debug */,
				C4398CB219628CBC0076F005 /* Release */,
			);
			defaultConfigurationIsVisible = 0;
			defaultConfigurationName = Release;
		};
/* End XCConfigurationList section */
	};
	rootObject = C4398C7319628CBC0076F005 /* Project object */;
}
