// !$*UTF8*$!
{
	archiveVersion = 1;
	classes = {
	};
	objectVersion = 46;
	objects = {

/* Begin PBXBuildFile section */
		94C56D111B0BB8C10070516B /* AppDelegate.swift in Sources */ = {isa = PBXBuildFile; fileRef = 94C56D101B0BB8C10070516B /* AppDelegate.swift */; };
		94C56D131B0BB8C10070516B /* ViewController.swift in Sources */ = {isa = PBXBuildFile; fileRef = 94C56D121B0BB8C10070516B /* ViewController.swift */; };
		94C56D161B0BB8C10070516B /* Main.storyboard in Resources */ = {isa = PBXBuildFile; fileRef = 94C56D141B0BB8C10070516B /* Main.storyboard */; };
		94C56D181B0BB8C10070516B /* Images.xcassets in Resources */ = {isa = PBXBuildFile; fileRef = 94C56D171B0BB8C10070516B /* Images.xcassets */; };
		94C56D1B1B0BB8C10070516B /* LaunchScreen.xib in Resources */ = {isa = PBXBuildFile; fileRef = 94C56D191B0BB8C10070516B /* LaunchScreen.xib */; };
		94C56D3E1B0BB8DD0070516B /* libAudioKit iOS Static.a in Frameworks */ = {isa = PBXBuildFile; fileRef = 94C56D371B0BB8CE0070516B /* libAudioKit iOS Static.a */; };
		94C56D401B0BB9870070516B /* AudioKit.swift in Sources */ = {isa = PBXBuildFile; fileRef = 94C56D3F1B0BB9870070516B /* AudioKit.swift */; };
		94C56D461B0BBAA00070516B /* HeadView.swift in Sources */ = {isa = PBXBuildFile; fileRef = 94C56D451B0BBAA00070516B /* HeadView.swift */; };
		94C56D481B0BBC340070516B /* StyleKit.swift in Sources */ = {isa = PBXBuildFile; fileRef = 94C56D471B0BBC340070516B /* StyleKit.swift */; };
		94C56D4A1B0BC29A0070516B /* Player.swift in Sources */ = {isa = PBXBuildFile; fileRef = 94C56D491B0BC29A0070516B /* Player.swift */; };
		94C56D4C1B0BC50F0070516B /* AKSoundFiles.bundle in Resources */ = {isa = PBXBuildFile; fileRef = 94C56D4B1B0BC50F0070516B /* AKSoundFiles.bundle */; };
/* End PBXBuildFile section */

/* Begin PBXContainerItemProxy section */
		94C56D361B0BB8CE0070516B /* PBXContainerItemProxy */ = {
			isa = PBXContainerItemProxy;
			containerPortal = 94C56D301B0BB8CE0070516B /* AudioKit.xcodeproj */;
			proxyType = 2;
			remoteGlobalIDString = EA8E93D81AD3C5240057E979;
			remoteInfo = "AudioKit iOS Static";
		};
		94C56D381B0BB8CE0070516B /* PBXContainerItemProxy */ = {
			isa = PBXContainerItemProxy;
			containerPortal = 94C56D301B0BB8CE0070516B /* AudioKit.xcodeproj */;
			proxyType = 2;
			remoteGlobalIDString = EAA0F5941AE71C8F007CD7C9;
			remoteInfo = "AudioKit iOS Dynamic";
		};
		94C56D3A1B0BB8CE0070516B /* PBXContainerItemProxy */ = {
			isa = PBXContainerItemProxy;
			containerPortal = 94C56D301B0BB8CE0070516B /* AudioKit.xcodeproj */;
			proxyType = 2;
			remoteGlobalIDString = EA8E96591AD3C6FC0057E979;
			remoteInfo = "AudioKit OS X";
		};
		94C56D3C1B0BB8D70070516B /* PBXContainerItemProxy */ = {
			isa = PBXContainerItemProxy;
			containerPortal = 94C56D301B0BB8CE0070516B /* AudioKit.xcodeproj */;
			proxyType = 1;
			remoteGlobalIDString = EA8E93D71AD3C5240057E979;
			remoteInfo = "AudioKit iOS Static";
		};
/* End PBXContainerItemProxy section */

/* Begin PBXFileReference section */
		94C56D0B1B0BB8C10070516B /* BinauralAudio.app */ = {isa = PBXFileReference; explicitFileType = wrapper.application; includeInIndex = 0; path = BinauralAudio.app; sourceTree = BUILT_PRODUCTS_DIR; };
		94C56D0F1B0BB8C10070516B /* Info.plist */ = {isa = PBXFileReference; lastKnownFileType = text.plist.xml; path = Info.plist; sourceTree = "<group>"; };
		94C56D101B0BB8C10070516B /* AppDelegate.swift */ = {isa = PBXFileReference; lastKnownFileType = sourcecode.swift; path = AppDelegate.swift; sourceTree = "<group>"; };
		94C56D121B0BB8C10070516B /* ViewController.swift */ = {isa = PBXFileReference; lastKnownFileType = sourcecode.swift; path = ViewController.swift; sourceTree = "<group>"; };
		94C56D151B0BB8C10070516B /* Base */ = {isa = PBXFileReference; lastKnownFileType = file.storyboard; name = Base; path = Base.lproj/Main.storyboard; sourceTree = "<group>"; };
		94C56D171B0BB8C10070516B /* Images.xcassets */ = {isa = PBXFileReference; lastKnownFileType = folder.assetcatalog; path = Images.xcassets; sourceTree = "<group>"; };
		94C56D1A1B0BB8C10070516B /* Base */ = {isa = PBXFileReference; lastKnownFileType = file.xib; name = Base; path = Base.lproj/LaunchScreen.xib; sourceTree = "<group>"; };
		94C56D301B0BB8CE0070516B /* AudioKit.xcodeproj */ = {isa = PBXFileReference; lastKnownFileType = "wrapper.pb-project"; name = AudioKit.xcodeproj; path = ../../../AudioKitV2.1/AudioKit.xcodeproj; sourceTree = "<group>"; };
		94C56D3F1B0BB9870070516B /* AudioKit.swift */ = {isa = PBXFileReference; fileEncoding = 4; lastKnownFileType = sourcecode.swift; name = AudioKit.swift; path = ../../../../AudioKitV2.1/AudioKit/Platforms/Swift/AudioKit.swift; sourceTree = "<group>"; };
		94C56D411B0BB9930070516B /* BinauralAudio-Bridging-Header.h */ = {isa = PBXFileReference; lastKnownFileType = sourcecode.c.h; path = "BinauralAudio-Bridging-Header.h"; sourceTree = "<group>"; };
		94C56D451B0BBAA00070516B /* HeadView.swift */ = {isa = PBXFileReference; fileEncoding = 4; lastKnownFileType = sourcecode.swift; path = HeadView.swift; sourceTree = "<group>"; };
		94C56D471B0BBC340070516B /* StyleKit.swift */ = {isa = PBXFileReference; fileEncoding = 4; lastKnownFileType = sourcecode.swift; path = StyleKit.swift; sourceTree = "<group>"; };
		94C56D491B0BC29A0070516B /* Player.swift */ = {isa = PBXFileReference; fileEncoding = 4; lastKnownFileType = sourcecode.swift; path = Player.swift; sourceTree = "<group>"; };
		94C56D4B1B0BC50F0070516B /* AKSoundFiles.bundle */ = {isa = PBXFileReference; lastKnownFileType = "wrapper.plug-in"; name = AKSoundFiles.bundle; path = ../../../../AudioKitV2.1/AudioKit/AKSoundFiles.bundle; sourceTree = "<group>"; };
/* End PBXFileReference section */

/* Begin PBXFrameworksBuildPhase section */
		94C56D081B0BB8C10070516B /* Frameworks */ = {
			isa = PBXFrameworksBuildPhase;
			buildActionMask = 2147483647;
			files = (
				94C56D3E1B0BB8DD0070516B /* libAudioKit iOS Static.a in Frameworks */,
			);
			runOnlyForDeploymentPostprocessing = 0;
		};
/* End PBXFrameworksBuildPhase section */

/* Begin PBXGroup section */
		94C56D021B0BB8C10070516B = {
			isa = PBXGroup;
			children = (
				94C56D301B0BB8CE0070516B /* AudioKit.xcodeproj */,
				94C56D0D1B0BB8C10070516B /* BinauralAudio */,
				94C56D0C1B0BB8C10070516B /* Products */,
			);
			sourceTree = "<group>";
		};
		94C56D0C1B0BB8C10070516B /* Products */ = {
			isa = PBXGroup;
			children = (
				94C56D0B1B0BB8C10070516B /* BinauralAudio.app */,
			);
			name = Products;
			sourceTree = "<group>";
		};
		94C56D0D1B0BB8C10070516B /* BinauralAudio */ = {
			isa = PBXGroup;
			children = (
				94C56D471B0BBC340070516B /* StyleKit.swift */,
				94C56D451B0BBAA00070516B /* HeadView.swift */,
				94C56D491B0BC29A0070516B /* Player.swift */,
				94C56D121B0BB8C10070516B /* ViewController.swift */,
				94C56D101B0BB8C10070516B /* AppDelegate.swift */,
				94C56D141B0BB8C10070516B /* Main.storyboard */,
				94C56D171B0BB8C10070516B /* Images.xcassets */,
				94C56D191B0BB8C10070516B /* LaunchScreen.xib */,
				94C56D4B1B0BC50F0070516B /* AKSoundFiles.bundle */,
				94C56D0E1B0BB8C10070516B /* Supporting Files */,
			);
			path = BinauralAudio;
			sourceTree = "<group>";
		};
		94C56D0E1B0BB8C10070516B /* Supporting Files */ = {
			isa = PBXGroup;
			children = (
				94C56D411B0BB9930070516B /* BinauralAudio-Bridging-Header.h */,
				94C56D3F1B0BB9870070516B /* AudioKit.swift */,
				94C56D0F1B0BB8C10070516B /* Info.plist */,
			);
			name = "Supporting Files";
			sourceTree = "<group>";
		};
		94C56D311B0BB8CE0070516B /* Products */ = {
			isa = PBXGroup;
			children = (
				94C56D371B0BB8CE0070516B /* libAudioKit iOS Static.a */,
				94C56D391B0BB8CE0070516B /* libAudioKit iOS Dynamic.a */,
				94C56D3B1B0BB8CE0070516B /* libAudioKit OS X.a */,
			);
			name = Products;
			sourceTree = "<group>";
		};
/* End PBXGroup section */

/* Begin PBXNativeTarget section */
		94C56D0A1B0BB8C10070516B /* BinauralAudio */ = {
			isa = PBXNativeTarget;
			buildConfigurationList = 94C56D2A1B0BB8C10070516B /* Build configuration list for PBXNativeTarget "BinauralAudio" */;
			buildPhases = (
				94C56D071B0BB8C10070516B /* Sources */,
				94C56D081B0BB8C10070516B /* Frameworks */,
				94C56D091B0BB8C10070516B /* Resources */,
			);
			buildRules = (
			);
			dependencies = (
				94C56D3D1B0BB8D70070516B /* PBXTargetDependency */,
			);
			name = BinauralAudio;
			productName = BinauralAudio;
			productReference = 94C56D0B1B0BB8C10070516B /* BinauralAudio.app */;
			productType = "com.apple.product-type.application";
		};
/* End PBXNativeTarget section */

/* Begin PBXProject section */
		94C56D031B0BB8C10070516B /* Project object */ = {
			isa = PBXProject;
			attributes = {
				LastUpgradeCheck = 0630;
				ORGANIZATIONNAME = audiokit.io;
				TargetAttributes = {
					94C56D0A1B0BB8C10070516B = {
						CreatedOnToolsVersion = 6.3.2;
					};
				};
			};
			buildConfigurationList = 94C56D061B0BB8C10070516B /* Build configuration list for PBXProject "BinauralAudio" */;
			compatibilityVersion = "Xcode 3.2";
			developmentRegion = English;
			hasScannedForEncodings = 0;
			knownRegions = (
				en,
				Base,
			);
			mainGroup = 94C56D021B0BB8C10070516B;
			productRefGroup = 94C56D0C1B0BB8C10070516B /* Products */;
			projectDirPath = "";
			projectReferences = (
				{
					ProductGroup = 94C56D311B0BB8CE0070516B /* Products */;
					ProjectRef = 94C56D301B0BB8CE0070516B /* AudioKit.xcodeproj */;
				},
			);
			projectRoot = "";
			targets = (
				94C56D0A1B0BB8C10070516B /* BinauralAudio */,
			);
		};
/* End PBXProject section */

/* Begin PBXReferenceProxy section */
		94C56D371B0BB8CE0070516B /* libAudioKit iOS Static.a */ = {
			isa = PBXReferenceProxy;
			fileType = archive.ar;
			path = "libAudioKit iOS Static.a";
			remoteRef = 94C56D361B0BB8CE0070516B /* PBXContainerItemProxy */;
			sourceTree = BUILT_PRODUCTS_DIR;
		};
		94C56D391B0BB8CE0070516B /* libAudioKit iOS Dynamic.a */ = {
			isa = PBXReferenceProxy;
			fileType = archive.ar;
			path = "libAudioKit iOS Dynamic.a";
			remoteRef = 94C56D381B0BB8CE0070516B /* PBXContainerItemProxy */;
			sourceTree = BUILT_PRODUCTS_DIR;
		};
		94C56D3B1B0BB8CE0070516B /* libAudioKit OS X.a */ = {
			isa = PBXReferenceProxy;
			fileType = archive.ar;
			path = "libAudioKit OS X.a";
			remoteRef = 94C56D3A1B0BB8CE0070516B /* PBXContainerItemProxy */;
			sourceTree = BUILT_PRODUCTS_DIR;
		};
/* End PBXReferenceProxy section */

/* Begin PBXResourcesBuildPhase section */
		94C56D091B0BB8C10070516B /* Resources */ = {
			isa = PBXResourcesBuildPhase;
			buildActionMask = 2147483647;
			files = (
				94C56D161B0BB8C10070516B /* Main.storyboard in Resources */,
				94C56D1B1B0BB8C10070516B /* LaunchScreen.xib in Resources */,
				94C56D181B0BB8C10070516B /* Images.xcassets in Resources */,
				94C56D4C1B0BC50F0070516B /* AKSoundFiles.bundle in Resources */,
			);
			runOnlyForDeploymentPostprocessing = 0;
		};
/* End PBXResourcesBuildPhase section */

/* Begin PBXSourcesBuildPhase section */
		94C56D071B0BB8C10070516B /* Sources */ = {
			isa = PBXSourcesBuildPhase;
			buildActionMask = 2147483647;
			files = (
				94C56D401B0BB9870070516B /* AudioKit.swift in Sources */,
				94C56D4A1B0BC29A0070516B /* Player.swift in Sources */,
				94C56D131B0BB8C10070516B /* ViewController.swift in Sources */,
				94C56D461B0BBAA00070516B /* HeadView.swift in Sources */,
				94C56D481B0BBC340070516B /* StyleKit.swift in Sources */,
				94C56D111B0BB8C10070516B /* AppDelegate.swift in Sources */,
			);
			runOnlyForDeploymentPostprocessing = 0;
		};
/* End PBXSourcesBuildPhase section */

/* Begin PBXTargetDependency section */
		94C56D3D1B0BB8D70070516B /* PBXTargetDependency */ = {
			isa = PBXTargetDependency;
			name = "AudioKit iOS Static";
			targetProxy = 94C56D3C1B0BB8D70070516B /* PBXContainerItemProxy */;
		};
/* End PBXTargetDependency section */

/* Begin PBXVariantGroup section */
		94C56D141B0BB8C10070516B /* Main.storyboard */ = {
			isa = PBXVariantGroup;
			children = (
				94C56D151B0BB8C10070516B /* Base */,
			);
			name = Main.storyboard;
			sourceTree = "<group>";
		};
		94C56D191B0BB8C10070516B /* LaunchScreen.xib */ = {
			isa = PBXVariantGroup;
			children = (
				94C56D1A1B0BB8C10070516B /* Base */,
			);
			name = LaunchScreen.xib;
			sourceTree = "<group>";
		};
/* End PBXVariantGroup section */

/* Begin XCBuildConfiguration section */
		94C56D281B0BB8C10070516B /* Debug */ = {
			isa = XCBuildConfiguration;
			buildSettings = {
				ALWAYS_SEARCH_USER_PATHS = NO;
				CLANG_CXX_LANGUAGE_STANDARD = "gnu++0x";
				CLANG_CXX_LIBRARY = "libc++";
				CLANG_ENABLE_MODULES = YES;
				CLANG_ENABLE_OBJC_ARC = YES;
				CLANG_WARN_BOOL_CONVERSION = YES;
				CLANG_WARN_CONSTANT_CONVERSION = YES;
				CLANG_WARN_DIRECT_OBJC_ISA_USAGE = YES_ERROR;
				CLANG_WARN_EMPTY_BODY = YES;
				CLANG_WARN_ENUM_CONVERSION = YES;
				CLANG_WARN_INT_CONVERSION = YES;
				CLANG_WARN_OBJC_ROOT_CLASS = YES_ERROR;
				CLANG_WARN_UNREACHABLE_CODE = YES;
				CLANG_WARN__DUPLICATE_METHOD_MATCH = YES;
				"CODE_SIGN_IDENTITY[sdk=iphoneos*]" = "iPhone Developer";
				COPY_PHASE_STRIP = NO;
				DEBUG_INFORMATION_FORMAT = "dwarf-with-dsym";
				ENABLE_STRICT_OBJC_MSGSEND = YES;
				GCC_C_LANGUAGE_STANDARD = gnu99;
				GCC_DYNAMIC_NO_PIC = NO;
				GCC_NO_COMMON_BLOCKS = YES;
				GCC_OPTIMIZATION_LEVEL = 0;
				GCC_PREPROCESSOR_DEFINITIONS = (
					"DEBUG=1",
					"$(inherited)",
				);
				GCC_SYMBOLS_PRIVATE_EXTERN = NO;
				GCC_WARN_64_TO_32_BIT_CONVERSION = YES;
				GCC_WARN_ABOUT_RETURN_TYPE = YES_ERROR;
				GCC_WARN_UNDECLARED_SELECTOR = YES;
				GCC_WARN_UNINITIALIZED_AUTOS = YES_AGGRESSIVE;
				GCC_WARN_UNUSED_FUNCTION = YES;
				GCC_WARN_UNUSED_VARIABLE = YES;
				IPHONEOS_DEPLOYMENT_TARGET = 8.3;
				MTL_ENABLE_DEBUG_INFO = YES;
				ONLY_ACTIVE_ARCH = YES;
				SDKROOT = iphoneos;
				SWIFT_OPTIMIZATION_LEVEL = "-Onone";
				TARGETED_DEVICE_FAMILY = "1,2";
			};
			name = Debug;
		};
		94C56D291B0BB8C10070516B /* Release */ = {
			isa = XCBuildConfiguration;
			buildSettings = {
				ALWAYS_SEARCH_USER_PATHS = NO;
				CLANG_CXX_LANGUAGE_STANDARD = "gnu++0x";
				CLANG_CXX_LIBRARY = "libc++";
				CLANG_ENABLE_MODULES = YES;
				CLANG_ENABLE_OBJC_ARC = YES;
				CLANG_WARN_BOOL_CONVERSION = YES;
				CLANG_WARN_CONSTANT_CONVERSION = YES;
				CLANG_WARN_DIRECT_OBJC_ISA_USAGE = YES_ERROR;
				CLANG_WARN_EMPTY_BODY = YES;
				CLANG_WARN_ENUM_CONVERSION = YES;
				CLANG_WARN_INT_CONVERSION = YES;
				CLANG_WARN_OBJC_ROOT_CLASS = YES_ERROR;
				CLANG_WARN_UNREACHABLE_CODE = YES;
				CLANG_WARN__DUPLICATE_METHOD_MATCH = YES;
				"CODE_SIGN_IDENTITY[sdk=iphoneos*]" = "iPhone Developer";
				COPY_PHASE_STRIP = NO;
				DEBUG_INFORMATION_FORMAT = "dwarf-with-dsym";
				ENABLE_NS_ASSERTIONS = NO;
				ENABLE_STRICT_OBJC_MSGSEND = YES;
				GCC_C_LANGUAGE_STANDARD = gnu99;
				GCC_NO_COMMON_BLOCKS = YES;
				GCC_WARN_64_TO_32_BIT_CONVERSION = YES;
				GCC_WARN_ABOUT_RETURN_TYPE = YES_ERROR;
				GCC_WARN_UNDECLARED_SELECTOR = YES;
				GCC_WARN_UNINITIALIZED_AUTOS = YES_AGGRESSIVE;
				GCC_WARN_UNUSED_FUNCTION = YES;
				GCC_WARN_UNUSED_VARIABLE = YES;
				IPHONEOS_DEPLOYMENT_TARGET = 8.3;
				MTL_ENABLE_DEBUG_INFO = NO;
				SDKROOT = iphoneos;
				TARGETED_DEVICE_FAMILY = "1,2";
				VALIDATE_PRODUCT = YES;
			};
			name = Release;
		};
		94C56D2B1B0BB8C10070516B /* Debug */ = {
			isa = XCBuildConfiguration;
			buildSettings = {
				ASSETCATALOG_COMPILER_APPICON_NAME = AppIcon;
				CLANG_ENABLE_MODULES = YES;
				INFOPLIST_FILE = BinauralAudio/Info.plist;
				LD_RUNPATH_SEARCH_PATHS = "$(inherited) @executable_path/Frameworks";
				OTHER_LDFLAGS = "-ObjC";
				PRODUCT_NAME = "$(TARGET_NAME)";
				SWIFT_OBJC_BRIDGING_HEADER = "BinauralAudio/BinauralAudio-Bridging-Header.h";
				SWIFT_OPTIMIZATION_LEVEL = "-Onone";
				USER_HEADER_SEARCH_PATHS = "../../../AudioKItV2.1/AudioKit/**";
			};
			name = Debug;
		};
		94C56D2C1B0BB8C10070516B /* Release */ = {
			isa = XCBuildConfiguration;
			buildSettings = {
				ASSETCATALOG_COMPILER_APPICON_NAME = AppIcon;
				CLANG_ENABLE_MODULES = YES;
				INFOPLIST_FILE = BinauralAudio/Info.plist;
				LD_RUNPATH_SEARCH_PATHS = "$(inherited) @executable_path/Frameworks";
				OTHER_LDFLAGS = "-ObjC";
				PRODUCT_NAME = "$(TARGET_NAME)";
				SWIFT_OBJC_BRIDGING_HEADER = "BinauralAudio/BinauralAudio-Bridging-Header.h";
				USER_HEADER_SEARCH_PATHS = "../../../AudioKItV2.1/AudioKit/**";
			};
			name = Release;
		};
/* End XCBuildConfiguration section */

/* Begin XCConfigurationList section */
		94C56D061B0BB8C10070516B /* Build configuration list for PBXProject "BinauralAudio" */ = {
			isa = XCConfigurationList;
			buildConfigurations = (
				94C56D281B0BB8C10070516B /* Debug */,
				94C56D291B0BB8C10070516B /* Release */,
			);
			defaultConfigurationIsVisible = 0;
			defaultConfigurationName = Release;
		};
		94C56D2A1B0BB8C10070516B /* Build configuration list for PBXNativeTarget "BinauralAudio" */ = {
			isa = XCConfigurationList;
			buildConfigurations = (
				94C56D2B1B0BB8C10070516B /* Debug */,
				94C56D2C1B0BB8C10070516B /* Release */,
			);
			defaultConfigurationIsVisible = 0;
			defaultConfigurationName = Release;
		};
/* End XCConfigurationList section */
	};
	rootObject = 94C56D031B0BB8C10070516B /* Project object */;
}
