// !$*UTF8*$!
{
	archiveVersion = 1;
	classes = {
	};
	objectVersion = 46;
	objects = {

/* Begin PBXBuildFile section */
		C4AC709A1A91ED5200B2F63B /* AppDelegate.swift in Sources */ = {isa = PBXBuildFile; fileRef = C4AC70991A91ED5200B2F63B /* AppDelegate.swift */; };
		C4AC709C1A91ED5200B2F63B /* ViewController.swift in Sources */ = {isa = PBXBuildFile; fileRef = C4AC709B1A91ED5200B2F63B /* ViewController.swift */; };
		C4AC709F1A91ED5200B2F63B /* Main.storyboard in Resources */ = {isa = PBXBuildFile; fileRef = C4AC709D1A91ED5200B2F63B /* Main.storyboard */; };
		C4AC70A11A91ED5200B2F63B /* Images.xcassets in Resources */ = {isa = PBXBuildFile; fileRef = C4AC70A01A91ED5200B2F63B /* Images.xcassets */; };
		C4AC70A41A91ED5200B2F63B /* LaunchScreen.xib in Resources */ = {isa = PBXBuildFile; fileRef = C4AC70A21A91ED5200B2F63B /* LaunchScreen.xib */; };
		C4AC72AC1A91EDF000B2F63B /* HarmonizerInstrument.swift in Sources */ = {isa = PBXBuildFile; fileRef = C4AC72AB1A91EDF000B2F63B /* HarmonizerInstrument.swift */; };
		C4FAE5161AEACCBF00FD71E2 /* AudioKit.swift in Sources */ = {isa = PBXBuildFile; fileRef = C4FAE5151AEACCBF00FD71E2 /* AudioKit.swift */; };
		EA8CECAD1BA3BC0A00DD53F6 /* libAudioKit iOS Static.a in Frameworks */ = {isa = PBXBuildFile; fileRef = EA8CECA61BA3BBFD00DD53F6 /* libAudioKit iOS Static.a */; };
/* End PBXBuildFile section */

/* Begin PBXContainerItemProxy section */
		EA8CECA51BA3BBFD00DD53F6 /* PBXContainerItemProxy */ = {
			isa = PBXContainerItemProxy;
			containerPortal = C4FAE5061AEACC1900FD71E2 /* AudioKit.xcodeproj */;
			proxyType = 2;
			remoteGlobalIDString = EA8E93D81AD3C5240057E979;
			remoteInfo = "AudioKit iOS Static";
		};
		EA8CECA71BA3BBFD00DD53F6 /* PBXContainerItemProxy */ = {
			isa = PBXContainerItemProxy;
			containerPortal = C4FAE5061AEACC1900FD71E2 /* AudioKit.xcodeproj */;
			proxyType = 2;
			remoteGlobalIDString = EAA0F5941AE71C8F007CD7C9;
			remoteInfo = "AudioKit iOS Dynamic";
		};
		EA8CECA91BA3BBFD00DD53F6 /* PBXContainerItemProxy */ = {
			isa = PBXContainerItemProxy;
			containerPortal = C4FAE5061AEACC1900FD71E2 /* AudioKit.xcodeproj */;
			proxyType = 2;
			remoteGlobalIDString = EA8E96591AD3C6FC0057E979;
			remoteInfo = "AudioKit OS X";
		};
		EA8CECAB1BA3BC0400DD53F6 /* PBXContainerItemProxy */ = {
			isa = PBXContainerItemProxy;
			containerPortal = C4FAE5061AEACC1900FD71E2 /* AudioKit.xcodeproj */;
			proxyType = 1;
			remoteGlobalIDString = EA8E93D71AD3C5240057E979;
			remoteInfo = "AudioKit iOS Static";
		};
/* End PBXContainerItemProxy section */

/* Begin PBXFileReference section */
		C4AC70941A91ED5200B2F63B /* Harmonizer.app */ = {isa = PBXFileReference; explicitFileType = wrapper.application; includeInIndex = 0; path = Harmonizer.app; sourceTree = BUILT_PRODUCTS_DIR; };
		C4AC70981A91ED5200B2F63B /* Info.plist */ = {isa = PBXFileReference; lastKnownFileType = text.plist.xml; path = Info.plist; sourceTree = "<group>"; };
		C4AC70991A91ED5200B2F63B /* AppDelegate.swift */ = {isa = PBXFileReference; lastKnownFileType = sourcecode.swift; path = AppDelegate.swift; sourceTree = "<group>"; };
		C4AC709B1A91ED5200B2F63B /* ViewController.swift */ = {isa = PBXFileReference; lastKnownFileType = sourcecode.swift; path = ViewController.swift; sourceTree = "<group>"; };
		C4AC709E1A91ED5200B2F63B /* Base */ = {isa = PBXFileReference; lastKnownFileType = file.storyboard; name = Base; path = Base.lproj/Main.storyboard; sourceTree = "<group>"; };
		C4AC70A01A91ED5200B2F63B /* Images.xcassets */ = {isa = PBXFileReference; lastKnownFileType = folder.assetcatalog; path = Images.xcassets; sourceTree = "<group>"; };
		C4AC70A31A91ED5200B2F63B /* Base */ = {isa = PBXFileReference; lastKnownFileType = file.xib; name = Base; path = Base.lproj/LaunchScreen.xib; sourceTree = "<group>"; };
		C4AC72AB1A91EDF000B2F63B /* HarmonizerInstrument.swift */ = {isa = PBXFileReference; fileEncoding = 4; lastKnownFileType = sourcecode.swift; path = HarmonizerInstrument.swift; sourceTree = "<group>"; };
		C4C94D561ACE724100326CA9 /* Bridging-Header.h */ = {isa = PBXFileReference; lastKnownFileType = sourcecode.c.h; path = "Bridging-Header.h"; sourceTree = "<group>"; };
		C4FAE5061AEACC1900FD71E2 /* AudioKit.xcodeproj */ = {isa = PBXFileReference; lastKnownFileType = "wrapper.pb-project"; name = AudioKit.xcodeproj; path = ../../../AudioKit/AudioKit.xcodeproj; sourceTree = "<group>"; };
		C4FAE5151AEACCBF00FD71E2 /* AudioKit.swift */ = {isa = PBXFileReference; fileEncoding = 4; lastKnownFileType = sourcecode.swift; name = AudioKit.swift; path = ../../../../AudioKit/AudioKit/Platforms/Swift/AudioKit.swift; sourceTree = "<group>"; };
/* End PBXFileReference section */

/* Begin PBXFrameworksBuildPhase section */
		C4AC70911A91ED5200B2F63B /* Frameworks */ = {
			isa = PBXFrameworksBuildPhase;
			buildActionMask = 2147483647;
			files = (
				EA8CECAD1BA3BC0A00DD53F6 /* libAudioKit iOS Static.a in Frameworks */,
			);
			runOnlyForDeploymentPostprocessing = 0;
		};
/* End PBXFrameworksBuildPhase section */

/* Begin PBXGroup section */
		C4AC708B1A91ED5200B2F63B = {
			isa = PBXGroup;
			children = (
				C4FAE5061AEACC1900FD71E2 /* AudioKit.xcodeproj */,
				C4AC70961A91ED5200B2F63B /* Harmonizer */,
				C4AC70951A91ED5200B2F63B /* Products */,
			);
			sourceTree = "<group>";
		};
		C4AC70951A91ED5200B2F63B /* Products */ = {
			isa = PBXGroup;
			children = (
				C4AC70941A91ED5200B2F63B /* Harmonizer.app */,
			);
			name = Products;
			sourceTree = "<group>";
		};
		C4AC70961A91ED5200B2F63B /* Harmonizer */ = {
			isa = PBXGroup;
			children = (
				C4AC72AB1A91EDF000B2F63B /* HarmonizerInstrument.swift */,
				C4AC709B1A91ED5200B2F63B /* ViewController.swift */,
				C4AC709D1A91ED5200B2F63B /* Main.storyboard */,
				C4AC70971A91ED5200B2F63B /* Supporting Files */,
			);
			path = Harmonizer;
			sourceTree = "<group>";
		};
		C4AC70971A91ED5200B2F63B /* Supporting Files */ = {
			isa = PBXGroup;
			children = (
				C4FAE5151AEACCBF00FD71E2 /* AudioKit.swift */,
				C4C94D561ACE724100326CA9 /* Bridging-Header.h */,
				C4AC70991A91ED5200B2F63B /* AppDelegate.swift */,
				C4AC70A01A91ED5200B2F63B /* Images.xcassets */,
				C4AC70A21A91ED5200B2F63B /* LaunchScreen.xib */,
				C4AC70981A91ED5200B2F63B /* Info.plist */,
			);
			name = "Supporting Files";
			sourceTree = "<group>";
		};
		EA8CECA01BA3BBFD00DD53F6 /* Products */ = {
			isa = PBXGroup;
			children = (
				EA8CECA61BA3BBFD00DD53F6 /* libAudioKit iOS Static.a */,
				EA8CECA81BA3BBFD00DD53F6 /* libAudioKit iOS Dynamic.a */,
				EA8CECAA1BA3BBFD00DD53F6 /* libAudioKit OS X.a */,
			);
			name = Products;
			sourceTree = "<group>";
		};
/* End PBXGroup section */

/* Begin PBXNativeTarget section */
		C4AC70931A91ED5200B2F63B /* Harmonizer */ = {
			isa = PBXNativeTarget;
			buildConfigurationList = C4AC70B31A91ED5200B2F63B /* Build configuration list for PBXNativeTarget "Harmonizer" */;
			buildPhases = (
				C4AC70901A91ED5200B2F63B /* Sources */,
				C4AC70911A91ED5200B2F63B /* Frameworks */,
				C4AC70921A91ED5200B2F63B /* Resources */,
			);
			buildRules = (
			);
			dependencies = (
				EA8CECAC1BA3BC0400DD53F6 /* PBXTargetDependency */,
			);
			name = Harmonizer;
			productName = Harmonizer;
			productReference = C4AC70941A91ED5200B2F63B /* Harmonizer.app */;
			productType = "com.apple.product-type.application";
		};
/* End PBXNativeTarget section */

/* Begin PBXProject section */
		C4AC708C1A91ED5200B2F63B /* Project object */ = {
			isa = PBXProject;
			attributes = {
				LastSwiftUpdateCheck = 0710;
				LastUpgradeCheck = 0710;
				ORGANIZATIONNAME = "Aurelius Prochazka";
				TargetAttributes = {
					C4AC70931A91ED5200B2F63B = {
						CreatedOnToolsVersion = 6.1.1;
					};
				};
			};
			buildConfigurationList = C4AC708F1A91ED5200B2F63B /* Build configuration list for PBXProject "Harmonizer" */;
			compatibilityVersion = "Xcode 3.2";
			developmentRegion = English;
			hasScannedForEncodings = 0;
			knownRegions = (
				en,
				Base,
			);
			mainGroup = C4AC708B1A91ED5200B2F63B;
			productRefGroup = C4AC70951A91ED5200B2F63B /* Products */;
			projectDirPath = "";
			projectReferences = (
				{
					ProductGroup = EA8CECA01BA3BBFD00DD53F6 /* Products */;
					ProjectRef = C4FAE5061AEACC1900FD71E2 /* AudioKit.xcodeproj */;
				},
			);
			projectRoot = "";
			targets = (
				C4AC70931A91ED5200B2F63B /* Harmonizer */,
			);
		};
/* End PBXProject section */

/* Begin PBXReferenceProxy section */
		EA8CECA61BA3BBFD00DD53F6 /* libAudioKit iOS Static.a */ = {
			isa = PBXReferenceProxy;
			fileType = archive.ar;
			path = "libAudioKit iOS Static.a";
			remoteRef = EA8CECA51BA3BBFD00DD53F6 /* PBXContainerItemProxy */;
			sourceTree = BUILT_PRODUCTS_DIR;
		};
		EA8CECA81BA3BBFD00DD53F6 /* libAudioKit iOS Dynamic.a */ = {
			isa = PBXReferenceProxy;
			fileType = archive.ar;
			path = "libAudioKit iOS Dynamic.a";
			remoteRef = EA8CECA71BA3BBFD00DD53F6 /* PBXContainerItemProxy */;
			sourceTree = BUILT_PRODUCTS_DIR;
		};
		EA8CECAA1BA3BBFD00DD53F6 /* libAudioKit OS X.a */ = {
			isa = PBXReferenceProxy;
			fileType = archive.ar;
			path = "libAudioKit OS X.a";
			remoteRef = EA8CECA91BA3BBFD00DD53F6 /* PBXContainerItemProxy */;
			sourceTree = BUILT_PRODUCTS_DIR;
		};
/* End PBXReferenceProxy section */

/* Begin PBXResourcesBuildPhase section */
		C4AC70921A91ED5200B2F63B /* Resources */ = {
			isa = PBXResourcesBuildPhase;
			buildActionMask = 2147483647;
			files = (
				C4AC709F1A91ED5200B2F63B /* Main.storyboard in Resources */,
				C4AC70A41A91ED5200B2F63B /* LaunchScreen.xib in Resources */,
				C4AC70A11A91ED5200B2F63B /* Images.xcassets in Resources */,
			);
			runOnlyForDeploymentPostprocessing = 0;
		};
/* End PBXResourcesBuildPhase section */

/* Begin PBXSourcesBuildPhase section */
		C4AC70901A91ED5200B2F63B /* Sources */ = {
			isa = PBXSourcesBuildPhase;
			buildActionMask = 2147483647;
			files = (
				C4AC72AC1A91EDF000B2F63B /* HarmonizerInstrument.swift in Sources */,
				C4AC709C1A91ED5200B2F63B /* ViewController.swift in Sources */,
				C4AC709A1A91ED5200B2F63B /* AppDelegate.swift in Sources */,
				C4FAE5161AEACCBF00FD71E2 /* AudioKit.swift in Sources */,
			);
			runOnlyForDeploymentPostprocessing = 0;
		};
/* End PBXSourcesBuildPhase section */

/* Begin PBXTargetDependency section */
		EA8CECAC1BA3BC0400DD53F6 /* PBXTargetDependency */ = {
			isa = PBXTargetDependency;
			name = "AudioKit iOS Static";
			targetProxy = EA8CECAB1BA3BC0400DD53F6 /* PBXContainerItemProxy */;
		};
/* End PBXTargetDependency section */

/* Begin PBXVariantGroup section */
		C4AC709D1A91ED5200B2F63B /* Main.storyboard */ = {
			isa = PBXVariantGroup;
			children = (
				C4AC709E1A91ED5200B2F63B /* Base */,
			);
			name = Main.storyboard;
			sourceTree = "<group>";
		};
		C4AC70A21A91ED5200B2F63B /* LaunchScreen.xib */ = {
			isa = PBXVariantGroup;
			children = (
				C4AC70A31A91ED5200B2F63B /* Base */,
			);
			name = LaunchScreen.xib;
			sourceTree = "<group>";
		};
/* End PBXVariantGroup section */

/* Begin XCBuildConfiguration section */
		C4AC70B11A91ED5200B2F63B /* Debug */ = {
			isa = XCBuildConfiguration;
			buildSettings = {
				ALWAYS_SEARCH_USER_PATHS = NO;
				CLANG_CXX_LANGUAGE_STANDARD = "gnu++0x";
				CLANG_CXX_LIBRARY = "libc++";
				CLANG_ENABLE_MODULES = YES;
				CLANG_ENABLE_OBJC_ARC = YES;
				CLANG_WARN_BOOL_CONVERSION = YES;
				CLANG_WARN_CONSTANT_CONVERSION = YES;
				CLANG_WARN_DIRECT_OBJC_ISA_USAGE = YES_ERROR;
				CLANG_WARN_EMPTY_BODY = YES;
				CLANG_WARN_ENUM_CONVERSION = YES;
				CLANG_WARN_INT_CONVERSION = YES;
				CLANG_WARN_OBJC_ROOT_CLASS = YES_ERROR;
				CLANG_WARN_UNREACHABLE_CODE = YES;
				CLANG_WARN__DUPLICATE_METHOD_MATCH = YES;
				"CODE_SIGN_IDENTITY[sdk=iphoneos*]" = "iPhone Developer";
				COPY_PHASE_STRIP = NO;
				ENABLE_STRICT_OBJC_MSGSEND = YES;
				ENABLE_TESTABILITY = YES;
				GCC_C_LANGUAGE_STANDARD = gnu99;
				GCC_DYNAMIC_NO_PIC = NO;
				GCC_OPTIMIZATION_LEVEL = 0;
				GCC_PREPROCESSOR_DEFINITIONS = (
					"DEBUG=1",
					"$(inherited)",
				);
				GCC_SYMBOLS_PRIVATE_EXTERN = NO;
				GCC_WARN_64_TO_32_BIT_CONVERSION = YES;
				GCC_WARN_ABOUT_RETURN_TYPE = YES_ERROR;
				GCC_WARN_UNDECLARED_SELECTOR = YES;
				GCC_WARN_UNINITIALIZED_AUTOS = YES_AGGRESSIVE;
				GCC_WARN_UNUSED_FUNCTION = YES;
				GCC_WARN_UNUSED_VARIABLE = YES;
				IPHONEOS_DEPLOYMENT_TARGET = 8.1;
				MTL_ENABLE_DEBUG_INFO = YES;
				ONLY_ACTIVE_ARCH = YES;
				SDKROOT = iphoneos;
				SWIFT_OPTIMIZATION_LEVEL = "-Onone";
				TARGETED_DEVICE_FAMILY = "1,2";
			};
			name = Debug;
		};
		C4AC70B21A91ED5200B2F63B /* Release */ = {
			isa = XCBuildConfiguration;
			buildSettings = {
				ALWAYS_SEARCH_USER_PATHS = NO;
				CLANG_CXX_LANGUAGE_STANDARD = "gnu++0x";
				CLANG_CXX_LIBRARY = "libc++";
				CLANG_ENABLE_MODULES = YES;
				CLANG_ENABLE_OBJC_ARC = YES;
				CLANG_WARN_BOOL_CONVERSION = YES;
				CLANG_WARN_CONSTANT_CONVERSION = YES;
				CLANG_WARN_DIRECT_OBJC_ISA_USAGE = YES_ERROR;
				CLANG_WARN_EMPTY_BODY = YES;
				CLANG_WARN_ENUM_CONVERSION = YES;
				CLANG_WARN_INT_CONVERSION = YES;
				CLANG_WARN_OBJC_ROOT_CLASS = YES_ERROR;
				CLANG_WARN_UNREACHABLE_CODE = YES;
				CLANG_WARN__DUPLICATE_METHOD_MATCH = YES;
				"CODE_SIGN_IDENTITY[sdk=iphoneos*]" = "iPhone Developer";
				COPY_PHASE_STRIP = YES;
				ENABLE_NS_ASSERTIONS = NO;
				ENABLE_STRICT_OBJC_MSGSEND = YES;
				GCC_C_LANGUAGE_STANDARD = gnu99;
				GCC_WARN_64_TO_32_BIT_CONVERSION = YES;
				GCC_WARN_ABOUT_RETURN_TYPE = YES_ERROR;
				GCC_WARN_UNDECLARED_SELECTOR = YES;
				GCC_WARN_UNINITIALIZED_AUTOS = YES_AGGRESSIVE;
				GCC_WARN_UNUSED_FUNCTION = YES;
				GCC_WARN_UNUSED_VARIABLE = YES;
				IPHONEOS_DEPLOYMENT_TARGET = 8.1;
				MTL_ENABLE_DEBUG_INFO = NO;
				SDKROOT = iphoneos;
				TARGETED_DEVICE_FAMILY = "1,2";
				VALIDATE_PRODUCT = YES;
			};
			name = Release;
		};
		C4AC70B41A91ED5200B2F63B /* Debug */ = {
			isa = XCBuildConfiguration;
			buildSettings = {
				ASSETCATALOG_COMPILER_APPICON_NAME = AppIcon;
				ENABLE_BITCODE = NO;
				FRAMEWORK_SEARCH_PATHS = "$(inherited)";
				INFOPLIST_FILE = Harmonizer/Info.plist;
				LD_RUNPATH_SEARCH_PATHS = "$(inherited) @executable_path/Frameworks";
				LIBRARY_SEARCH_PATHS = "$(inherited)";
				OTHER_LDFLAGS = "-ObjC";
				PRODUCT_BUNDLE_IDENTIFIER = "io.audiokit.$(PRODUCT_NAME:rfc1034identifier)";
				PRODUCT_NAME = "$(TARGET_NAME)";
				SWIFT_OBJC_BRIDGING_HEADER = "$(SRCROOT)/Harmonizer/Bridging-Header.h";
				USER_HEADER_SEARCH_PATHS = "../../../AudioKit/AudioKit/**";
			};
			name = Debug;
		};
		C4AC70B51A91ED5200B2F63B /* Release */ = {
			isa = XCBuildConfiguration;
			buildSettings = {
				ASSETCATALOG_COMPILER_APPICON_NAME = AppIcon;
				ENABLE_BITCODE = NO;
				FRAMEWORK_SEARCH_PATHS = "$(inherited)";
				INFOPLIST_FILE = Harmonizer/Info.plist;
				LD_RUNPATH_SEARCH_PATHS = "$(inherited) @executable_path/Frameworks";
				LIBRARY_SEARCH_PATHS = "$(inherited)";
				OTHER_LDFLAGS = "-ObjC";
				PRODUCT_BUNDLE_IDENTIFIER = "io.audiokit.$(PRODUCT_NAME:rfc1034identifier)";
				PRODUCT_NAME = "$(TARGET_NAME)";
				SWIFT_OBJC_BRIDGING_HEADER = "$(SRCROOT)/Harmonizer/Bridging-Header.h";
				USER_HEADER_SEARCH_PATHS = "../../../AudioKit/AudioKit/**";
			};
			name = Release;
		};
/* End XCBuildConfiguration section */

/* Begin XCConfigurationList section */
		C4AC708F1A91ED5200B2F63B /* Build configuration list for PBXProject "Harmonizer" */ = {
			isa = XCConfigurationList;
			buildConfigurations = (
				C4AC70B11A91ED5200B2F63B /* Debug */,
				C4AC70B21A91ED5200B2F63B /* Release */,
			);
			defaultConfigurationIsVisible = 0;
			defaultConfigurationName = Release;
		};
		C4AC70B31A91ED5200B2F63B /* Build configuration list for PBXNativeTarget "Harmonizer" */ = {
			isa = XCConfigurationList;
			buildConfigurations = (
				C4AC70B41A91ED5200B2F63B /* Debug */,
				C4AC70B51A91ED5200B2F63B /* Release */,
			);
			defaultConfigurationIsVisible = 0;
			defaultConfigurationName = Release;
		};
/* End XCConfigurationList section */
	};
	rootObject = C4AC708C1A91ED5200B2F63B /* Project object */;
}
