// !$*UTF8*$!
{
	archiveVersion = 1;
	classes = {
	};
	objectVersion = 46;
	objects = {

/* Begin PBXBuildFile section */
		816248DED9A8120D8B8EEF09 /* libPods-ContinuousControl.a in Frameworks */ = {isa = PBXBuildFile; fileRef = FDE5F573326426793DB70394 /* libPods-ContinuousControl.a */; };
		E4E1CA891A8ECB8400161D6F /* main.m in Sources */ = {isa = PBXBuildFile; fileRef = E4E1CA881A8ECB8400161D6F /* main.m */; };
		E4E1CA8C1A8ECB8400161D6F /* AppDelegate.m in Sources */ = {isa = PBXBuildFile; fileRef = E4E1CA8B1A8ECB8400161D6F /* AppDelegate.m */; };
		E4E1CA8F1A8ECB8400161D6F /* ViewController.m in Sources */ = {isa = PBXBuildFile; fileRef = E4E1CA8E1A8ECB8400161D6F /* ViewController.m */; };
		E4E1CA921A8ECB8500161D6F /* Main.storyboard in Resources */ = {isa = PBXBuildFile; fileRef = E4E1CA901A8ECB8500161D6F /* Main.storyboard */; };
		E4E1CA941A8ECB8500161D6F /* Images.xcassets in Resources */ = {isa = PBXBuildFile; fileRef = E4E1CA931A8ECB8500161D6F /* Images.xcassets */; };
		E4E1CA971A8ECB8500161D6F /* LaunchScreen.xib in Resources */ = {isa = PBXBuildFile; fileRef = E4E1CA951A8ECB8500161D6F /* LaunchScreen.xib */; };
		E4E1CAB01A8ECBE400161D6F /* TweakableInstrument.m in Sources */ = {isa = PBXBuildFile; fileRef = E4E1CAAD1A8ECBE400161D6F /* TweakableInstrument.m */; };
		E4E1CAB11A8ECBE400161D6F /* ContinuousControlConductor.m in Sources */ = {isa = PBXBuildFile; fileRef = E4E1CAAF1A8ECBE400161D6F /* ContinuousControlConductor.m */; };
/* End PBXBuildFile section */

/* Begin PBXFileReference section */
		13FF318D2C664DEF15A0399D /* Pods-ContinuousControl.release.xcconfig */ = {isa = PBXFileReference; includeInIndex = 1; lastKnownFileType = text.xcconfig; name = "Pods-ContinuousControl.release.xcconfig"; path = "Pods/Target Support Files/Pods-ContinuousControl/Pods-ContinuousControl.release.xcconfig"; sourceTree = "<group>"; };
		7403428093B7513C5AE5C56E /* Pods-ContinuousControl.debug.xcconfig */ = {isa = PBXFileReference; includeInIndex = 1; lastKnownFileType = text.xcconfig; name = "Pods-ContinuousControl.debug.xcconfig"; path = "Pods/Target Support Files/Pods-ContinuousControl/Pods-ContinuousControl.debug.xcconfig"; sourceTree = "<group>"; };
		E4E1CA831A8ECB8400161D6F /* ContinuousControl.app */ = {isa = PBXFileReference; explicitFileType = wrapper.application; includeInIndex = 0; path = ContinuousControl.app; sourceTree = BUILT_PRODUCTS_DIR; };
		E4E1CA871A8ECB8400161D6F /* Info.plist */ = {isa = PBXFileReference; lastKnownFileType = text.plist.xml; path = Info.plist; sourceTree = "<group>"; };
		E4E1CA881A8ECB8400161D6F /* main.m */ = {isa = PBXFileReference; lastKnownFileType = sourcecode.c.objc; path = main.m; sourceTree = "<group>"; };
		E4E1CA8A1A8ECB8400161D6F /* AppDelegate.h */ = {isa = PBXFileReference; lastKnownFileType = sourcecode.c.h; path = AppDelegate.h; sourceTree = "<group>"; };
		E4E1CA8B1A8ECB8400161D6F /* AppDelegate.m */ = {isa = PBXFileReference; lastKnownFileType = sourcecode.c.objc; path = AppDelegate.m; sourceTree = "<group>"; };
		E4E1CA8D1A8ECB8400161D6F /* ViewController.h */ = {isa = PBXFileReference; lastKnownFileType = sourcecode.c.h; path = ViewController.h; sourceTree = "<group>"; };
		E4E1CA8E1A8ECB8400161D6F /* ViewController.m */ = {isa = PBXFileReference; lastKnownFileType = sourcecode.c.objc; path = ViewController.m; sourceTree = "<group>"; };
		E4E1CA911A8ECB8500161D6F /* Base */ = {isa = PBXFileReference; lastKnownFileType = file.storyboard; name = Base; path = Base.lproj/Main.storyboard; sourceTree = "<group>"; };
		E4E1CA931A8ECB8500161D6F /* Images.xcassets */ = {isa = PBXFileReference; lastKnownFileType = folder.assetcatalog; path = Images.xcassets; sourceTree = "<group>"; };
		E4E1CA961A8ECB8500161D6F /* Base */ = {isa = PBXFileReference; lastKnownFileType = file.xib; name = Base; path = Base.lproj/LaunchScreen.xib; sourceTree = "<group>"; };
		E4E1CAAC1A8ECBE400161D6F /* TweakableInstrument.h */ = {isa = PBXFileReference; fileEncoding = 4; lastKnownFileType = sourcecode.c.h; path = TweakableInstrument.h; sourceTree = "<group>"; };
		E4E1CAAD1A8ECBE400161D6F /* TweakableInstrument.m */ = {isa = PBXFileReference; fileEncoding = 4; lastKnownFileType = sourcecode.c.objc; path = TweakableInstrument.m; sourceTree = "<group>"; };
		E4E1CAAE1A8ECBE400161D6F /* ContinuousControlConductor.h */ = {isa = PBXFileReference; fileEncoding = 4; lastKnownFileType = sourcecode.c.h; path = ContinuousControlConductor.h; sourceTree = "<group>"; };
		E4E1CAAF1A8ECBE400161D6F /* ContinuousControlConductor.m */ = {isa = PBXFileReference; fileEncoding = 4; lastKnownFileType = sourcecode.c.objc; path = ContinuousControlConductor.m; sourceTree = "<group>"; };
		FDE5F573326426793DB70394 /* libPods-ContinuousControl.a */ = {isa = PBXFileReference; explicitFileType = archive.ar; includeInIndex = 0; path = "libPods-ContinuousControl.a"; sourceTree = BUILT_PRODUCTS_DIR; };
/* End PBXFileReference section */

/* Begin PBXFrameworksBuildPhase section */
		E4E1CA801A8ECB8400161D6F /* Frameworks */ = {
			isa = PBXFrameworksBuildPhase;
			buildActionMask = 2147483647;
			files = (
				816248DED9A8120D8B8EEF09 /* libPods-ContinuousControl.a in Frameworks */,
			);
			runOnlyForDeploymentPostprocessing = 0;
		};
/* End PBXFrameworksBuildPhase section */

/* Begin PBXGroup section */
		99D6885413B4A20C2AAF5A6A /* Frameworks */ = {
			isa = PBXGroup;
			children = (
				FDE5F573326426793DB70394 /* libPods-ContinuousControl.a */,
			);
			name = Frameworks;
			sourceTree = "<group>";
		};
		D482590FBD3A4D162D6D8C6F /* Pods */ = {
			isa = PBXGroup;
			children = (
				7403428093B7513C5AE5C56E /* Pods-ContinuousControl.debug.xcconfig */,
				13FF318D2C664DEF15A0399D /* Pods-ContinuousControl.release.xcconfig */,
			);
			name = Pods;
			sourceTree = "<group>";
		};
		E4E1CA7A1A8ECB8400161D6F = {
			isa = PBXGroup;
			children = (
				E4E1CA851A8ECB8400161D6F /* ContinuousControl */,
				E4E1CA841A8ECB8400161D6F /* Products */,
				D482590FBD3A4D162D6D8C6F /* Pods */,
				99D6885413B4A20C2AAF5A6A /* Frameworks */,
			);
			sourceTree = "<group>";
		};
		E4E1CA841A8ECB8400161D6F /* Products */ = {
			isa = PBXGroup;
			children = (
				E4E1CA831A8ECB8400161D6F /* ContinuousControl.app */,
			);
			name = Products;
			sourceTree = "<group>";
		};
		E4E1CA851A8ECB8400161D6F /* ContinuousControl */ = {
			isa = PBXGroup;
			children = (
				E4E1CAAC1A8ECBE400161D6F /* TweakableInstrument.h */,
				E4E1CAAD1A8ECBE400161D6F /* TweakableInstrument.m */,
				E4E1CAAE1A8ECBE400161D6F /* ContinuousControlConductor.h */,
				E4E1CAAF1A8ECBE400161D6F /* ContinuousControlConductor.m */,
				E4E1CA8D1A8ECB8400161D6F /* ViewController.h */,
				E4E1CA8E1A8ECB8400161D6F /* ViewController.m */,
				E4E1CA901A8ECB8500161D6F /* Main.storyboard */,
				E4E1CA861A8ECB8400161D6F /* Supporting Files */,
			);
			path = ContinuousControl;
			sourceTree = "<group>";
		};
		E4E1CA861A8ECB8400161D6F /* Supporting Files */ = {
			isa = PBXGroup;
			children = (
				E4E1CA8A1A8ECB8400161D6F /* AppDelegate.h */,
				E4E1CA8B1A8ECB8400161D6F /* AppDelegate.m */,
				E4E1CA931A8ECB8500161D6F /* Images.xcassets */,
				E4E1CA951A8ECB8500161D6F /* LaunchScreen.xib */,
				E4E1CA871A8ECB8400161D6F /* Info.plist */,
				E4E1CA881A8ECB8400161D6F /* main.m */,
			);
			name = "Supporting Files";
			sourceTree = "<group>";
		};
/* End PBXGroup section */

/* Begin PBXNativeTarget section */
		E4E1CA821A8ECB8400161D6F /* ContinuousControl */ = {
			isa = PBXNativeTarget;
			buildConfigurationList = E4E1CAA61A8ECB8500161D6F /* Build configuration list for PBXNativeTarget "ContinuousControl" */;
			buildPhases = (
				C7E7805697F75266F64DBA03 /* Check Pods Manifest.lock */,
				E4E1CA7F1A8ECB8400161D6F /* Sources */,
				E4E1CA801A8ECB8400161D6F /* Frameworks */,
				E4E1CA811A8ECB8400161D6F /* Resources */,
				7E6DE0A34A4C7CABC632A8FC /* Copy Pods Resources */,
			);
			buildRules = (
			);
			dependencies = (
			);
			name = ContinuousControl;
			productName = ContinuousControl;
			productReference = E4E1CA831A8ECB8400161D6F /* ContinuousControl.app */;
			productType = "com.apple.product-type.application";
		};
/* End PBXNativeTarget section */

/* Begin PBXProject section */
		E4E1CA7B1A8ECB8400161D6F /* Project object */ = {
			isa = PBXProject;
			attributes = {
				LastUpgradeCheck = 0620;
				ORGANIZATIONNAME = AudioKit;
				TargetAttributes = {
					E4E1CA821A8ECB8400161D6F = {
						CreatedOnToolsVersion = 6.2;
					};
				};
			};
			buildConfigurationList = E4E1CA7E1A8ECB8400161D6F /* Build configuration list for PBXProject "ContinuousControl" */;
			compatibilityVersion = "Xcode 3.2";
			developmentRegion = English;
			hasScannedForEncodings = 0;
			knownRegions = (
				en,
				Base,
			);
			mainGroup = E4E1CA7A1A8ECB8400161D6F;
			productRefGroup = E4E1CA841A8ECB8400161D6F /* Products */;
			projectDirPath = "";
			projectRoot = "";
			targets = (
				E4E1CA821A8ECB8400161D6F /* ContinuousControl */,
			);
		};
/* End PBXProject section */

/* Begin PBXResourcesBuildPhase section */
		E4E1CA811A8ECB8400161D6F /* Resources */ = {
			isa = PBXResourcesBuildPhase;
			buildActionMask = 2147483647;
			files = (
				E4E1CA921A8ECB8500161D6F /* Main.storyboard in Resources */,
				E4E1CA971A8ECB8500161D6F /* LaunchScreen.xib in Resources */,
				E4E1CA941A8ECB8500161D6F /* Images.xcassets in Resources */,
			);
			runOnlyForDeploymentPostprocessing = 0;
		};
/* End PBXResourcesBuildPhase section */

/* Begin PBXShellScriptBuildPhase section */
		7E6DE0A34A4C7CABC632A8FC /* Copy Pods Resources */ = {
			isa = PBXShellScriptBuildPhase;
			buildActionMask = 2147483647;
			files = (
			);
			inputPaths = (
			);
			name = "Copy Pods Resources";
			outputPaths = (
			);
			runOnlyForDeploymentPostprocessing = 0;
			shellPath = /bin/sh;
			shellScript = "\"${SRCROOT}/Pods/Target Support Files/Pods-ContinuousControl/Pods-ContinuousControl-resources.sh\"\n";
			showEnvVarsInLog = 0;
		};
		C7E7805697F75266F64DBA03 /* Check Pods Manifest.lock */ = {
			isa = PBXShellScriptBuildPhase;
			buildActionMask = 2147483647;
			files = (
			);
			inputPaths = (
			);
			name = "Check Pods Manifest.lock";
			outputPaths = (
			);
			runOnlyForDeploymentPostprocessing = 0;
			shellPath = /bin/sh;
			shellScript = "diff \"${PODS_ROOT}/../Podfile.lock\" \"${PODS_ROOT}/Manifest.lock\" > /dev/null\nif [[ $? != 0 ]] ; then\n    cat << EOM\nerror: The sandbox is not in sync with the Podfile.lock. Run 'pod install' or update your CocoaPods installation.\nEOM\n    exit 1\nfi\n";
			showEnvVarsInLog = 0;
		};
/* End PBXShellScriptBuildPhase section */

/* Begin PBXSourcesBuildPhase section */
		E4E1CA7F1A8ECB8400161D6F /* Sources */ = {
			isa = PBXSourcesBuildPhase;
			buildActionMask = 2147483647;
			files = (
				E4E1CAB11A8ECBE400161D6F /* ContinuousControlConductor.m in Sources */,
				E4E1CA8F1A8ECB8400161D6F /* ViewController.m in Sources */,
				E4E1CAB01A8ECBE400161D6F /* TweakableInstrument.m in Sources */,
				E4E1CA8C1A8ECB8400161D6F /* AppDelegate.m in Sources */,
				E4E1CA891A8ECB8400161D6F /* main.m in Sources */,
			);
			runOnlyForDeploymentPostprocessing = 0;
		};
/* End PBXSourcesBuildPhase section */

/* Begin PBXVariantGroup section */
		E4E1CA901A8ECB8500161D6F /* Main.storyboard */ = {
			isa = PBXVariantGroup;
			children = (
				E4E1CA911A8ECB8500161D6F /* Base */,
			);
			name = Main.storyboard;
			sourceTree = "<group>";
		};
		E4E1CA951A8ECB8500161D6F /* LaunchScreen.xib */ = {
			isa = PBXVariantGroup;
			children = (
				E4E1CA961A8ECB8500161D6F /* Base */,
			);
			name = LaunchScreen.xib;
			sourceTree = "<group>";
		};
/* End PBXVariantGroup section */

/* Begin XCBuildConfiguration section */
		E4E1CAA41A8ECB8500161D6F /* Debug */ = {
			isa = XCBuildConfiguration;
			buildSettings = {
				ALWAYS_SEARCH_USER_PATHS = NO;
				CLANG_CXX_LANGUAGE_STANDARD = "gnu++0x";
				CLANG_CXX_LIBRARY = "libc++";
				CLANG_ENABLE_MODULES = YES;
				CLANG_ENABLE_OBJC_ARC = YES;
				CLANG_WARN_BOOL_CONVERSION = YES;
				CLANG_WARN_CONSTANT_CONVERSION = YES;
				CLANG_WARN_DIRECT_OBJC_ISA_USAGE = YES_ERROR;
				CLANG_WARN_EMPTY_BODY = YES;
				CLANG_WARN_ENUM_CONVERSION = YES;
				CLANG_WARN_INT_CONVERSION = YES;
				CLANG_WARN_OBJC_ROOT_CLASS = YES_ERROR;
				CLANG_WARN_UNREACHABLE_CODE = YES;
				CLANG_WARN__DUPLICATE_METHOD_MATCH = YES;
				"CODE_SIGN_IDENTITY[sdk=iphoneos*]" = "iPhone Developer";
				COPY_PHASE_STRIP = NO;
				ENABLE_STRICT_OBJC_MSGSEND = YES;
				GCC_C_LANGUAGE_STANDARD = gnu99;
				GCC_DYNAMIC_NO_PIC = NO;
				GCC_OPTIMIZATION_LEVEL = 0;
				GCC_PREPROCESSOR_DEFINITIONS = (
					"DEBUG=1",
					"$(inherited)",
				);
				GCC_SYMBOLS_PRIVATE_EXTERN = NO;
				GCC_WARN_64_TO_32_BIT_CONVERSION = YES;
				GCC_WARN_ABOUT_RETURN_TYPE = YES_ERROR;
				GCC_WARN_UNDECLARED_SELECTOR = YES;
				GCC_WARN_UNINITIALIZED_AUTOS = YES_AGGRESSIVE;
				GCC_WARN_UNUSED_FUNCTION = YES;
				GCC_WARN_UNUSED_VARIABLE = YES;
				IPHONEOS_DEPLOYMENT_TARGET = 8.2;
				MTL_ENABLE_DEBUG_INFO = YES;
				ONLY_ACTIVE_ARCH = YES;
				SDKROOT = iphoneos;
				TARGETED_DEVICE_FAMILY = "1,2";
			};
			name = Debug;
		};
		E4E1CAA51A8ECB8500161D6F /* Release */ = {
			isa = XCBuildConfiguration;
			buildSettings = {
				ALWAYS_SEARCH_USER_PATHS = NO;
				CLANG_CXX_LANGUAGE_STANDARD = "gnu++0x";
				CLANG_CXX_LIBRARY = "libc++";
				CLANG_ENABLE_MODULES = YES;
				CLANG_ENABLE_OBJC_ARC = YES;
				CLANG_WARN_BOOL_CONVERSION = YES;
				CLANG_WARN_CONSTANT_CONVERSION = YES;
				CLANG_WARN_DIRECT_OBJC_ISA_USAGE = YES_ERROR;
				CLANG_WARN_EMPTY_BODY = YES;
				CLANG_WARN_ENUM_CONVERSION = YES;
				CLANG_WARN_INT_CONVERSION = YES;
				CLANG_WARN_OBJC_ROOT_CLASS = YES_ERROR;
				CLANG_WARN_UNREACHABLE_CODE = YES;
				CLANG_WARN__DUPLICATE_METHOD_MATCH = YES;
				"CODE_SIGN_IDENTITY[sdk=iphoneos*]" = "iPhone Developer";
				COPY_PHASE_STRIP = YES;
				ENABLE_NS_ASSERTIONS = NO;
				ENABLE_STRICT_OBJC_MSGSEND = YES;
				GCC_C_LANGUAGE_STANDARD = gnu99;
				GCC_WARN_64_TO_32_BIT_CONVERSION = YES;
				GCC_WARN_ABOUT_RETURN_TYPE = YES_ERROR;
				GCC_WARN_UNDECLARED_SELECTOR = YES;
				GCC_WARN_UNINITIALIZED_AUTOS = YES_AGGRESSIVE;
				GCC_WARN_UNUSED_FUNCTION = YES;
				GCC_WARN_UNUSED_VARIABLE = YES;
				IPHONEOS_DEPLOYMENT_TARGET = 8.2;
				MTL_ENABLE_DEBUG_INFO = NO;
				SDKROOT = iphoneos;
				TARGETED_DEVICE_FAMILY = "1,2";
				VALIDATE_PRODUCT = YES;
			};
			name = Release;
		};
		E4E1CAA71A8ECB8500161D6F /* Debug */ = {
			isa = XCBuildConfiguration;
			baseConfigurationReference = 7403428093B7513C5AE5C56E /* Pods-ContinuousControl.debug.xcconfig */;
			buildSettings = {
				ASSETCATALOG_COMPILER_APPICON_NAME = AppIcon;
				INFOPLIST_FILE = ContinuousControl/Info.plist;
				IPHONEOS_DEPLOYMENT_TARGET = 8.0;
				LD_RUNPATH_SEARCH_PATHS = "$(inherited) @executable_path/Frameworks";
				PRODUCT_NAME = "$(TARGET_NAME)";
			};
			name = Debug;
		};
		E4E1CAA81A8ECB8500161D6F /* Release */ = {
			isa = XCBuildConfiguration;
			baseConfigurationReference = 13FF318D2C664DEF15A0399D /* Pods-ContinuousControl.release.xcconfig */;
			buildSettings = {
				ASSETCATALOG_COMPILER_APPICON_NAME = AppIcon;
				INFOPLIST_FILE = ContinuousControl/Info.plist;
				IPHONEOS_DEPLOYMENT_TARGET = 8.0;
				LD_RUNPATH_SEARCH_PATHS = "$(inherited) @executable_path/Frameworks";
				PRODUCT_NAME = "$(TARGET_NAME)";
			};
			name = Release;
		};
/* End XCBuildConfiguration section */

/* Begin XCConfigurationList section */
		E4E1CA7E1A8ECB8400161D6F /* Build configuration list for PBXProject "ContinuousControl" */ = {
			isa = XCConfigurationList;
			buildConfigurations = (
				E4E1CAA41A8ECB8500161D6F /* Debug */,
				E4E1CAA51A8ECB8500161D6F /* Release */,
			);
			defaultConfigurationIsVisible = 0;
			defaultConfigurationName = Release;
		};
		E4E1CAA61A8ECB8500161D6F /* Build configuration list for PBXNativeTarget "ContinuousControl" */ = {
			isa = XCConfigurationList;
			buildConfigurations = (
				E4E1CAA71A8ECB8500161D6F /* Debug */,
				E4E1CAA81A8ECB8500161D6F /* Release */,
			);
			defaultConfigurationIsVisible = 0;
			defaultConfigurationName = Release;
		};
/* End XCConfigurationList section */
	};
	rootObject = E4E1CA7B1A8ECB8400161D6F /* Project object */;
}
