// !$*UTF8*$!
{
	archiveVersion = 1;
	classes = {
	};
	objectVersion = 46;
	objects = {

/* Begin PBXBuildFile section */
		E4670BDA1A8EE96000B4235E /* AppDelegate.m in Sources */ = {isa = PBXBuildFile; fileRef = E4670BD91A8EE96000B4235E /* AppDelegate.m */; };
		E4670BDC1A8EE96000B4235E /* main.m in Sources */ = {isa = PBXBuildFile; fileRef = E4670BDB1A8EE96000B4235E /* main.m */; };
		E4670BE11A8EE96000B4235E /* Images.xcassets in Resources */ = {isa = PBXBuildFile; fileRef = E4670BE01A8EE96000B4235E /* Images.xcassets */; };
		E4670BE41A8EE96000B4235E /* Main.storyboard in Resources */ = {isa = PBXBuildFile; fileRef = E4670BE21A8EE96000B4235E /* Main.storyboard */; };
		E4670BFB1A8EE98000B4235E /* AudioFileConductor.m in Sources */ = {isa = PBXBuildFile; fileRef = E4670BFA1A8EE98000B4235E /* AudioFileConductor.m */; };
		E4670BFE1A8EE98E00B4235E /* AudioFilePlayer.m in Sources */ = {isa = PBXBuildFile; fileRef = E4670BFD1A8EE98E00B4235E /* AudioFilePlayer.m */; };
		EB4969EEF08451396C5A3345 /* libPods-PlayAudioFile.a in Frameworks */ = {isa = PBXBuildFile; fileRef = D0B483A497D55BC97F35812C /* libPods-PlayAudioFile.a */; };
/* End PBXBuildFile section */

/* Begin PBXFileReference section */
		0F640B9108F146F605E8125B /* Pods-PlayAudioFile.debug.xcconfig */ = {isa = PBXFileReference; includeInIndex = 1; lastKnownFileType = text.xcconfig; name = "Pods-PlayAudioFile.debug.xcconfig"; path = "Pods/Target Support Files/Pods-PlayAudioFile/Pods-PlayAudioFile.debug.xcconfig"; sourceTree = "<group>"; };
		C8776071BA55DA749CDD07AF /* Pods-PlayAudioFile.release.xcconfig */ = {isa = PBXFileReference; includeInIndex = 1; lastKnownFileType = text.xcconfig; name = "Pods-PlayAudioFile.release.xcconfig"; path = "Pods/Target Support Files/Pods-PlayAudioFile/Pods-PlayAudioFile.release.xcconfig"; sourceTree = "<group>"; };
		D0B483A497D55BC97F35812C /* libPods-PlayAudioFile.a */ = {isa = PBXFileReference; explicitFileType = archive.ar; includeInIndex = 0; path = "libPods-PlayAudioFile.a"; sourceTree = BUILT_PRODUCTS_DIR; };
		E4670BD31A8EE96000B4235E /* PlayAudioFile.app */ = {isa = PBXFileReference; explicitFileType = wrapper.application; includeInIndex = 0; path = PlayAudioFile.app; sourceTree = BUILT_PRODUCTS_DIR; };
		E4670BD71A8EE96000B4235E /* Info.plist */ = {isa = PBXFileReference; lastKnownFileType = text.plist.xml; path = Info.plist; sourceTree = "<group>"; };
		E4670BD81A8EE96000B4235E /* AppDelegate.h */ = {isa = PBXFileReference; lastKnownFileType = sourcecode.c.h; path = AppDelegate.h; sourceTree = "<group>"; };
		E4670BD91A8EE96000B4235E /* AppDelegate.m */ = {isa = PBXFileReference; lastKnownFileType = sourcecode.c.objc; path = AppDelegate.m; sourceTree = "<group>"; };
		E4670BDB1A8EE96000B4235E /* main.m */ = {isa = PBXFileReference; lastKnownFileType = sourcecode.c.objc; path = main.m; sourceTree = "<group>"; };
		E4670BE01A8EE96000B4235E /* Images.xcassets */ = {isa = PBXFileReference; lastKnownFileType = folder.assetcatalog; path = Images.xcassets; sourceTree = "<group>"; };
		E4670BE31A8EE96000B4235E /* Base */ = {isa = PBXFileReference; lastKnownFileType = file.storyboard; name = Base; path = Base.lproj/Main.storyboard; sourceTree = "<group>"; };
		E4670BF91A8EE98000B4235E /* AudioFileConductor.h */ = {isa = PBXFileReference; fileEncoding = 4; lastKnownFileType = sourcecode.c.h; path = AudioFileConductor.h; sourceTree = "<group>"; };
		E4670BFA1A8EE98000B4235E /* AudioFileConductor.m */ = {isa = PBXFileReference; fileEncoding = 4; lastKnownFileType = sourcecode.c.objc; path = AudioFileConductor.m; sourceTree = "<group>"; };
		E4670BFC1A8EE98E00B4235E /* AudioFilePlayer.h */ = {isa = PBXFileReference; fileEncoding = 4; lastKnownFileType = sourcecode.c.h; path = AudioFilePlayer.h; sourceTree = "<group>"; };
		E4670BFD1A8EE98E00B4235E /* AudioFilePlayer.m */ = {isa = PBXFileReference; fileEncoding = 4; lastKnownFileType = sourcecode.c.objc; path = AudioFilePlayer.m; sourceTree = "<group>"; };
/* End PBXFileReference section */

/* Begin PBXFrameworksBuildPhase section */
		E4670BD01A8EE96000B4235E /* Frameworks */ = {
			isa = PBXFrameworksBuildPhase;
			buildActionMask = 2147483647;
			files = (
				EB4969EEF08451396C5A3345 /* libPods-PlayAudioFile.a in Frameworks */,
			);
			runOnlyForDeploymentPostprocessing = 0;
		};
/* End PBXFrameworksBuildPhase section */

/* Begin PBXGroup section */
		A2D16506CD1067F5CB908C93 /* Pods */ = {
			isa = PBXGroup;
			children = (
				0F640B9108F146F605E8125B /* Pods-PlayAudioFile.debug.xcconfig */,
				C8776071BA55DA749CDD07AF /* Pods-PlayAudioFile.release.xcconfig */,
			);
			name = Pods;
			sourceTree = "<group>";
		};
		D3A3AC3C627BD9B00A13C35A /* Frameworks */ = {
			isa = PBXGroup;
			children = (
				D0B483A497D55BC97F35812C /* libPods-PlayAudioFile.a */,
			);
			name = Frameworks;
			sourceTree = "<group>";
		};
		E4670BCA1A8EE96000B4235E = {
			isa = PBXGroup;
			children = (
				E4670BD51A8EE96000B4235E /* PlayAudioFile */,
				E4670BD41A8EE96000B4235E /* Products */,
				A2D16506CD1067F5CB908C93 /* Pods */,
				D3A3AC3C627BD9B00A13C35A /* Frameworks */,
			);
			sourceTree = "<group>";
		};
		E4670BD41A8EE96000B4235E /* Products */ = {
			isa = PBXGroup;
			children = (
				E4670BD31A8EE96000B4235E /* PlayAudioFile.app */,
			);
			name = Products;
			sourceTree = "<group>";
		};
		E4670BD51A8EE96000B4235E /* PlayAudioFile */ = {
			isa = PBXGroup;
			children = (
				E4670BF91A8EE98000B4235E /* AudioFileConductor.h */,
				E4670BFA1A8EE98000B4235E /* AudioFileConductor.m */,
				E4670BFC1A8EE98E00B4235E /* AudioFilePlayer.h */,
				E4670BFD1A8EE98E00B4235E /* AudioFilePlayer.m */,
				E4670BE01A8EE96000B4235E /* Images.xcassets */,
				E4670BE21A8EE96000B4235E /* Main.storyboard */,
				E4670BD61A8EE96000B4235E /* Supporting Files */,
			);
			path = PlayAudioFile;
			sourceTree = "<group>";
		};
		E4670BD61A8EE96000B4235E /* Supporting Files */ = {
			isa = PBXGroup;
			children = (
				E4670BD81A8EE96000B4235E /* AppDelegate.h */,
				E4670BD91A8EE96000B4235E /* AppDelegate.m */,
				E4670BD71A8EE96000B4235E /* Info.plist */,
				E4670BDB1A8EE96000B4235E /* main.m */,
			);
			name = "Supporting Files";
			sourceTree = "<group>";
		};
/* End PBXGroup section */

/* Begin PBXNativeTarget section */
		E4670BD21A8EE96000B4235E /* PlayAudioFile */ = {
			isa = PBXNativeTarget;
			buildConfigurationList = E4670BF31A8EE96000B4235E /* Build configuration list for PBXNativeTarget "PlayAudioFile" */;
			buildPhases = (
				BAD3952595B60DB701B85D61 /* Check Pods Manifest.lock */,
				E4670BCF1A8EE96000B4235E /* Sources */,
				E4670BD01A8EE96000B4235E /* Frameworks */,
				E4670BD11A8EE96000B4235E /* Resources */,
				7E86A818B541CAA59D935200 /* Copy Pods Resources */,
			);
			buildRules = (
			);
			dependencies = (
			);
			name = PlayAudioFile;
			productName = PlayAudioFile;
			productReference = E4670BD31A8EE96000B4235E /* PlayAudioFile.app */;
			productType = "com.apple.product-type.application";
		};
/* End PBXNativeTarget section */

/* Begin PBXProject section */
		E4670BCB1A8EE96000B4235E /* Project object */ = {
			isa = PBXProject;
			attributes = {
				LastUpgradeCheck = 0610;
				ORGANIZATIONNAME = AudioKit;
				TargetAttributes = {
					E4670BD21A8EE96000B4235E = {
						CreatedOnToolsVersion = 6.1.1;
					};
				};
			};
			buildConfigurationList = E4670BCE1A8EE96000B4235E /* Build configuration list for PBXProject "PlayAudioFile" */;
			compatibilityVersion = "Xcode 3.2";
			developmentRegion = English;
			hasScannedForEncodings = 0;
			knownRegions = (
				en,
				Base,
			);
			mainGroup = E4670BCA1A8EE96000B4235E;
			productRefGroup = E4670BD41A8EE96000B4235E /* Products */;
			projectDirPath = "";
			projectRoot = "";
			targets = (
				E4670BD21A8EE96000B4235E /* PlayAudioFile */,
			);
		};
/* End PBXProject section */

/* Begin PBXResourcesBuildPhase section */
		E4670BD11A8EE96000B4235E /* Resources */ = {
			isa = PBXResourcesBuildPhase;
			buildActionMask = 2147483647;
			files = (
				E4670BE11A8EE96000B4235E /* Images.xcassets in Resources */,
				E4670BE41A8EE96000B4235E /* Main.storyboard in Resources */,
			);
			runOnlyForDeploymentPostprocessing = 0;
		};
/* End PBXResourcesBuildPhase section */

/* Begin PBXShellScriptBuildPhase section */
		7E86A818B541CAA59D935200 /* Copy Pods Resources */ = {
			isa = PBXShellScriptBuildPhase;
			buildActionMask = 2147483647;
			files = (
			);
			inputPaths = (
			);
			name = "Copy Pods Resources";
			outputPaths = (
			);
			runOnlyForDeploymentPostprocessing = 0;
			shellPath = /bin/sh;
			shellScript = "\"${SRCROOT}/Pods/Target Support Files/Pods-PlayAudioFile/Pods-PlayAudioFile-resources.sh\"\n";
			showEnvVarsInLog = 0;
		};
		BAD3952595B60DB701B85D61 /* Check Pods Manifest.lock */ = {
			isa = PBXShellScriptBuildPhase;
			buildActionMask = 2147483647;
			files = (
			);
			inputPaths = (
			);
			name = "Check Pods Manifest.lock";
			outputPaths = (
			);
			runOnlyForDeploymentPostprocessing = 0;
			shellPath = /bin/sh;
			shellScript = "diff \"${PODS_ROOT}/../Podfile.lock\" \"${PODS_ROOT}/Manifest.lock\" > /dev/null\nif [[ $? != 0 ]] ; then\n    cat << EOM\nerror: The sandbox is not in sync with the Podfile.lock. Run 'pod install' or update your CocoaPods installation.\nEOM\n    exit 1\nfi\n";
			showEnvVarsInLog = 0;
		};
/* End PBXShellScriptBuildPhase section */

/* Begin PBXSourcesBuildPhase section */
		E4670BCF1A8EE96000B4235E /* Sources */ = {
			isa = PBXSourcesBuildPhase;
			buildActionMask = 2147483647;
			files = (
				E4670BDC1A8EE96000B4235E /* main.m in Sources */,
				E4670BFB1A8EE98000B4235E /* AudioFileConductor.m in Sources */,
				E4670BDA1A8EE96000B4235E /* AppDelegate.m in Sources */,
				E4670BFE1A8EE98E00B4235E /* AudioFilePlayer.m in Sources */,
			);
			runOnlyForDeploymentPostprocessing = 0;
		};
/* End PBXSourcesBuildPhase section */

/* Begin PBXVariantGroup section */
		E4670BE21A8EE96000B4235E /* Main.storyboard */ = {
			isa = PBXVariantGroup;
			children = (
				E4670BE31A8EE96000B4235E /* Base */,
			);
			name = Main.storyboard;
			sourceTree = "<group>";
		};
/* End PBXVariantGroup section */

/* Begin XCBuildConfiguration section */
		E4670BF11A8EE96000B4235E /* Debug */ = {
			isa = XCBuildConfiguration;
			buildSettings = {
				ALWAYS_SEARCH_USER_PATHS = NO;
				CLANG_CXX_LANGUAGE_STANDARD = "gnu++0x";
				CLANG_CXX_LIBRARY = "libc++";
				CLANG_ENABLE_MODULES = YES;
				CLANG_ENABLE_OBJC_ARC = YES;
				CLANG_WARN_BOOL_CONVERSION = YES;
				CLANG_WARN_CONSTANT_CONVERSION = YES;
				CLANG_WARN_DIRECT_OBJC_ISA_USAGE = YES_ERROR;
				CLANG_WARN_EMPTY_BODY = YES;
				CLANG_WARN_ENUM_CONVERSION = YES;
				CLANG_WARN_INT_CONVERSION = YES;
				CLANG_WARN_OBJC_ROOT_CLASS = YES_ERROR;
				CLANG_WARN_UNREACHABLE_CODE = YES;
				CLANG_WARN__DUPLICATE_METHOD_MATCH = YES;
				CODE_SIGN_IDENTITY = "";
				COPY_PHASE_STRIP = NO;
				ENABLE_STRICT_OBJC_MSGSEND = YES;
				GCC_C_LANGUAGE_STANDARD = gnu99;
				GCC_DYNAMIC_NO_PIC = NO;
				GCC_OPTIMIZATION_LEVEL = 0;
				GCC_PREPROCESSOR_DEFINITIONS = (
					"DEBUG=1",
					"$(inherited)",
				);
				GCC_SYMBOLS_PRIVATE_EXTERN = NO;
				GCC_WARN_64_TO_32_BIT_CONVERSION = YES;
				GCC_WARN_ABOUT_RETURN_TYPE = YES_ERROR;
				GCC_WARN_UNDECLARED_SELECTOR = YES;
				GCC_WARN_UNINITIALIZED_AUTOS = YES_AGGRESSIVE;
				GCC_WARN_UNUSED_FUNCTION = YES;
				GCC_WARN_UNUSED_VARIABLE = YES;
				MACOSX_DEPLOYMENT_TARGET = 10.10;
				MTL_ENABLE_DEBUG_INFO = YES;
				ONLY_ACTIVE_ARCH = YES;
				SDKROOT = macosx;
			};
			name = Debug;
		};
		E4670BF21A8EE96000B4235E /* Release */ = {
			isa = XCBuildConfiguration;
			buildSettings = {
				ALWAYS_SEARCH_USER_PATHS = NO;
				CLANG_CXX_LANGUAGE_STANDARD = "gnu++0x";
				CLANG_CXX_LIBRARY = "libc++";
				CLANG_ENABLE_MODULES = YES;
				CLANG_ENABLE_OBJC_ARC = YES;
				CLANG_WARN_BOOL_CONVERSION = YES;
				CLANG_WARN_CONSTANT_CONVERSION = YES;
				CLANG_WARN_DIRECT_OBJC_ISA_USAGE = YES_ERROR;
				CLANG_WARN_EMPTY_BODY = YES;
				CLANG_WARN_ENUM_CONVERSION = YES;
				CLANG_WARN_INT_CONVERSION = YES;
				CLANG_WARN_OBJC_ROOT_CLASS = YES_ERROR;
				CLANG_WARN_UNREACHABLE_CODE = YES;
				CLANG_WARN__DUPLICATE_METHOD_MATCH = YES;
				CODE_SIGN_IDENTITY = "";
				COPY_PHASE_STRIP = YES;
				DEBUG_INFORMATION_FORMAT = "dwarf-with-dsym";
				ENABLE_NS_ASSERTIONS = NO;
				ENABLE_STRICT_OBJC_MSGSEND = YES;
				GCC_C_LANGUAGE_STANDARD = gnu99;
				GCC_WARN_64_TO_32_BIT_CONVERSION = YES;
				GCC_WARN_ABOUT_RETURN_TYPE = YES_ERROR;
				GCC_WARN_UNDECLARED_SELECTOR = YES;
				GCC_WARN_UNINITIALIZED_AUTOS = YES_AGGRESSIVE;
				GCC_WARN_UNUSED_FUNCTION = YES;
				GCC_WARN_UNUSED_VARIABLE = YES;
				MACOSX_DEPLOYMENT_TARGET = 10.10;
				MTL_ENABLE_DEBUG_INFO = NO;
				SDKROOT = macosx;
			};
			name = Release;
		};
		E4670BF41A8EE96000B4235E /* Debug */ = {
			isa = XCBuildConfiguration;
			baseConfigurationReference = 0F640B9108F146F605E8125B /* Pods-PlayAudioFile.debug.xcconfig */;
			buildSettings = {
				ASSETCATALOG_COMPILER_APPICON_NAME = AppIcon;
				COMBINE_HIDPI_IMAGES = YES;
				INFOPLIST_FILE = PlayAudioFile/Info.plist;
				LD_RUNPATH_SEARCH_PATHS = "$(inherited) @executable_path/../Frameworks";
				PRODUCT_NAME = "$(TARGET_NAME)";
			};
			name = Debug;
		};
		E4670BF51A8EE96000B4235E /* Release */ = {
			isa = XCBuildConfiguration;
			baseConfigurationReference = C8776071BA55DA749CDD07AF /* Pods-PlayAudioFile.release.xcconfig */;
			buildSettings = {
				ASSETCATALOG_COMPILER_APPICON_NAME = AppIcon;
				COMBINE_HIDPI_IMAGES = YES;
				INFOPLIST_FILE = PlayAudioFile/Info.plist;
				LD_RUNPATH_SEARCH_PATHS = "$(inherited) @executable_path/../Frameworks";
				PRODUCT_NAME = "$(TARGET_NAME)";
			};
			name = Release;
		};
/* End XCBuildConfiguration section */

/* Begin XCConfigurationList section */
		E4670BCE1A8EE96000B4235E /* Build configuration list for PBXProject "PlayAudioFile" */ = {
			isa = XCConfigurationList;
			buildConfigurations = (
				E4670BF11A8EE96000B4235E /* Debug */,
				E4670BF21A8EE96000B4235E /* Release */,
			);
			defaultConfigurationIsVisible = 0;
			defaultConfigurationName = Release;
		};
		E4670BF31A8EE96000B4235E /* Build configuration list for PBXNativeTarget "PlayAudioFile" */ = {
			isa = XCConfigurationList;
			buildConfigurations = (
				E4670BF41A8EE96000B4235E /* Debug */,
				E4670BF51A8EE96000B4235E /* Release */,
			);
			defaultConfigurationIsVisible = 0;
			defaultConfigurationName = Release;
		};
/* End XCConfigurationList section */
	};
	rootObject = E4670BCB1A8EE96000B4235E /* Project object */;
}
