// !$*UTF8*$!
{
	archiveVersion = 1;
	classes = {
	};
	objectVersion = 46;
	objects = {

/* Begin PBXBuildFile section */
		C43514C31B391C20005DB41D /* RingModulator.m in Sources */ = {isa = PBXBuildFile; fileRef = C43514C21B391C20005DB41D /* RingModulator.m */; };
		C43514C81B391E68005DB41D /* RingModulatorViewController.m in Sources */ = {isa = PBXBuildFile; fileRef = C43514C71B391E68005DB41D /* RingModulatorViewController.m */; };
		C46B27D11A7B037300328AF3 /* main.m in Sources */ = {isa = PBXBuildFile; fileRef = C46B27D01A7B037300328AF3 /* main.m */; };
		C46B27D41A7B037300328AF3 /* AppDelegate.m in Sources */ = {isa = PBXBuildFile; fileRef = C46B27D31A7B037300328AF3 /* AppDelegate.m */; };
		C46B27D71A7B037300328AF3 /* ViewController.m in Sources */ = {isa = PBXBuildFile; fileRef = C46B27D61A7B037300328AF3 /* ViewController.m */; };
		C46B27DA1A7B037300328AF3 /* Main.storyboard in Resources */ = {isa = PBXBuildFile; fileRef = C46B27D81A7B037300328AF3 /* Main.storyboard */; };
		C46B27DC1A7B037300328AF3 /* Images.xcassets in Resources */ = {isa = PBXBuildFile; fileRef = C46B27DB1A7B037300328AF3 /* Images.xcassets */; };
		C46B27DF1A7B037300328AF3 /* LaunchScreen.xib in Resources */ = {isa = PBXBuildFile; fileRef = C46B27DD1A7B037300328AF3 /* LaunchScreen.xib */; };
		C46B29FD1A7B047C00328AF3 /* SharedStore.m in Sources */ = {isa = PBXBuildFile; fileRef = C46B29F51A7B047C00328AF3 /* SharedStore.m */; };
		C46B2A2A1A7B60CC00328AF3 /* MoogLadderViewController.m in Sources */ = {isa = PBXBuildFile; fileRef = C46B2A131A7B60CC00328AF3 /* MoogLadderViewController.m */; };
		C46B2A2B1A7B60CC00328AF3 /* ReverbViewController.m in Sources */ = {isa = PBXBuildFile; fileRef = C46B2A151A7B60CC00328AF3 /* ReverbViewController.m */; };
		C46B2A2C1A7B60CC00328AF3 /* VariableDelayViewController.m in Sources */ = {isa = PBXBuildFile; fileRef = C46B2A171A7B60CC00328AF3 /* VariableDelayViewController.m */; };
		C46B2A2D1A7B60CC00328AF3 /* AudioFilePlayer.m in Sources */ = {isa = PBXBuildFile; fileRef = C46B2A1A1A7B60CC00328AF3 /* AudioFilePlayer.m */; };
		C46B2A2E1A7B60CC00328AF3 /* MoogLadder.m in Sources */ = {isa = PBXBuildFile; fileRef = C46B2A1C1A7B60CC00328AF3 /* MoogLadder.m */; };
		C46B2A2F1A7B60CC00328AF3 /* Reverb.m in Sources */ = {isa = PBXBuildFile; fileRef = C46B2A1E1A7B60CC00328AF3 /* Reverb.m */; };
		C46B2A301A7B60CC00328AF3 /* VariableDelay.m in Sources */ = {isa = PBXBuildFile; fileRef = C46B2A201A7B60CC00328AF3 /* VariableDelay.m */; };
		C46B2A311A7B60CC00328AF3 /* AlbumsViewController.m in Sources */ = {isa = PBXBuildFile; fileRef = C46B2A231A7B60CC00328AF3 /* AlbumsViewController.m */; };
		C46B2A321A7B60CC00328AF3 /* ArtistsViewController.m in Sources */ = {isa = PBXBuildFile; fileRef = C46B2A251A7B60CC00328AF3 /* ArtistsViewController.m */; };
		C46B2A331A7B60CC00328AF3 /* SongsViewController.m in Sources */ = {isa = PBXBuildFile; fileRef = C46B2A271A7B60CC00328AF3 /* SongsViewController.m */; };
		C46B2A341A7B60CC00328AF3 /* SongViewController.m in Sources */ = {isa = PBXBuildFile; fileRef = C46B2A291A7B60CC00328AF3 /* SongViewController.m */; };
		C4FAE3EB1AEA4EAA00FD71E2 /* libAudioKit iOS Static.a in Frameworks */ = {isa = PBXBuildFile; fileRef = C4FAE3E41AEA4E8A00FD71E2 /* libAudioKit iOS Static.a */; };
		C4FAE3ED1AEA4EEC00FD71E2 /* AKSoundFiles.bundle in Resources */ = {isa = PBXBuildFile; fileRef = C4FAE3EC1AEA4EEC00FD71E2 /* AKSoundFiles.bundle */; };
		E47171211A7C77C500775134 /* SamplesViewController.m in Sources */ = {isa = PBXBuildFile; fileRef = E47171201A7C77C500775134 /* SamplesViewController.m */; };
/* End PBXBuildFile section */

/* Begin PBXContainerItemProxy section */
		C4FAE3E31AEA4E8A00FD71E2 /* PBXContainerItemProxy */ = {
			isa = PBXContainerItemProxy;
			containerPortal = C4FAE3DD1AEA4E8A00FD71E2 /* AudioKit.xcodeproj */;
			proxyType = 2;
			remoteGlobalIDString = EA8E93D81AD3C5240057E979;
			remoteInfo = "AudioKit iOS Static";
		};
		C4FAE3E51AEA4E8A00FD71E2 /* PBXContainerItemProxy */ = {
			isa = PBXContainerItemProxy;
			containerPortal = C4FAE3DD1AEA4E8A00FD71E2 /* AudioKit.xcodeproj */;
			proxyType = 2;
			remoteGlobalIDString = EAA0F5941AE71C8F007CD7C9;
			remoteInfo = "AudioKit iOS Dynamic";
		};
		C4FAE3E71AEA4E8A00FD71E2 /* PBXContainerItemProxy */ = {
			isa = PBXContainerItemProxy;
			containerPortal = C4FAE3DD1AEA4E8A00FD71E2 /* AudioKit.xcodeproj */;
			proxyType = 2;
			remoteGlobalIDString = EA8E96591AD3C6FC0057E979;
			remoteInfo = "AudioKit OS X";
		};
		C4FAE3E91AEA4EA500FD71E2 /* PBXContainerItemProxy */ = {
			isa = PBXContainerItemProxy;
			containerPortal = C4FAE3DD1AEA4E8A00FD71E2 /* AudioKit.xcodeproj */;
			proxyType = 1;
			remoteGlobalIDString = EA8E93D71AD3C5240057E979;
			remoteInfo = "AudioKit iOS Static";
		};
/* End PBXContainerItemProxy section */

/* Begin PBXFileReference section */
		C43514C11B391C20005DB41D /* RingModulator.h */ = {isa = PBXFileReference; fileEncoding = 4; lastKnownFileType = sourcecode.c.h; path = RingModulator.h; sourceTree = "<group>"; };
		C43514C21B391C20005DB41D /* RingModulator.m */ = {isa = PBXFileReference; fileEncoding = 4; lastKnownFileType = sourcecode.c.objc; path = RingModulator.m; sourceTree = "<group>"; };
		C43514C61B391E68005DB41D /* RingModulatorViewController.h */ = {isa = PBXFileReference; fileEncoding = 4; lastKnownFileType = sourcecode.c.h; path = RingModulatorViewController.h; sourceTree = "<group>"; };
		C43514C71B391E68005DB41D /* RingModulatorViewController.m */ = {isa = PBXFileReference; fileEncoding = 4; lastKnownFileType = sourcecode.c.objc; path = RingModulatorViewController.m; sourceTree = "<group>"; };
		C46B27CB1A7B037300328AF3 /* EffectsProcessorDemo.app */ = {isa = PBXFileReference; explicitFileType = wrapper.application; includeInIndex = 0; path = EffectsProcessorDemo.app; sourceTree = BUILT_PRODUCTS_DIR; };
		C46B27CF1A7B037300328AF3 /* Info.plist */ = {isa = PBXFileReference; lastKnownFileType = text.plist.xml; path = Info.plist; sourceTree = "<group>"; };
		C46B27D01A7B037300328AF3 /* main.m */ = {isa = PBXFileReference; lastKnownFileType = sourcecode.c.objc; path = main.m; sourceTree = "<group>"; };
		C46B27D21A7B037300328AF3 /* AppDelegate.h */ = {isa = PBXFileReference; lastKnownFileType = sourcecode.c.h; path = AppDelegate.h; sourceTree = "<group>"; };
		C46B27D31A7B037300328AF3 /* AppDelegate.m */ = {isa = PBXFileReference; lastKnownFileType = sourcecode.c.objc; path = AppDelegate.m; sourceTree = "<group>"; };
		C46B27D51A7B037300328AF3 /* ViewController.h */ = {isa = PBXFileReference; lastKnownFileType = sourcecode.c.h; path = ViewController.h; sourceTree = "<group>"; };
		C46B27D61A7B037300328AF3 /* ViewController.m */ = {isa = PBXFileReference; lastKnownFileType = sourcecode.c.objc; path = ViewController.m; sourceTree = "<group>"; };
		C46B27D91A7B037300328AF3 /* Base */ = {isa = PBXFileReference; lastKnownFileType = file.storyboard; name = Base; path = Base.lproj/Main.storyboard; sourceTree = "<group>"; };
		C46B27DB1A7B037300328AF3 /* Images.xcassets */ = {isa = PBXFileReference; lastKnownFileType = folder.assetcatalog; path = Images.xcassets; sourceTree = "<group>"; };
		C46B27DE1A7B037300328AF3 /* Base */ = {isa = PBXFileReference; lastKnownFileType = file.xib; name = Base; path = Base.lproj/LaunchScreen.xib; sourceTree = "<group>"; };
		C46B29F41A7B047C00328AF3 /* SharedStore.h */ = {isa = PBXFileReference; fileEncoding = 4; lastKnownFileType = sourcecode.c.h; path = SharedStore.h; sourceTree = "<group>"; };
		C46B29F51A7B047C00328AF3 /* SharedStore.m */ = {isa = PBXFileReference; fileEncoding = 4; lastKnownFileType = sourcecode.c.objc; path = SharedStore.m; sourceTree = "<group>"; };
		C46B2A121A7B60CC00328AF3 /* MoogLadderViewController.h */ = {isa = PBXFileReference; fileEncoding = 4; lastKnownFileType = sourcecode.c.h; path = MoogLadderViewController.h; sourceTree = "<group>"; };
		C46B2A131A7B60CC00328AF3 /* MoogLadderViewController.m */ = {isa = PBXFileReference; fileEncoding = 4; lastKnownFileType = sourcecode.c.objc; path = MoogLadderViewController.m; sourceTree = "<group>"; };
		C46B2A141A7B60CC00328AF3 /* ReverbViewController.h */ = {isa = PBXFileReference; fileEncoding = 4; lastKnownFileType = sourcecode.c.h; path = ReverbViewController.h; sourceTree = "<group>"; };
		C46B2A151A7B60CC00328AF3 /* ReverbViewController.m */ = {isa = PBXFileReference; fileEncoding = 4; lastKnownFileType = sourcecode.c.objc; path = ReverbViewController.m; sourceTree = "<group>"; };
		C46B2A161A7B60CC00328AF3 /* VariableDelayViewController.h */ = {isa = PBXFileReference; fileEncoding = 4; lastKnownFileType = sourcecode.c.h; path = VariableDelayViewController.h; sourceTree = "<group>"; };
		C46B2A171A7B60CC00328AF3 /* VariableDelayViewController.m */ = {isa = PBXFileReference; fileEncoding = 4; lastKnownFileType = sourcecode.c.objc; path = VariableDelayViewController.m; sourceTree = "<group>"; };
		C46B2A191A7B60CC00328AF3 /* AudioFilePlayer.h */ = {isa = PBXFileReference; fileEncoding = 4; lastKnownFileType = sourcecode.c.h; path = AudioFilePlayer.h; sourceTree = "<group>"; };
		C46B2A1A1A7B60CC00328AF3 /* AudioFilePlayer.m */ = {isa = PBXFileReference; fileEncoding = 4; lastKnownFileType = sourcecode.c.objc; path = AudioFilePlayer.m; sourceTree = "<group>"; };
		C46B2A1B1A7B60CC00328AF3 /* MoogLadder.h */ = {isa = PBXFileReference; fileEncoding = 4; lastKnownFileType = sourcecode.c.h; path = MoogLadder.h; sourceTree = "<group>"; };
		C46B2A1C1A7B60CC00328AF3 /* MoogLadder.m */ = {isa = PBXFileReference; fileEncoding = 4; lastKnownFileType = sourcecode.c.objc; path = MoogLadder.m; sourceTree = "<group>"; };
		C46B2A1D1A7B60CC00328AF3 /* Reverb.h */ = {isa = PBXFileReference; fileEncoding = 4; lastKnownFileType = sourcecode.c.h; path = Reverb.h; sourceTree = "<group>"; };
		C46B2A1E1A7B60CC00328AF3 /* Reverb.m */ = {isa = PBXFileReference; fileEncoding = 4; lastKnownFileType = sourcecode.c.objc; path = Reverb.m; sourceTree = "<group>"; };
		C46B2A1F1A7B60CC00328AF3 /* VariableDelay.h */ = {isa = PBXFileReference; fileEncoding = 4; lastKnownFileType = sourcecode.c.h; path = VariableDelay.h; sourceTree = "<group>"; };
		C46B2A201A7B60CC00328AF3 /* VariableDelay.m */ = {isa = PBXFileReference; fileEncoding = 4; lastKnownFileType = sourcecode.c.objc; path = VariableDelay.m; sourceTree = "<group>"; };
		C46B2A221A7B60CC00328AF3 /* AlbumsViewController.h */ = {isa = PBXFileReference; fileEncoding = 4; lastKnownFileType = sourcecode.c.h; path = AlbumsViewController.h; sourceTree = "<group>"; };
		C46B2A231A7B60CC00328AF3 /* AlbumsViewController.m */ = {isa = PBXFileReference; fileEncoding = 4; lastKnownFileType = sourcecode.c.objc; path = AlbumsViewController.m; sourceTree = "<group>"; };
		C46B2A241A7B60CC00328AF3 /* ArtistsViewController.h */ = {isa = PBXFileReference; fileEncoding = 4; lastKnownFileType = sourcecode.c.h; path = ArtistsViewController.h; sourceTree = "<group>"; };
		C46B2A251A7B60CC00328AF3 /* ArtistsViewController.m */ = {isa = PBXFileReference; fileEncoding = 4; lastKnownFileType = sourcecode.c.objc; path = ArtistsViewController.m; sourceTree = "<group>"; };
		C46B2A261A7B60CC00328AF3 /* SongsViewController.h */ = {isa = PBXFileReference; fileEncoding = 4; lastKnownFileType = sourcecode.c.h; path = SongsViewController.h; sourceTree = "<group>"; };
		C46B2A271A7B60CC00328AF3 /* SongsViewController.m */ = {isa = PBXFileReference; fileEncoding = 4; lastKnownFileType = sourcecode.c.objc; path = SongsViewController.m; sourceTree = "<group>"; };
		C46B2A281A7B60CC00328AF3 /* SongViewController.h */ = {isa = PBXFileReference; fileEncoding = 4; lastKnownFileType = sourcecode.c.h; path = SongViewController.h; sourceTree = "<group>"; };
		C46B2A291A7B60CC00328AF3 /* SongViewController.m */ = {isa = PBXFileReference; fileEncoding = 4; lastKnownFileType = sourcecode.c.objc; path = SongViewController.m; sourceTree = "<group>"; };
		C4FAE3DD1AEA4E8A00FD71E2 /* AudioKit.xcodeproj */ = {isa = PBXFileReference; lastKnownFileType = "wrapper.pb-project"; name = AudioKit.xcodeproj; path = ../../../AudioKitV2.1/AudioKit.xcodeproj; sourceTree = "<group>"; };
		C4FAE3EC1AEA4EEC00FD71E2 /* AKSoundFiles.bundle */ = {isa = PBXFileReference; lastKnownFileType = "wrapper.plug-in"; name = AKSoundFiles.bundle; path = ../../../../../AudioKitV2.1/AudioKit/AKSoundFiles.bundle; sourceTree = "<group>"; };
		E471711F1A7C77C500775134 /* SamplesViewController.h */ = {isa = PBXFileReference; fileEncoding = 4; lastKnownFileType = sourcecode.c.h; name = SamplesViewController.h; path = EffectsProcessorDemo/SamplesViewController.h; sourceTree = SOURCE_ROOT; };
		E47171201A7C77C500775134 /* SamplesViewController.m */ = {isa = PBXFileReference; fileEncoding = 4; lastKnownFileType = sourcecode.c.objc; name = SamplesViewController.m; path = EffectsProcessorDemo/SamplesViewController.m; sourceTree = SOURCE_ROOT; };
/* End PBXFileReference section */

/* Begin PBXFrameworksBuildPhase section */
		C46B27C81A7B037300328AF3 /* Frameworks */ = {
			isa = PBXFrameworksBuildPhase;
			buildActionMask = 2147483647;
			files = (
				C4FAE3EB1AEA4EAA00FD71E2 /* libAudioKit iOS Static.a in Frameworks */,
			);
			runOnlyForDeploymentPostprocessing = 0;
		};
/* End PBXFrameworksBuildPhase section */

/* Begin PBXGroup section */
		C46B27C21A7B037300328AF3 = {
			isa = PBXGroup;
			children = (
				C4FAE3DD1AEA4E8A00FD71E2 /* AudioKit.xcodeproj */,
				C46B27CD1A7B037300328AF3 /* EffectsProcessorDemo */,
				C46B27CC1A7B037300328AF3 /* Products */,
			);
			sourceTree = "<group>";
		};
		C46B27CC1A7B037300328AF3 /* Products */ = {
			isa = PBXGroup;
			children = (
				C46B27CB1A7B037300328AF3 /* EffectsProcessorDemo.app */,
			);
			name = Products;
			sourceTree = "<group>";
		};
		C46B27CD1A7B037300328AF3 /* EffectsProcessorDemo */ = {
			isa = PBXGroup;
			children = (
				C46B27D81A7B037300328AF3 /* Main.storyboard */,
				C46B2A111A7B60CC00328AF3 /* Effects View Controllers */,
				C46B2A181A7B60CC00328AF3 /* Instruments */,
				C46B2A211A7B60CC00328AF3 /* iTunes Library Access */,
				C46B29F41A7B047C00328AF3 /* SharedStore.h */,
				C46B29F51A7B047C00328AF3 /* SharedStore.m */,
				E471711F1A7C77C500775134 /* SamplesViewController.h */,
				E47171201A7C77C500775134 /* SamplesViewController.m */,
				C46B27DB1A7B037300328AF3 /* Images.xcassets */,
				C46B27DD1A7B037300328AF3 /* LaunchScreen.xib */,
				C46B27CE1A7B037300328AF3 /* Supporting Files */,
			);
			path = EffectsProcessorDemo;
			sourceTree = "<group>";
		};
		C46B27CE1A7B037300328AF3 /* Supporting Files */ = {
			isa = PBXGroup;
			children = (
				C46B27D51A7B037300328AF3 /* ViewController.h */,
				C46B27D61A7B037300328AF3 /* ViewController.m */,
				C46B27D21A7B037300328AF3 /* AppDelegate.h */,
				C46B27D31A7B037300328AF3 /* AppDelegate.m */,
				C46B27CF1A7B037300328AF3 /* Info.plist */,
				C46B27D01A7B037300328AF3 /* main.m */,
			);
			name = "Supporting Files";
			sourceTree = "<group>";
		};
		C46B2A111A7B60CC00328AF3 /* Effects View Controllers */ = {
			isa = PBXGroup;
			children = (
				C46B2A121A7B60CC00328AF3 /* MoogLadderViewController.h */,
				C46B2A131A7B60CC00328AF3 /* MoogLadderViewController.m */,
				C46B2A141A7B60CC00328AF3 /* ReverbViewController.h */,
				C46B2A151A7B60CC00328AF3 /* ReverbViewController.m */,
				C46B2A161A7B60CC00328AF3 /* VariableDelayViewController.h */,
				C46B2A171A7B60CC00328AF3 /* VariableDelayViewController.m */,
				C43514C61B391E68005DB41D /* RingModulatorViewController.h */,
				C43514C71B391E68005DB41D /* RingModulatorViewController.m */,
			);
			path = "Effects View Controllers";
			sourceTree = "<group>";
		};
		C46B2A181A7B60CC00328AF3 /* Instruments */ = {
			isa = PBXGroup;
			children = (
				C4FAE3EC1AEA4EEC00FD71E2 /* AKSoundFiles.bundle */,
				C46B2A191A7B60CC00328AF3 /* AudioFilePlayer.h */,
				C46B2A1A1A7B60CC00328AF3 /* AudioFilePlayer.m */,
				C46B2A1B1A7B60CC00328AF3 /* MoogLadder.h */,
				C46B2A1C1A7B60CC00328AF3 /* MoogLadder.m */,
				C46B2A1D1A7B60CC00328AF3 /* Reverb.h */,
				C46B2A1E1A7B60CC00328AF3 /* Reverb.m */,
				C43514C11B391C20005DB41D /* RingModulator.h */,
				C43514C21B391C20005DB41D /* RingModulator.m */,
				C46B2A1F1A7B60CC00328AF3 /* VariableDelay.h */,
				C46B2A201A7B60CC00328AF3 /* VariableDelay.m */,
			);
			path = Instruments;
			sourceTree = "<group>";
		};
		C46B2A211A7B60CC00328AF3 /* iTunes Library Access */ = {
			isa = PBXGroup;
			children = (
				C46B2A221A7B60CC00328AF3 /* AlbumsViewController.h */,
				C46B2A231A7B60CC00328AF3 /* AlbumsViewController.m */,
				C46B2A241A7B60CC00328AF3 /* ArtistsViewController.h */,
				C46B2A251A7B60CC00328AF3 /* ArtistsViewController.m */,
				C46B2A261A7B60CC00328AF3 /* SongsViewController.h */,
				C46B2A271A7B60CC00328AF3 /* SongsViewController.m */,
				C46B2A281A7B60CC00328AF3 /* SongViewController.h */,
				C46B2A291A7B60CC00328AF3 /* SongViewController.m */,
			);
			path = "iTunes Library Access";
			sourceTree = "<group>";
		};
		C4FAE3DE1AEA4E8A00FD71E2 /* Products */ = {
			isa = PBXGroup;
			children = (
				C4FAE3E41AEA4E8A00FD71E2 /* libAudioKit iOS Static.a */,
				C4FAE3E61AEA4E8A00FD71E2 /* libAudioKit iOS Dynamic.a */,
				C4FAE3E81AEA4E8A00FD71E2 /* libAudioKit OS X.a */,
			);
			name = Products;
			sourceTree = "<group>";
		};
/* End PBXGroup section */

/* Begin PBXNativeTarget section */
		C46B27CA1A7B037300328AF3 /* EffectsProcessorDemo */ = {
			isa = PBXNativeTarget;
			buildConfigurationList = C46B27EE1A7B037300328AF3 /* Build configuration list for PBXNativeTarget "EffectsProcessorDemo" */;
			buildPhases = (
				C46B27C71A7B037300328AF3 /* Sources */,
				C46B27C81A7B037300328AF3 /* Frameworks */,
				C46B27C91A7B037300328AF3 /* Resources */,
			);
			buildRules = (
			);
			dependencies = (
				C4FAE3EA1AEA4EA500FD71E2 /* PBXTargetDependency */,
			);
			name = EffectsProcessorDemo;
			productName = EffectsProcessorDemo;
			productReference = C46B27CB1A7B037300328AF3 /* EffectsProcessorDemo.app */;
			productType = "com.apple.product-type.application";
		};
/* End PBXNativeTarget section */

/* Begin PBXProject section */
		C46B27C31A7B037300328AF3 /* Project object */ = {
			isa = PBXProject;
			attributes = {
				LastUpgradeCheck = 0620;
				ORGANIZATIONNAME = AudioKit;
				TargetAttributes = {
					C46B27CA1A7B037300328AF3 = {
						CreatedOnToolsVersion = 6.2;
					};
				};
			};
			buildConfigurationList = C46B27C61A7B037300328AF3 /* Build configuration list for PBXProject "EffectsProcessorDemo" */;
			compatibilityVersion = "Xcode 3.2";
			developmentRegion = English;
			hasScannedForEncodings = 0;
			knownRegions = (
				en,
				Base,
			);
			mainGroup = C46B27C21A7B037300328AF3;
			productRefGroup = C46B27CC1A7B037300328AF3 /* Products */;
			projectDirPath = "";
			projectReferences = (
				{
					ProductGroup = C4FAE3DE1AEA4E8A00FD71E2 /* Products */;
					ProjectRef = C4FAE3DD1AEA4E8A00FD71E2 /* AudioKit.xcodeproj */;
				},
			);
			projectRoot = "";
			targets = (
				C46B27CA1A7B037300328AF3 /* EffectsProcessorDemo */,
			);
		};
/* End PBXProject section */

/* Begin PBXReferenceProxy section */
		C4FAE3E41AEA4E8A00FD71E2 /* libAudioKit iOS Static.a */ = {
			isa = PBXReferenceProxy;
			fileType = archive.ar;
			path = "libAudioKit iOS Static.a";
			remoteRef = C4FAE3E31AEA4E8A00FD71E2 /* PBXContainerItemProxy */;
			sourceTree = BUILT_PRODUCTS_DIR;
		};
		C4FAE3E61AEA4E8A00FD71E2 /* libAudioKit iOS Dynamic.a */ = {
			isa = PBXReferenceProxy;
			fileType = archive.ar;
			path = "libAudioKit iOS Dynamic.a";
			remoteRef = C4FAE3E51AEA4E8A00FD71E2 /* PBXContainerItemProxy */;
			sourceTree = BUILT_PRODUCTS_DIR;
		};
		C4FAE3E81AEA4E8A00FD71E2 /* libAudioKit OS X.a */ = {
			isa = PBXReferenceProxy;
			fileType = archive.ar;
			path = "libAudioKit OS X.a";
			remoteRef = C4FAE3E71AEA4E8A00FD71E2 /* PBXContainerItemProxy */;
			sourceTree = BUILT_PRODUCTS_DIR;
		};
/* End PBXReferenceProxy section */

/* Begin PBXResourcesBuildPhase section */
		C46B27C91A7B037300328AF3 /* Resources */ = {
			isa = PBXResourcesBuildPhase;
			buildActionMask = 2147483647;
			files = (
				C46B27DA1A7B037300328AF3 /* Main.storyboard in Resources */,
				C46B27DF1A7B037300328AF3 /* LaunchScreen.xib in Resources */,
				C46B27DC1A7B037300328AF3 /* Images.xcassets in Resources */,
				C4FAE3ED1AEA4EEC00FD71E2 /* AKSoundFiles.bundle in Resources */,
			);
			runOnlyForDeploymentPostprocessing = 0;
		};
/* End PBXResourcesBuildPhase section */

/* Begin PBXSourcesBuildPhase section */
		C46B27C71A7B037300328AF3 /* Sources */ = {
			isa = PBXSourcesBuildPhase;
			buildActionMask = 2147483647;
			files = (
				C43514C81B391E68005DB41D /* RingModulatorViewController.m in Sources */,
				C46B2A2B1A7B60CC00328AF3 /* ReverbViewController.m in Sources */,
				C46B2A301A7B60CC00328AF3 /* VariableDelay.m in Sources */,
				C46B2A2A1A7B60CC00328AF3 /* MoogLadderViewController.m in Sources */,
				C46B27D71A7B037300328AF3 /* ViewController.m in Sources */,
				C46B2A2E1A7B60CC00328AF3 /* MoogLadder.m in Sources */,
				C46B27D41A7B037300328AF3 /* AppDelegate.m in Sources */,
				C43514C31B391C20005DB41D /* RingModulator.m in Sources */,
				C46B2A311A7B60CC00328AF3 /* AlbumsViewController.m in Sources */,
				C46B2A2F1A7B60CC00328AF3 /* Reverb.m in Sources */,
				C46B2A341A7B60CC00328AF3 /* SongViewController.m in Sources */,
				C46B2A331A7B60CC00328AF3 /* SongsViewController.m in Sources */,
				C46B2A2D1A7B60CC00328AF3 /* AudioFilePlayer.m in Sources */,
				E47171211A7C77C500775134 /* SamplesViewController.m in Sources */,
				C46B2A2C1A7B60CC00328AF3 /* VariableDelayViewController.m in Sources */,
				C46B27D11A7B037300328AF3 /* main.m in Sources */,
				C46B2A321A7B60CC00328AF3 /* ArtistsViewController.m in Sources */,
				C46B29FD1A7B047C00328AF3 /* SharedStore.m in Sources */,
			);
			runOnlyForDeploymentPostprocessing = 0;
		};
/* End PBXSourcesBuildPhase section */

/* Begin PBXTargetDependency section */
		C4FAE3EA1AEA4EA500FD71E2 /* PBXTargetDependency */ = {
			isa = PBXTargetDependency;
			name = "AudioKit iOS Static";
			targetProxy = C4FAE3E91AEA4EA500FD71E2 /* PBXContainerItemProxy */;
		};
/* End PBXTargetDependency section */

/* Begin PBXVariantGroup section */
		C46B27D81A7B037300328AF3 /* Main.storyboard */ = {
			isa = PBXVariantGroup;
			children = (
				C46B27D91A7B037300328AF3 /* Base */,
			);
			name = Main.storyboard;
			sourceTree = "<group>";
		};
		C46B27DD1A7B037300328AF3 /* LaunchScreen.xib */ = {
			isa = PBXVariantGroup;
			children = (
				C46B27DE1A7B037300328AF3 /* Base */,
			);
			name = LaunchScreen.xib;
			sourceTree = "<group>";
		};
/* End PBXVariantGroup section */

/* Begin XCBuildConfiguration section */
		C46B27EC1A7B037300328AF3 /* Debug */ = {
			isa = XCBuildConfiguration;
			buildSettings = {
				ALWAYS_SEARCH_USER_PATHS = NO;
				CLANG_CXX_LANGUAGE_STANDARD = "gnu++0x";
				CLANG_CXX_LIBRARY = "libc++";
				CLANG_ENABLE_MODULES = YES;
				CLANG_ENABLE_OBJC_ARC = YES;
				CLANG_WARN_BOOL_CONVERSION = YES;
				CLANG_WARN_CONSTANT_CONVERSION = YES;
				CLANG_WARN_DIRECT_OBJC_ISA_USAGE = YES_ERROR;
				CLANG_WARN_EMPTY_BODY = YES;
				CLANG_WARN_ENUM_CONVERSION = YES;
				CLANG_WARN_INT_CONVERSION = YES;
				CLANG_WARN_OBJC_ROOT_CLASS = YES_ERROR;
				CLANG_WARN_UNREACHABLE_CODE = YES;
				CLANG_WARN__DUPLICATE_METHOD_MATCH = YES;
				"CODE_SIGN_IDENTITY[sdk=iphoneos*]" = "iPhone Developer";
				COPY_PHASE_STRIP = NO;
				ENABLE_STRICT_OBJC_MSGSEND = YES;
				GCC_C_LANGUAGE_STANDARD = gnu99;
				GCC_DYNAMIC_NO_PIC = NO;
				GCC_OPTIMIZATION_LEVEL = 0;
				GCC_PREPROCESSOR_DEFINITIONS = (
					"DEBUG=1",
					"$(inherited)",
				);
				GCC_SYMBOLS_PRIVATE_EXTERN = NO;
				GCC_WARN_64_TO_32_BIT_CONVERSION = YES;
				GCC_WARN_ABOUT_RETURN_TYPE = YES_ERROR;
				GCC_WARN_UNDECLARED_SELECTOR = YES;
				GCC_WARN_UNINITIALIZED_AUTOS = YES_AGGRESSIVE;
				GCC_WARN_UNUSED_FUNCTION = YES;
				GCC_WARN_UNUSED_VARIABLE = YES;
				IPHONEOS_DEPLOYMENT_TARGET = 8.0;
				MTL_ENABLE_DEBUG_INFO = YES;
				ONLY_ACTIVE_ARCH = YES;
				SDKROOT = iphoneos;
				TARGETED_DEVICE_FAMILY = "1,2";
			};
			name = Debug;
		};
		C46B27ED1A7B037300328AF3 /* Release */ = {
			isa = XCBuildConfiguration;
			buildSettings = {
				ALWAYS_SEARCH_USER_PATHS = NO;
				CLANG_CXX_LANGUAGE_STANDARD = "gnu++0x";
				CLANG_CXX_LIBRARY = "libc++";
				CLANG_ENABLE_MODULES = YES;
				CLANG_ENABLE_OBJC_ARC = YES;
				CLANG_WARN_BOOL_CONVERSION = YES;
				CLANG_WARN_CONSTANT_CONVERSION = YES;
				CLANG_WARN_DIRECT_OBJC_ISA_USAGE = YES_ERROR;
				CLANG_WARN_EMPTY_BODY = YES;
				CLANG_WARN_ENUM_CONVERSION = YES;
				CLANG_WARN_INT_CONVERSION = YES;
				CLANG_WARN_OBJC_ROOT_CLASS = YES_ERROR;
				CLANG_WARN_UNREACHABLE_CODE = YES;
				CLANG_WARN__DUPLICATE_METHOD_MATCH = YES;
				"CODE_SIGN_IDENTITY[sdk=iphoneos*]" = "iPhone Developer";
				COPY_PHASE_STRIP = NO;
				ENABLE_NS_ASSERTIONS = NO;
				ENABLE_STRICT_OBJC_MSGSEND = YES;
				GCC_C_LANGUAGE_STANDARD = gnu99;
				GCC_WARN_64_TO_32_BIT_CONVERSION = YES;
				GCC_WARN_ABOUT_RETURN_TYPE = YES_ERROR;
				GCC_WARN_UNDECLARED_SELECTOR = YES;
				GCC_WARN_UNINITIALIZED_AUTOS = YES_AGGRESSIVE;
				GCC_WARN_UNUSED_FUNCTION = YES;
				GCC_WARN_UNUSED_VARIABLE = YES;
				IPHONEOS_DEPLOYMENT_TARGET = 8.0;
				MTL_ENABLE_DEBUG_INFO = NO;
				SDKROOT = iphoneos;
				TARGETED_DEVICE_FAMILY = "1,2";
				VALIDATE_PRODUCT = YES;
			};
			name = Release;
		};
		C46B27EF1A7B037300328AF3 /* Debug */ = {
			isa = XCBuildConfiguration;
			buildSettings = {
				ASSETCATALOG_COMPILER_APPICON_NAME = AppIcon;
				FRAMEWORK_SEARCH_PATHS = "$(inherited)";
				INFOPLIST_FILE = EffectsProcessorDemo/Info.plist;
				LD_RUNPATH_SEARCH_PATHS = "$(inherited) @executable_path/Frameworks";
				LIBRARY_SEARCH_PATHS = "$(inherited)";
				OTHER_LDFLAGS = "-ObjC";
				PRODUCT_NAME = "$(TARGET_NAME)";
				USER_HEADER_SEARCH_PATHS = "../../../AudioKitV2.1/AudioKit/**";
			};
			name = Debug;
		};
		C46B27F01A7B037300328AF3 /* Release */ = {
			isa = XCBuildConfiguration;
			buildSettings = {
				ASSETCATALOG_COMPILER_APPICON_NAME = AppIcon;
				FRAMEWORK_SEARCH_PATHS = "$(inherited)";
				INFOPLIST_FILE = EffectsProcessorDemo/Info.plist;
				LD_RUNPATH_SEARCH_PATHS = "$(inherited) @executable_path/Frameworks";
				LIBRARY_SEARCH_PATHS = "$(inherited)";
				OTHER_LDFLAGS = "-ObjC";
				PRODUCT_NAME = "$(TARGET_NAME)";
				USER_HEADER_SEARCH_PATHS = "../../../AudioKitV2.1/AudioKit/**";
			};
			name = Release;
		};
/* End XCBuildConfiguration section */

/* Begin XCConfigurationList section */
		C46B27C61A7B037300328AF3 /* Build configuration list for PBXProject "EffectsProcessorDemo" */ = {
			isa = XCConfigurationList;
			buildConfigurations = (
				C46B27EC1A7B037300328AF3 /* Debug */,
				C46B27ED1A7B037300328AF3 /* Release */,
			);
			defaultConfigurationIsVisible = 0;
			defaultConfigurationName = Release;
		};
		C46B27EE1A7B037300328AF3 /* Build configuration list for PBXNativeTarget "EffectsProcessorDemo" */ = {
			isa = XCConfigurationList;
			buildConfigurations = (
				C46B27EF1A7B037300328AF3 /* Debug */,
				C46B27F01A7B037300328AF3 /* Release */,
			);
			defaultConfigurationIsVisible = 0;
			defaultConfigurationName = Release;
		};
/* End XCConfigurationList section */
	};
	rootObject = C46B27C31A7B037300328AF3 /* Project object */;
}
