// !$*UTF8*$!
{
	archiveVersion = 1;
	classes = {
	};
	objectVersion = 46;
	objects = {

/* Begin PBXBuildFile section */
		C4461A291994A37D0073E819 /* FMOscillator.m in Sources */ = {isa = PBXBuildFile; fileRef = C4461A281994A37D0073E819 /* FMOscillator.m */; };
		C47888871A1AADF100A80367 /* circle.png in Resources */ = {isa = PBXBuildFile; fileRef = C47888861A1AADF100A80367 /* circle.png */; };
		C48E4625199212FE00B3C1F8 /* InfoPlist.strings in Resources */ = {isa = PBXBuildFile; fileRef = C48E4623199212FE00B3C1F8 /* InfoPlist.strings */; };
		C48E4627199212FE00B3C1F8 /* main.m in Sources */ = {isa = PBXBuildFile; fileRef = C48E4626199212FE00B3C1F8 /* main.m */; };
		C48E462B199212FE00B3C1F8 /* AppDelegate.m in Sources */ = {isa = PBXBuildFile; fileRef = C48E462A199212FE00B3C1F8 /* AppDelegate.m */; };
		C48E4631199212FE00B3C1F8 /* Main.storyboard in Resources */ = {isa = PBXBuildFile; fileRef = C48E462F199212FE00B3C1F8 /* Main.storyboard */; };
		C48E4634199212FE00B3C1F8 /* ViewController.m in Sources */ = {isa = PBXBuildFile; fileRef = C48E4633199212FE00B3C1F8 /* ViewController.m */; };
		C48E4636199212FE00B3C1F8 /* Images.xcassets in Resources */ = {isa = PBXBuildFile; fileRef = C48E4635199212FE00B3C1F8 /* Images.xcassets */; };
		C48E4654199214E900B3C1F8 /* TouchView.m in Sources */ = {isa = PBXBuildFile; fileRef = C48E4653199214E900B3C1F8 /* TouchView.m */; };
		EA8CED831BA4145600DD53F6 /* libAudioKit iOS Static.a in Frameworks */ = {isa = PBXBuildFile; fileRef = EA8CED7C1BA4141F00DD53F6 /* libAudioKit iOS Static.a */; };
/* End PBXBuildFile section */

/* Begin PBXContainerItemProxy section */
		EA8CED7B1BA4141F00DD53F6 /* PBXContainerItemProxy */ = {
			isa = PBXContainerItemProxy;
			containerPortal = C4FAE4461AEA56E000FD71E2 /* AudioKit.xcodeproj */;
			proxyType = 2;
			remoteGlobalIDString = EA8E93D81AD3C5240057E979;
			remoteInfo = "AudioKit iOS Static";
		};
		EA8CED7D1BA4141F00DD53F6 /* PBXContainerItemProxy */ = {
			isa = PBXContainerItemProxy;
			containerPortal = C4FAE4461AEA56E000FD71E2 /* AudioKit.xcodeproj */;
			proxyType = 2;
			remoteGlobalIDString = EAA0F5941AE71C8F007CD7C9;
			remoteInfo = "AudioKit iOS Dynamic";
		};
		EA8CED7F1BA4141F00DD53F6 /* PBXContainerItemProxy */ = {
			isa = PBXContainerItemProxy;
			containerPortal = C4FAE4461AEA56E000FD71E2 /* AudioKit.xcodeproj */;
			proxyType = 2;
			remoteGlobalIDString = EA8E96591AD3C6FC0057E979;
			remoteInfo = "AudioKit OS X";
		};
		EA8CED811BA4145100DD53F6 /* PBXContainerItemProxy */ = {
			isa = PBXContainerItemProxy;
			containerPortal = C4FAE4461AEA56E000FD71E2 /* AudioKit.xcodeproj */;
			proxyType = 1;
			remoteGlobalIDString = EA8E93D71AD3C5240057E979;
			remoteInfo = "AudioKit iOS Static";
		};
/* End PBXContainerItemProxy section */

/* Begin PBXFileReference section */
		C4461A271994A37D0073E819 /* FMOscillator.h */ = {isa = PBXFileReference; fileEncoding = 4; lastKnownFileType = sourcecode.c.h; path = FMOscillator.h; sourceTree = "<group>"; };
		C4461A281994A37D0073E819 /* FMOscillator.m */ = {isa = PBXFileReference; fileEncoding = 4; lastKnownFileType = sourcecode.c.objc; path = FMOscillator.m; sourceTree = "<group>"; };
		C47888861A1AADF100A80367 /* circle.png */ = {isa = PBXFileReference; lastKnownFileType = image.png; path = circle.png; sourceTree = "<group>"; };
		C48E4617199212FD00B3C1F8 /* TouchRegions.app */ = {isa = PBXFileReference; explicitFileType = wrapper.application; includeInIndex = 0; path = TouchRegions.app; sourceTree = BUILT_PRODUCTS_DIR; };
		C48E4622199212FD00B3C1F8 /* TouchRegions-Info.plist */ = {isa = PBXFileReference; lastKnownFileType = text.plist.xml; path = "TouchRegions-Info.plist"; sourceTree = "<group>"; };
		C48E4624199212FE00B3C1F8 /* en */ = {isa = PBXFileReference; lastKnownFileType = text.plist.strings; name = en; path = en.lproj/InfoPlist.strings; sourceTree = "<group>"; };
		C48E4626199212FE00B3C1F8 /* main.m */ = {isa = PBXFileReference; lastKnownFileType = sourcecode.c.objc; path = main.m; sourceTree = "<group>"; };
		C48E4628199212FE00B3C1F8 /* TouchRegions-Prefix.pch */ = {isa = PBXFileReference; lastKnownFileType = sourcecode.c.h; path = "TouchRegions-Prefix.pch"; sourceTree = "<group>"; };
		C48E4629199212FE00B3C1F8 /* AppDelegate.h */ = {isa = PBXFileReference; lastKnownFileType = sourcecode.c.h; path = AppDelegate.h; sourceTree = "<group>"; };
		C48E462A199212FE00B3C1F8 /* AppDelegate.m */ = {isa = PBXFileReference; lastKnownFileType = sourcecode.c.objc; path = AppDelegate.m; sourceTree = "<group>"; };
		C48E4630199212FE00B3C1F8 /* Base */ = {isa = PBXFileReference; lastKnownFileType = file.storyboard; name = Base; path = Base.lproj/Main.storyboard; sourceTree = "<group>"; };
		C48E4632199212FE00B3C1F8 /* ViewController.h */ = {isa = PBXFileReference; lastKnownFileType = sourcecode.c.h; path = ViewController.h; sourceTree = "<group>"; };
		C48E4633199212FE00B3C1F8 /* ViewController.m */ = {isa = PBXFileReference; lastKnownFileType = sourcecode.c.objc; path = ViewController.m; sourceTree = "<group>"; };
		C48E4635199212FE00B3C1F8 /* Images.xcassets */ = {isa = PBXFileReference; lastKnownFileType = folder.assetcatalog; path = Images.xcassets; sourceTree = "<group>"; };
		C48E4652199214E900B3C1F8 /* TouchView.h */ = {isa = PBXFileReference; fileEncoding = 4; lastKnownFileType = sourcecode.c.h; path = TouchView.h; sourceTree = "<group>"; };
		C48E4653199214E900B3C1F8 /* TouchView.m */ = {isa = PBXFileReference; fileEncoding = 4; lastKnownFileType = sourcecode.c.objc; path = TouchView.m; sourceTree = "<group>"; };
		C4FAE4461AEA56E000FD71E2 /* AudioKit.xcodeproj */ = {isa = PBXFileReference; lastKnownFileType = "wrapper.pb-project"; name = AudioKit.xcodeproj; path = ../../../AudioKit/AudioKit.xcodeproj; sourceTree = "<group>"; };
/* End PBXFileReference section */

/* Begin PBXFrameworksBuildPhase section */
		C48E4614199212FD00B3C1F8 /* Frameworks */ = {
			isa = PBXFrameworksBuildPhase;
			buildActionMask = 2147483647;
			files = (
				EA8CED831BA4145600DD53F6 /* libAudioKit iOS Static.a in Frameworks */,
			);
			runOnlyForDeploymentPostprocessing = 0;
		};
/* End PBXFrameworksBuildPhase section */

/* Begin PBXGroup section */
		C48E460E199212FD00B3C1F8 = {
			isa = PBXGroup;
			children = (
				C4FAE4461AEA56E000FD71E2 /* AudioKit.xcodeproj */,
				C48E4620199212FD00B3C1F8 /* TouchRegions */,
				C48E4618199212FD00B3C1F8 /* Products */,
			);
			sourceTree = "<group>";
		};
		C48E4618199212FD00B3C1F8 /* Products */ = {
			isa = PBXGroup;
			children = (
				C48E4617199212FD00B3C1F8 /* TouchRegions.app */,
			);
			name = Products;
			sourceTree = "<group>";
		};
		C48E4620199212FD00B3C1F8 /* TouchRegions */ = {
			isa = PBXGroup;
			children = (
				C4461A271994A37D0073E819 /* FMOscillator.h */,
				C4461A281994A37D0073E819 /* FMOscillator.m */,
				C48E4629199212FE00B3C1F8 /* AppDelegate.h */,
				C48E462A199212FE00B3C1F8 /* AppDelegate.m */,
				C48E462F199212FE00B3C1F8 /* Main.storyboard */,
				C48E4652199214E900B3C1F8 /* TouchView.h */,
				C48E4653199214E900B3C1F8 /* TouchView.m */,
				C48E4632199212FE00B3C1F8 /* ViewController.h */,
				C48E4633199212FE00B3C1F8 /* ViewController.m */,
				C48E4635199212FE00B3C1F8 /* Images.xcassets */,
				C48E4621199212FD00B3C1F8 /* Supporting Files */,
			);
			path = TouchRegions;
			sourceTree = "<group>";
		};
		C48E4621199212FD00B3C1F8 /* Supporting Files */ = {
			isa = PBXGroup;
			children = (
				C47888861A1AADF100A80367 /* circle.png */,
				C48E4622199212FD00B3C1F8 /* TouchRegions-Info.plist */,
				C48E4623199212FE00B3C1F8 /* InfoPlist.strings */,
				C48E4626199212FE00B3C1F8 /* main.m */,
				C48E4628199212FE00B3C1F8 /* TouchRegions-Prefix.pch */,
			);
			name = "Supporting Files";
			sourceTree = "<group>";
		};
		EA8CED761BA4141F00DD53F6 /* Products */ = {
			isa = PBXGroup;
			children = (
				EA8CED7C1BA4141F00DD53F6 /* libAudioKit iOS Static.a */,
				EA8CED7E1BA4141F00DD53F6 /* libAudioKit iOS Dynamic.a */,
				EA8CED801BA4141F00DD53F6 /* libAudioKit OS X.a */,
			);
			name = Products;
			sourceTree = "<group>";
		};
/* End PBXGroup section */

/* Begin PBXNativeTarget section */
		C48E4616199212FD00B3C1F8 /* TouchRegions */ = {
			isa = PBXNativeTarget;
			buildConfigurationList = C48E464C199212FE00B3C1F8 /* Build configuration list for PBXNativeTarget "TouchRegions" */;
			buildPhases = (
				C48E4613199212FD00B3C1F8 /* Sources */,
				C48E4614199212FD00B3C1F8 /* Frameworks */,
				C48E4615199212FD00B3C1F8 /* Resources */,
			);
			buildRules = (
			);
			dependencies = (
				EA8CED821BA4145100DD53F6 /* PBXTargetDependency */,
			);
			name = TouchRegions;
			productName = TouchRegions;
			productReference = C48E4617199212FD00B3C1F8 /* TouchRegions.app */;
			productType = "com.apple.product-type.application";
		};
/* End PBXNativeTarget section */

/* Begin PBXProject section */
		C48E460F199212FD00B3C1F8 /* Project object */ = {
			isa = PBXProject;
			attributes = {
				LastUpgradeCheck = 0710;
				ORGANIZATIONNAME = AudioKit;
				TargetAttributes = {
					C48E4616199212FD00B3C1F8 = {
						DevelopmentTeam = T9KEX275FG;
					};
				};
			};
			buildConfigurationList = C48E4612199212FD00B3C1F8 /* Build configuration list for PBXProject "TouchRegions" */;
			compatibilityVersion = "Xcode 3.2";
			developmentRegion = English;
			hasScannedForEncodings = 0;
			knownRegions = (
				en,
				Base,
			);
			mainGroup = C48E460E199212FD00B3C1F8;
			productRefGroup = C48E4618199212FD00B3C1F8 /* Products */;
			projectDirPath = "";
			projectReferences = (
				{
					ProductGroup = EA8CED761BA4141F00DD53F6 /* Products */;
					ProjectRef = C4FAE4461AEA56E000FD71E2 /* AudioKit.xcodeproj */;
				},
			);
			projectRoot = "";
			targets = (
				C48E4616199212FD00B3C1F8 /* TouchRegions */,
			);
		};
/* End PBXProject section */

/* Begin PBXReferenceProxy section */
		EA8CED7C1BA4141F00DD53F6 /* libAudioKit iOS Static.a */ = {
			isa = PBXReferenceProxy;
			fileType = archive.ar;
			path = "libAudioKit iOS Static.a";
			remoteRef = EA8CED7B1BA4141F00DD53F6 /* PBXContainerItemProxy */;
			sourceTree = BUILT_PRODUCTS_DIR;
		};
		EA8CED7E1BA4141F00DD53F6 /* libAudioKit iOS Dynamic.a */ = {
			isa = PBXReferenceProxy;
			fileType = archive.ar;
			path = "libAudioKit iOS Dynamic.a";
			remoteRef = EA8CED7D1BA4141F00DD53F6 /* PBXContainerItemProxy */;
			sourceTree = BUILT_PRODUCTS_DIR;
		};
		EA8CED801BA4141F00DD53F6 /* libAudioKit OS X.a */ = {
			isa = PBXReferenceProxy;
			fileType = archive.ar;
			path = "libAudioKit OS X.a";
			remoteRef = EA8CED7F1BA4141F00DD53F6 /* PBXContainerItemProxy */;
			sourceTree = BUILT_PRODUCTS_DIR;
		};
/* End PBXReferenceProxy section */

/* Begin PBXResourcesBuildPhase section */
		C48E4615199212FD00B3C1F8 /* Resources */ = {
			isa = PBXResourcesBuildPhase;
			buildActionMask = 2147483647;
			files = (
				C48E4631199212FE00B3C1F8 /* Main.storyboard in Resources */,
				C47888871A1AADF100A80367 /* circle.png in Resources */,
				C48E4636199212FE00B3C1F8 /* Images.xcassets in Resources */,
				C48E4625199212FE00B3C1F8 /* InfoPlist.strings in Resources */,
			);
			runOnlyForDeploymentPostprocessing = 0;
		};
/* End PBXResourcesBuildPhase section */

/* Begin PBXSourcesBuildPhase section */
		C48E4613199212FD00B3C1F8 /* Sources */ = {
			isa = PBXSourcesBuildPhase;
			buildActionMask = 2147483647;
			files = (
				C4461A291994A37D0073E819 /* FMOscillator.m in Sources */,
				C48E4654199214E900B3C1F8 /* TouchView.m in Sources */,
				C48E4634199212FE00B3C1F8 /* ViewController.m in Sources */,
				C48E462B199212FE00B3C1F8 /* AppDelegate.m in Sources */,
				C48E4627199212FE00B3C1F8 /* main.m in Sources */,
			);
			runOnlyForDeploymentPostprocessing = 0;
		};
/* End PBXSourcesBuildPhase section */

/* Begin PBXTargetDependency section */
		EA8CED821BA4145100DD53F6 /* PBXTargetDependency */ = {
			isa = PBXTargetDependency;
			name = "AudioKit iOS Static";
			targetProxy = EA8CED811BA4145100DD53F6 /* PBXContainerItemProxy */;
		};
/* End PBXTargetDependency section */

/* Begin PBXVariantGroup section */
		C48E4623199212FE00B3C1F8 /* InfoPlist.strings */ = {
			isa = PBXVariantGroup;
			children = (
				C48E4624199212FE00B3C1F8 /* en */,
			);
			name = InfoPlist.strings;
			sourceTree = "<group>";
		};
		C48E462F199212FE00B3C1F8 /* Main.storyboard */ = {
			isa = PBXVariantGroup;
			children = (
				C48E4630199212FE00B3C1F8 /* Base */,
			);
			name = Main.storyboard;
			sourceTree = "<group>";
		};
/* End PBXVariantGroup section */

/* Begin XCBuildConfiguration section */
		C48E464A199212FE00B3C1F8 /* Debug */ = {
			isa = XCBuildConfiguration;
			buildSettings = {
				ALWAYS_SEARCH_USER_PATHS = NO;
				CLANG_CXX_LANGUAGE_STANDARD = "gnu++0x";
				CLANG_CXX_LIBRARY = "libc++";
				CLANG_ENABLE_MODULES = YES;
				CLANG_ENABLE_OBJC_ARC = YES;
				CLANG_WARN_BOOL_CONVERSION = YES;
				CLANG_WARN_CONSTANT_CONVERSION = YES;
				CLANG_WARN_DIRECT_OBJC_ISA_USAGE = YES_ERROR;
				CLANG_WARN_DOCUMENTATION_COMMENTS = YES;
				CLANG_WARN_EMPTY_BODY = YES;
				CLANG_WARN_ENUM_CONVERSION = YES;
				CLANG_WARN_INT_CONVERSION = YES;
				CLANG_WARN_OBJC_ROOT_CLASS = YES_ERROR;
				CLANG_WARN__DUPLICATE_METHOD_MATCH = YES;
				"CODE_SIGN_IDENTITY[sdk=iphoneos*]" = "iPhone Developer";
				COPY_PHASE_STRIP = NO;
				ENABLE_TESTABILITY = YES;
				GCC_C_LANGUAGE_STANDARD = gnu99;
				GCC_DYNAMIC_NO_PIC = NO;
				GCC_OPTIMIZATION_LEVEL = 0;
				GCC_PREPROCESSOR_DEFINITIONS = (
					"DEBUG=1",
					"$(inherited)",
				);
				GCC_SYMBOLS_PRIVATE_EXTERN = NO;
				GCC_WARN_64_TO_32_BIT_CONVERSION = YES;
				GCC_WARN_ABOUT_RETURN_TYPE = YES_ERROR;
				GCC_WARN_UNDECLARED_SELECTOR = YES;
				GCC_WARN_UNINITIALIZED_AUTOS = YES_AGGRESSIVE;
				GCC_WARN_UNUSED_FUNCTION = YES;
				GCC_WARN_UNUSED_VARIABLE = YES;
				IPHONEOS_DEPLOYMENT_TARGET = 7.1;
				ONLY_ACTIVE_ARCH = YES;
				SDKROOT = iphoneos;
				TARGETED_DEVICE_FAMILY = "1,2";
			};
			name = Debug;
		};
		C48E464B199212FE00B3C1F8 /* Release */ = {
			isa = XCBuildConfiguration;
			buildSettings = {
				ALWAYS_SEARCH_USER_PATHS = NO;
				CLANG_CXX_LANGUAGE_STANDARD = "gnu++0x";
				CLANG_CXX_LIBRARY = "libc++";
				CLANG_ENABLE_MODULES = YES;
				CLANG_ENABLE_OBJC_ARC = YES;
				CLANG_WARN_BOOL_CONVERSION = YES;
				CLANG_WARN_CONSTANT_CONVERSION = YES;
				CLANG_WARN_DIRECT_OBJC_ISA_USAGE = YES_ERROR;
				CLANG_WARN_DOCUMENTATION_COMMENTS = YES;
				CLANG_WARN_EMPTY_BODY = YES;
				CLANG_WARN_ENUM_CONVERSION = YES;
				CLANG_WARN_INT_CONVERSION = YES;
				CLANG_WARN_OBJC_ROOT_CLASS = YES_ERROR;
				CLANG_WARN__DUPLICATE_METHOD_MATCH = YES;
				"CODE_SIGN_IDENTITY[sdk=iphoneos*]" = "iPhone Developer";
				COPY_PHASE_STRIP = YES;
				ENABLE_NS_ASSERTIONS = NO;
				GCC_C_LANGUAGE_STANDARD = gnu99;
				GCC_WARN_64_TO_32_BIT_CONVERSION = YES;
				GCC_WARN_ABOUT_RETURN_TYPE = YES_ERROR;
				GCC_WARN_UNDECLARED_SELECTOR = YES;
				GCC_WARN_UNINITIALIZED_AUTOS = YES_AGGRESSIVE;
				GCC_WARN_UNUSED_FUNCTION = YES;
				GCC_WARN_UNUSED_VARIABLE = YES;
				IPHONEOS_DEPLOYMENT_TARGET = 7.1;
				SDKROOT = iphoneos;
				TARGETED_DEVICE_FAMILY = "1,2";
				VALIDATE_PRODUCT = YES;
			};
			name = Release;
		};
		C48E464D199212FE00B3C1F8 /* Debug */ = {
			isa = XCBuildConfiguration;
			buildSettings = {
				ASSETCATALOG_COMPILER_APPICON_NAME = AppIcon;
				ASSETCATALOG_COMPILER_LAUNCHIMAGE_NAME = LaunchImage;
				CODE_SIGN_IDENTITY = "iPhone Developer";
				"CODE_SIGN_IDENTITY[sdk=iphoneos*]" = "iPhone Developer";
				ENABLE_BITCODE = NO;
				FRAMEWORK_SEARCH_PATHS = "$(inherited)";
				GCC_PRECOMPILE_PREFIX_HEADER = YES;
				GCC_PREFIX_HEADER = "TouchRegions/TouchRegions-Prefix.pch";
				INFOPLIST_FILE = "TouchRegions/TouchRegions-Info.plist";
				IPHONEOS_DEPLOYMENT_TARGET = 8.1;
				LIBRARY_SEARCH_PATHS = "$(inherited)";
				OTHER_LDFLAGS = "-ObjC";
				PRODUCT_BUNDLE_IDENTIFIER = "io.audiokit.${PRODUCT_NAME:rfc1034identifier}";
				PRODUCT_NAME = "$(TARGET_NAME)";
				PROVISIONING_PROFILE = "";
				USER_HEADER_SEARCH_PATHS = "../../../AudioKit/AudioKit/**";
				WRAPPER_EXTENSION = app;
			};
			name = Debug;
		};
		C48E464E199212FE00B3C1F8 /* Release */ = {
			isa = XCBuildConfiguration;
			buildSettings = {
				ASSETCATALOG_COMPILER_APPICON_NAME = AppIcon;
				ASSETCATALOG_COMPILER_LAUNCHIMAGE_NAME = LaunchImage;
				CODE_SIGN_IDENTITY = "iPhone Developer";
				"CODE_SIGN_IDENTITY[sdk=iphoneos*]" = "iPhone Developer";
				ENABLE_BITCODE = NO;
				FRAMEWORK_SEARCH_PATHS = "$(inherited)";
				GCC_PRECOMPILE_PREFIX_HEADER = YES;
				GCC_PREFIX_HEADER = "TouchRegions/TouchRegions-Prefix.pch";
				INFOPLIST_FILE = "TouchRegions/TouchRegions-Info.plist";
				IPHONEOS_DEPLOYMENT_TARGET = 8.1;
				LIBRARY_SEARCH_PATHS = "$(inherited)";
				OTHER_LDFLAGS = "-ObjC";
				PRODUCT_BUNDLE_IDENTIFIER = "io.audiokit.${PRODUCT_NAME:rfc1034identifier}";
				PRODUCT_NAME = "$(TARGET_NAME)";
				PROVISIONING_PROFILE = "";
				USER_HEADER_SEARCH_PATHS = "../../../AudioKit/AudioKit/**";
				WRAPPER_EXTENSION = app;
			};
			name = Release;
		};
/* End XCBuildConfiguration section */

/* Begin XCConfigurationList section */
		C48E4612199212FD00B3C1F8 /* Build configuration list for PBXProject "TouchRegions" */ = {
			isa = XCConfigurationList;
			buildConfigurations = (
				C48E464A199212FE00B3C1F8 /* Debug */,
				C48E464B199212FE00B3C1F8 /* Release */,
			);
			defaultConfigurationIsVisible = 0;
			defaultConfigurationName = Release;
		};
		C48E464C199212FE00B3C1F8 /* Build configuration list for PBXNativeTarget "TouchRegions" */ = {
			isa = XCConfigurationList;
			buildConfigurations = (
				C48E464D199212FE00B3C1F8 /* Debug */,
				C48E464E199212FE00B3C1F8 /* Release */,
			);
			defaultConfigurationIsVisible = 0;
			defaultConfigurationName = Release;
		};
/* End XCConfigurationList section */
	};
	rootObject = C48E460F199212FD00B3C1F8 /* Project object */;
}
