// !$*UTF8*$!
{
	archiveVersion = 1;
	classes = {
	};
	objectVersion = 46;
	objects = {

/* Begin PBXBuildFile section */
		94B956841B0A8E33005CD8AC /* AppDelegate.swift in Sources */ = {isa = PBXBuildFile; fileRef = 94B956831B0A8E33005CD8AC /* AppDelegate.swift */; };
		94B956861B0A8E33005CD8AC /* ViewController.swift in Sources */ = {isa = PBXBuildFile; fileRef = 94B956851B0A8E33005CD8AC /* ViewController.swift */; };
		94B956891B0A8E33005CD8AC /* Main.storyboard in Resources */ = {isa = PBXBuildFile; fileRef = 94B956871B0A8E33005CD8AC /* Main.storyboard */; };
		94B9568B1B0A8E33005CD8AC /* Images.xcassets in Resources */ = {isa = PBXBuildFile; fileRef = 94B9568A1B0A8E33005CD8AC /* Images.xcassets */; };
		94B9568E1B0A8E33005CD8AC /* LaunchScreen.xib in Resources */ = {isa = PBXBuildFile; fileRef = 94B9568C1B0A8E33005CD8AC /* LaunchScreen.xib */; };
		94B956BE1B0A9346005CD8AC /* TouchView.swift in Sources */ = {isa = PBXBuildFile; fileRef = 94B956BD1B0A9346005CD8AC /* TouchView.swift */; };
		94B956C01B0A95E6005CD8AC /* circle.png in Resources */ = {isa = PBXBuildFile; fileRef = 94B956BF1B0A95E6005CD8AC /* circle.png */; };
		C4BD21801C140BB600CC1615 /* AudioKit.framework in Frameworks */ = {isa = PBXBuildFile; fileRef = C4BD217D1C140B6500CC1615 /* AudioKit.framework */; };
/* End PBXBuildFile section */

/* Begin PBXContainerItemProxy section */
		C4BD217C1C140B6500CC1615 /* PBXContainerItemProxy */ = {
			isa = PBXContainerItemProxy;
			containerPortal = C4BD21771C140B6400CC1615 /* AudioKit For iOS.xcodeproj */;
			proxyType = 2;
			remoteGlobalIDString = C42F35001C057E03000E937C;
			remoteInfo = AudioKit;
		};
		C4BD217E1C140B6500CC1615 /* PBXContainerItemProxy */ = {
			isa = PBXContainerItemProxy;
			containerPortal = C4BD21771C140B6400CC1615 /* AudioKit For iOS.xcodeproj */;
			proxyType = 2;
			remoteGlobalIDString = C43792781C0CE2E0001E9160;
			remoteInfo = AudioKitTests;
		};
/* End PBXContainerItemProxy section */

/* Begin PBXFileReference section */
		94B9567E1B0A8E33005CD8AC /* TouchRegions.app */ = {isa = PBXFileReference; explicitFileType = wrapper.application; includeInIndex = 0; path = TouchRegions.app; sourceTree = BUILT_PRODUCTS_DIR; };
		94B956821B0A8E33005CD8AC /* Info.plist */ = {isa = PBXFileReference; lastKnownFileType = text.plist.xml; path = Info.plist; sourceTree = "<group>"; };
		94B956831B0A8E33005CD8AC /* AppDelegate.swift */ = {isa = PBXFileReference; lastKnownFileType = sourcecode.swift; path = AppDelegate.swift; sourceTree = "<group>"; };
		94B956851B0A8E33005CD8AC /* ViewController.swift */ = {isa = PBXFileReference; lastKnownFileType = sourcecode.swift; path = ViewController.swift; sourceTree = "<group>"; };
		94B956881B0A8E33005CD8AC /* Base */ = {isa = PBXFileReference; lastKnownFileType = file.storyboard; name = Base; path = Base.lproj/Main.storyboard; sourceTree = "<group>"; };
		94B9568A1B0A8E33005CD8AC /* Images.xcassets */ = {isa = PBXFileReference; lastKnownFileType = folder.assetcatalog; path = Images.xcassets; sourceTree = "<group>"; };
		94B9568D1B0A8E33005CD8AC /* Base */ = {isa = PBXFileReference; lastKnownFileType = file.xib; name = Base; path = Base.lproj/LaunchScreen.xib; sourceTree = "<group>"; };
		94B956BD1B0A9346005CD8AC /* TouchView.swift */ = {isa = PBXFileReference; fileEncoding = 4; lastKnownFileType = sourcecode.swift; path = TouchView.swift; sourceTree = "<group>"; };
		94B956BF1B0A95E6005CD8AC /* circle.png */ = {isa = PBXFileReference; lastKnownFileType = image.png; path = circle.png; sourceTree = "<group>"; };
		C4BD21771C140B6400CC1615 /* AudioKit For iOS.xcodeproj */ = {isa = PBXFileReference; lastKnownFileType = "wrapper.pb-project"; name = "AudioKit For iOS.xcodeproj"; path = "../../../AudioKitAU/AudioKit/iOS/AudioKit For iOS.xcodeproj"; sourceTree = "<group>"; };
/* End PBXFileReference section */

/* Begin PBXFrameworksBuildPhase section */
		94B9567B1B0A8E33005CD8AC /* Frameworks */ = {
			isa = PBXFrameworksBuildPhase;
			buildActionMask = 2147483647;
			files = (
				C4BD21801C140BB600CC1615 /* AudioKit.framework in Frameworks */,
			);
			runOnlyForDeploymentPostprocessing = 0;
		};
/* End PBXFrameworksBuildPhase section */

/* Begin PBXGroup section */
		94B956751B0A8E33005CD8AC = {
			isa = PBXGroup;
			children = (
				C4BD21771C140B6400CC1615 /* AudioKit For iOS.xcodeproj */,
				94B956801B0A8E33005CD8AC /* TouchRegions */,
				94B9567F1B0A8E33005CD8AC /* Products */,
			);
			sourceTree = "<group>";
		};
		94B9567F1B0A8E33005CD8AC /* Products */ = {
			isa = PBXGroup;
			children = (
				94B9567E1B0A8E33005CD8AC /* TouchRegions.app */,
			);
			name = Products;
			sourceTree = "<group>";
		};
		94B956801B0A8E33005CD8AC /* TouchRegions */ = {
			isa = PBXGroup;
			children = (
				94B956831B0A8E33005CD8AC /* AppDelegate.swift */,
				94B956851B0A8E33005CD8AC /* ViewController.swift */,
				94B956BD1B0A9346005CD8AC /* TouchView.swift */,
				94B956871B0A8E33005CD8AC /* Main.storyboard */,
				94B9568A1B0A8E33005CD8AC /* Images.xcassets */,
				94B9568C1B0A8E33005CD8AC /* LaunchScreen.xib */,
				94B956811B0A8E33005CD8AC /* Supporting Files */,
			);
			path = TouchRegions;
			sourceTree = "<group>";
		};
		94B956811B0A8E33005CD8AC /* Supporting Files */ = {
			isa = PBXGroup;
			children = (
				94B956BF1B0A95E6005CD8AC /* circle.png */,
				94B956821B0A8E33005CD8AC /* Info.plist */,
			);
			name = "Supporting Files";
			sourceTree = "<group>";
		};
		C4BD21781C140B6400CC1615 /* Products */ = {
			isa = PBXGroup;
			children = (
				C4BD217D1C140B6500CC1615 /* AudioKit.framework */,
				C4BD217F1C140B6500CC1615 /* AudioKitTests.xctest */,
			);
			name = Products;
			sourceTree = "<group>";
		};
/* End PBXGroup section */

/* Begin PBXNativeTarget section */
		94B9567D1B0A8E33005CD8AC /* TouchRegions */ = {
			isa = PBXNativeTarget;
			buildConfigurationList = 94B9569D1B0A8E33005CD8AC /* Build configuration list for PBXNativeTarget "TouchRegions" */;
			buildPhases = (
				94B9567A1B0A8E33005CD8AC /* Sources */,
				94B9567B1B0A8E33005CD8AC /* Frameworks */,
				94B9567C1B0A8E33005CD8AC /* Resources */,
			);
			buildRules = (
			);
			dependencies = (
			);
			name = TouchRegions;
			productName = TouchRegions;
			productReference = 94B9567E1B0A8E33005CD8AC /* TouchRegions.app */;
			productType = "com.apple.product-type.application";
		};
/* End PBXNativeTarget section */

/* Begin PBXProject section */
		94B956761B0A8E33005CD8AC /* Project object */ = {
			isa = PBXProject;
			attributes = {
				LastSwiftUpdateCheck = 0710;
				LastUpgradeCheck = 0710;
				ORGANIZATIONNAME = audiokit.io;
				TargetAttributes = {
					94B9567D1B0A8E33005CD8AC = {
						CreatedOnToolsVersion = 6.3.1;
					};
				};
			};
			buildConfigurationList = 94B956791B0A8E33005CD8AC /* Build configuration list for PBXProject "TouchRegions" */;
			compatibilityVersion = "Xcode 3.2";
			developmentRegion = English;
			hasScannedForEncodings = 0;
			knownRegions = (
				en,
				Base,
			);
			mainGroup = 94B956751B0A8E33005CD8AC;
			productRefGroup = 94B9567F1B0A8E33005CD8AC /* Products */;
			projectDirPath = "";
			projectReferences = (
				{
					ProductGroup = C4BD21781C140B6400CC1615 /* Products */;
					ProjectRef = C4BD21771C140B6400CC1615 /* AudioKit For iOS.xcodeproj */;
				},
			);
			projectRoot = "";
			targets = (
				94B9567D1B0A8E33005CD8AC /* TouchRegions */,
			);
		};
/* End PBXProject section */

/* Begin PBXReferenceProxy section */
		C4BD217D1C140B6500CC1615 /* AudioKit.framework */ = {
			isa = PBXReferenceProxy;
			fileType = wrapper.framework;
			path = AudioKit.framework;
			remoteRef = C4BD217C1C140B6500CC1615 /* PBXContainerItemProxy */;
			sourceTree = BUILT_PRODUCTS_DIR;
		};
		C4BD217F1C140B6500CC1615 /* AudioKitTests.xctest */ = {
			isa = PBXReferenceProxy;
			fileType = wrapper.cfbundle;
			path = AudioKitTests.xctest;
			remoteRef = C4BD217E1C140B6500CC1615 /* PBXContainerItemProxy */;
			sourceTree = BUILT_PRODUCTS_DIR;
		};
/* End PBXReferenceProxy section */

/* Begin PBXResourcesBuildPhase section */
		94B9567C1B0A8E33005CD8AC /* Resources */ = {
			isa = PBXResourcesBuildPhase;
			buildActionMask = 2147483647;
			files = (
				94B956891B0A8E33005CD8AC /* Main.storyboard in Resources */,
				94B9568E1B0A8E33005CD8AC /* LaunchScreen.xib in Resources */,
				94B9568B1B0A8E33005CD8AC /* Images.xcassets in Resources */,
				94B956C01B0A95E6005CD8AC /* circle.png in Resources */,
			);
			runOnlyForDeploymentPostprocessing = 0;
		};
/* End PBXResourcesBuildPhase section */

/* Begin PBXSourcesBuildPhase section */
		94B9567A1B0A8E33005CD8AC /* Sources */ = {
			isa = PBXSourcesBuildPhase;
			buildActionMask = 2147483647;
			files = (
				94B956BE1B0A9346005CD8AC /* TouchView.swift in Sources */,
				94B956861B0A8E33005CD8AC /* ViewController.swift in Sources */,
				94B956841B0A8E33005CD8AC /* AppDelegate.swift in Sources */,
			);
			runOnlyForDeploymentPostprocessing = 0;
		};
/* End PBXSourcesBuildPhase section */

/* Begin PBXVariantGroup section */
		94B956871B0A8E33005CD8AC /* Main.storyboard */ = {
			isa = PBXVariantGroup;
			children = (
				94B956881B0A8E33005CD8AC /* Base */,
			);
			name = Main.storyboard;
			sourceTree = "<group>";
		};
		94B9568C1B0A8E33005CD8AC /* LaunchScreen.xib */ = {
			isa = PBXVariantGroup;
			children = (
				94B9568D1B0A8E33005CD8AC /* Base */,
			);
			name = LaunchScreen.xib;
			sourceTree = "<group>";
		};
/* End PBXVariantGroup section */

/* Begin XCBuildConfiguration section */
		94B9569B1B0A8E33005CD8AC /* Debug */ = {
			isa = XCBuildConfiguration;
			buildSettings = {
				ALWAYS_SEARCH_USER_PATHS = NO;
				CLANG_CXX_LANGUAGE_STANDARD = "gnu++0x";
				CLANG_CXX_LIBRARY = "libc++";
				CLANG_ENABLE_MODULES = YES;
				CLANG_ENABLE_OBJC_ARC = YES;
				CLANG_WARN_BOOL_CONVERSION = YES;
				CLANG_WARN_CONSTANT_CONVERSION = YES;
				CLANG_WARN_DIRECT_OBJC_ISA_USAGE = YES_ERROR;
				CLANG_WARN_EMPTY_BODY = YES;
				CLANG_WARN_ENUM_CONVERSION = YES;
				CLANG_WARN_INT_CONVERSION = YES;
				CLANG_WARN_OBJC_ROOT_CLASS = YES_ERROR;
				CLANG_WARN_UNREACHABLE_CODE = YES;
				CLANG_WARN__DUPLICATE_METHOD_MATCH = YES;
				"CODE_SIGN_IDENTITY[sdk=iphoneos*]" = "iPhone Developer";
				COPY_PHASE_STRIP = NO;
				DEBUG_INFORMATION_FORMAT = "dwarf-with-dsym";
				ENABLE_STRICT_OBJC_MSGSEND = YES;
				ENABLE_TESTABILITY = YES;
				GCC_C_LANGUAGE_STANDARD = gnu99;
				GCC_DYNAMIC_NO_PIC = NO;
				GCC_NO_COMMON_BLOCKS = YES;
				GCC_OPTIMIZATION_LEVEL = 0;
				GCC_PREPROCESSOR_DEFINITIONS = (
					"DEBUG=1",
					"$(inherited)",
				);
				GCC_SYMBOLS_PRIVATE_EXTERN = NO;
				GCC_WARN_64_TO_32_BIT_CONVERSION = YES;
				GCC_WARN_ABOUT_RETURN_TYPE = YES_ERROR;
				GCC_WARN_UNDECLARED_SELECTOR = YES;
				GCC_WARN_UNINITIALIZED_AUTOS = YES_AGGRESSIVE;
				GCC_WARN_UNUSED_FUNCTION = YES;
				GCC_WARN_UNUSED_VARIABLE = YES;
				IPHONEOS_DEPLOYMENT_TARGET = 9.2;
				MTL_ENABLE_DEBUG_INFO = YES;
				ONLY_ACTIVE_ARCH = YES;
				SDKROOT = iphoneos;
				SWIFT_OPTIMIZATION_LEVEL = "-Onone";
				TARGETED_DEVICE_FAMILY = "1,2";
			};
			name = Debug;
		};
		94B9569C1B0A8E33005CD8AC /* Release */ = {
			isa = XCBuildConfiguration;
			buildSettings = {
				ALWAYS_SEARCH_USER_PATHS = NO;
				CLANG_CXX_LANGUAGE_STANDARD = "gnu++0x";
				CLANG_CXX_LIBRARY = "libc++";
				CLANG_ENABLE_MODULES = YES;
				CLANG_ENABLE_OBJC_ARC = YES;
				CLANG_WARN_BOOL_CONVERSION = YES;
				CLANG_WARN_CONSTANT_CONVERSION = YES;
				CLANG_WARN_DIRECT_OBJC_ISA_USAGE = YES_ERROR;
				CLANG_WARN_EMPTY_BODY = YES;
				CLANG_WARN_ENUM_CONVERSION = YES;
				CLANG_WARN_INT_CONVERSION = YES;
				CLANG_WARN_OBJC_ROOT_CLASS = YES_ERROR;
				CLANG_WARN_UNREACHABLE_CODE = YES;
				CLANG_WARN__DUPLICATE_METHOD_MATCH = YES;
				"CODE_SIGN_IDENTITY[sdk=iphoneos*]" = "iPhone Developer";
				COPY_PHASE_STRIP = NO;
				DEBUG_INFORMATION_FORMAT = "dwarf-with-dsym";
				ENABLE_NS_ASSERTIONS = NO;
				ENABLE_STRICT_OBJC_MSGSEND = YES;
				GCC_C_LANGUAGE_STANDARD = gnu99;
				GCC_NO_COMMON_BLOCKS = YES;
				GCC_WARN_64_TO_32_BIT_CONVERSION = YES;
				GCC_WARN_ABOUT_RETURN_TYPE = YES_ERROR;
				GCC_WARN_UNDECLARED_SELECTOR = YES;
				GCC_WARN_UNINITIALIZED_AUTOS = YES_AGGRESSIVE;
				GCC_WARN_UNUSED_FUNCTION = YES;
				GCC_WARN_UNUSED_VARIABLE = YES;
				IPHONEOS_DEPLOYMENT_TARGET = 9.2;
				MTL_ENABLE_DEBUG_INFO = NO;
				SDKROOT = iphoneos;
				TARGETED_DEVICE_FAMILY = "1,2";
				VALIDATE_PRODUCT = YES;
			};
			name = Release;
		};
		94B9569E1B0A8E33005CD8AC /* Debug */ = {
			isa = XCBuildConfiguration;
			buildSettings = {
				ASSETCATALOG_COMPILER_APPICON_NAME = AppIcon;
				CLANG_ENABLE_MODULES = YES;
				ENABLE_BITCODE = NO;
				INFOPLIST_FILE = TouchRegions/Info.plist;
				LD_RUNPATH_SEARCH_PATHS = "$(inherited) @executable_path/Frameworks";
				OTHER_LDFLAGS = "-ObjC";
				PRODUCT_BUNDLE_IDENTIFIER = "io.audiokit.$(PRODUCT_NAME:rfc1034identifier)";
				PRODUCT_NAME = "$(TARGET_NAME)";
				SWIFT_OBJC_BRIDGING_HEADER = "";
				SWIFT_OPTIMIZATION_LEVEL = "-Onone";
				TARGETED_DEVICE_FAMILY = "1,2";
				USER_HEADER_SEARCH_PATHS = "../../../AudioKit/AudioKit/**";
			};
			name = Debug;
		};
		94B9569F1B0A8E33005CD8AC /* Release */ = {
			isa = XCBuildConfiguration;
			buildSettings = {
				ASSETCATALOG_COMPILER_APPICON_NAME = AppIcon;
				CLANG_ENABLE_MODULES = YES;
				ENABLE_BITCODE = NO;
				INFOPLIST_FILE = TouchRegions/Info.plist;
				LD_RUNPATH_SEARCH_PATHS = "$(inherited) @executable_path/Frameworks";
				OTHER_LDFLAGS = "-ObjC";
				PRODUCT_BUNDLE_IDENTIFIER = "io.audiokit.$(PRODUCT_NAME:rfc1034identifier)";
				PRODUCT_NAME = "$(TARGET_NAME)";
				SWIFT_OBJC_BRIDGING_HEADER = "";
				TARGETED_DEVICE_FAMILY = "1,2";
				USER_HEADER_SEARCH_PATHS = "../../../AudioKit/AudioKit/**";
			};
			name = Release;
		};
/* End XCBuildConfiguration section */

/* Begin XCConfigurationList section */
		94B956791B0A8E33005CD8AC /* Build configuration list for PBXProject "TouchRegions" */ = {
			isa = XCConfigurationList;
			buildConfigurations = (
				94B9569B1B0A8E33005CD8AC /* Debug */,
				94B9569C1B0A8E33005CD8AC /* Release */,
			);
			defaultConfigurationIsVisible = 0;
			defaultConfigurationName = Release;
		};
		94B9569D1B0A8E33005CD8AC /* Build configuration list for PBXNativeTarget "TouchRegions" */ = {
			isa = XCConfigurationList;
			buildConfigurations = (
				94B9569E1B0A8E33005CD8AC /* Debug */,
				94B9569F1B0A8E33005CD8AC /* Release */,
			);
			defaultConfigurationIsVisible = 0;
			defaultConfigurationName = Release;
		};
/* End XCConfigurationList section */
	};
	rootObject = 94B956761B0A8E33005CD8AC /* Project object */;
}
